
Microsoft Visual Studio Solution File, Format Version 11.00
# Visual Studio 2010
Project("{FAE04EC0-301F-11D3-BF4B-00C04F79EFBC}") = "SrkToolkit.Wp7Presentation", "SrkToolkit.Wp7Presentation\SrkToolkit.Wp7Presentation.csproj", "{DE760EB5-95B4-4E56-89FB-48A38DDDC80A}"
EndProject
Project("{FAE04EC0-301F-11D3-BF4B-00C04F79EFBC}") = "SrkToolkit.Wp7Base", "SrkToolkit.Wp7Base\SrkToolkit.Wp7Base.csproj", "{21ED47C1-2466-4095-BE0B-BF8B8CB51D27}"
EndProject
Project("{2150E333-8FDC-42A3-9474-1A3956D46DE8}") = "Windows Phone 7", "Windows Phone 7", "{D6B06B88-8371-4360-B47E-8A772B92323A}"
EndProject
Project("{2150E333-8FDC-42A3-9474-1A3956D46DE8}") = "Silverlight 4", "Silverlight 4", "{8D133D19-20AB-4E33-93D1-F91F18011299}"
EndProject
Project("{2150E333-8FDC-42A3-9474-1A3956D46DE8}") = ".NET", ".NET", "{866B4EE7-5350-4FBC-8955-5DAE16A89EF6}"
EndProject
Project("{FAE04EC0-301F-11D3-BF4B-00C04F79EFBC}") = "SrkToolkit.Sl4Base", "SrkToolkit.Sl4Base\SrkToolkit.Sl4Base.csproj", "{439DCB51-6738-44C4-8EE6-A3032A8D8E67}"
EndProject
Project("{FAE04EC0-301F-11D3-BF4B-00C04F79EFBC}") = "SrkToolkit.Base", "SrkToolkit.Base\SrkToolkit.Base.csproj", "{D3FED2E6-C159-4C51-AF90-CF15FAFA5334}"
EndProject
Project("{FAE04EC0-301F-11D3-BF4B-00C04F79EFBC}") = "SrkToolkit.WildServiceRef", "SrkToolkit.WildServiceRef\SrkToolkit.WildServiceRef.csproj", "{00CE188C-0F29-4AA4-A567-55B2E537D3F5}"
EndProject
Project("{FAE04EC0-301F-11D3-BF4B-00C04F79EFBC}") = "SrkToolkitSL.ServiceWrapper", "SrkToolkitSL.ServiceWrapper\SrkToolkitSL.ServiceWrapper.csproj", "{AF50141F-2A11-408E-8847-3DB62FC4E502}"
EndProject
Project("{FAE04EC0-301F-11D3-BF4B-00C04F79EFBC}") = "SrkToolkit.WildServiceRef.CodeGeneration", "SrkToolkit.WildServiceRef.CodeGeneration\SrkToolkit.WildServiceRef.CodeGeneration.csproj", "{3AF5844E-EB56-4B2F-9679-C6276C0D2869}"
EndProject
Global
	GlobalSection(SolutionConfigurationPlatforms) = preSolution
		Debug|Any CPU = Debug|Any CPU
		Release|Any CPU = Release|Any CPU
	EndGlobalSection
	GlobalSection(ProjectConfigurationPlatforms) = postSolution
		{DE760EB5-95B4-4E56-89FB-48A38DDDC80A}.Debug|Any CPU.ActiveCfg = Debug|Any CPU
		{DE760EB5-95B4-4E56-89FB-48A38DDDC80A}.Debug|Any CPU.Build.0 = Debug|Any CPU
		{DE760EB5-95B4-4E56-89FB-48A38DDDC80A}.Release|Any CPU.ActiveCfg = Release|Any CPU
		{DE760EB5-95B4-4E56-89FB-48A38DDDC80A}.Release|Any CPU.Build.0 = Release|Any CPU
		{21ED47C1-2466-4095-BE0B-BF8B8CB51D27}.Debug|Any CPU.ActiveCfg = Debug|Any CPU
		{21ED47C1-2466-4095-BE0B-BF8B8CB51D27}.Debug|Any CPU.Build.0 = Debug|Any CPU
		{21ED47C1-2466-4095-BE0B-BF8B8CB51D27}.Release|Any CPU.ActiveCfg = Release|Any CPU
		{21ED47C1-2466-4095-BE0B-BF8B8CB51D27}.Release|Any CPU.Build.0 = Release|Any CPU
		{439DCB51-6738-44C4-8EE6-A3032A8D8E67}.Debug|Any CPU.ActiveCfg = Debug|Any CPU
		{439DCB51-6738-44C4-8EE6-A3032A8D8E67}.Debug|Any CPU.Build.0 = Debug|Any CPU
		{439DCB51-6738-44C4-8EE6-A3032A8D8E67}.Release|Any CPU.ActiveCfg = Release|Any CPU
		{439DCB51-6738-44C4-8EE6-A3032A8D8E67}.Release|Any CPU.Build.0 = Release|Any CPU
		{D3FED2E6-C159-4C51-AF90-CF15FAFA5334}.Debug|Any CPU.ActiveCfg = Debug|Any CPU
		{D3FED2E6-C159-4C51-AF90-CF15FAFA5334}.Debug|Any CPU.Build.0 = Debug|Any CPU
		{D3FED2E6-C159-4C51-AF90-CF15FAFA5334}.Release|Any CPU.ActiveCfg = Release|Any CPU
		{D3FED2E6-C159-4C51-AF90-CF15FAFA5334}.Release|Any CPU.Build.0 = Release|Any CPU
		{00CE188C-0F29-4AA4-A567-55B2E537D3F5}.Debug|Any CPU.ActiveCfg = Debug|Any CPU
		{00CE188C-0F29-4AA4-A567-55B2E537D3F5}.Debug|Any CPU.Build.0 = Debug|Any CPU
		{00CE188C-0F29-4AA4-A567-55B2E537D3F5}.Release|Any CPU.ActiveCfg = Release|Any CPU
		{00CE188C-0F29-4AA4-A567-55B2E537D3F5}.Release|Any CPU.Build.0 = Release|Any CPU
		{AF50141F-2A11-408E-8847-3DB62FC4E502}.Debug|Any CPU.ActiveCfg = Debug|Any CPU
		{AF50141F-2A11-408E-8847-3DB62FC4E502}.Debug|Any CPU.Build.0 = Debug|Any CPU
		{AF50141F-2A11-408E-8847-3DB62FC4E502}.Release|Any CPU.ActiveCfg = Release|Any CPU
		{AF50141F-2A11-408E-8847-3DB62FC4E502}.Release|Any CPU.Build.0 = Release|Any CPU
		{3AF5844E-EB56-4B2F-9679-C6276C0D2869}.Debug|Any CPU.ActiveCfg = Debug|Any CPU
		{3AF5844E-EB56-4B2F-9679-C6276C0D2869}.Debug|Any CPU.Build.0 = Debug|Any CPU
		{3AF5844E-EB56-4B2F-9679-C6276C0D2869}.Release|Any CPU.ActiveCfg = Release|Any CPU
		{3AF5844E-EB56-4B2F-9679-C6276C0D2869}.Release|Any CPU.Build.0 = Release|Any CPU
	EndGlobalSection
	GlobalSection(SolutionProperties) = preSolution
		HideSolutionNode = FALSE
	EndGlobalSection
	GlobalSection(NestedProjects) = preSolution
		{21ED47C1-2466-4095-BE0B-BF8B8CB51D27} = {D6B06B88-8371-4360-B47E-8A772B92323A}
		{DE760EB5-95B4-4E56-89FB-48A38DDDC80A} = {D6B06B88-8371-4360-B47E-8A772B92323A}
		{439DCB51-6738-44C4-8EE6-A3032A8D8E67} = {8D133D19-20AB-4E33-93D1-F91F18011299}
		{AF50141F-2A11-408E-8847-3DB62FC4E502} = {8D133D19-20AB-4E33-93D1-F91F18011299}
		{D3FED2E6-C159-4C51-AF90-CF15FAFA5334} = {866B4EE7-5350-4FBC-8955-5DAE16A89EF6}
		{00CE188C-0F29-4AA4-A567-55B2E537D3F5} = {866B4EE7-5350-4FBC-8955-5DAE16A89EF6}
		{3AF5844E-EB56-4B2F-9679-C6276C0D2869} = {866B4EE7-5350-4FBC-8955-5DAE16A89EF6}
	EndGlobalSection
EndGlobal
