
Microsoft Visual Studio Solution File, Format Version 11.00
# Visual Studio 2010
Project("{FAE04EC0-301F-11D3-BF4B-00C04F79EFBC}") = "WP7.SrkToolkit.Mvvm", "WP7.SrkToolkit.Mvvm\WP7.SrkToolkit.Mvvm.csproj", "{DE760EB5-95B4-4E56-89FB-48A38DDDC80A}"
EndProject
Project("{2150E333-8FDC-42A3-9474-1A3956D46DE8}") = "10 MVVM Stuff", "10 MVVM Stuff", "{D6B06B88-8371-4360-B47E-8A772B92323A}"
EndProject
Project("{FAE04EC0-301F-11D3-BF4B-00C04F79EFBC}") = "WPF4.SrkToolkit.Mvvm", "WPF4.SrkToolkit.Mvvm\WPF4.SrkToolkit.Mvvm.csproj", "{A842E52E-4001-4BD8-BDCD-C95630D984D4}"
EndProject
Project("{FAE04EC0-301F-11D3-BF4B-00C04F79EFBC}") = "SL4.SrkToolkit.Mvvm", "SL4.SrkToolkit.Mvvm\SL4.SrkToolkit.Mvvm.csproj", "{09CD285E-A097-4C38-8598-5A9BE0557030}"
EndProject
Project("{2150E333-8FDC-42A3-9474-1A3956D46DE8}") = "20 XAML", "20 XAML", "{A3324369-1E2D-495C-8E96-109B6F98F003}"
EndProject
Project("{FAE04EC0-301F-11D3-BF4B-00C04F79EFBC}") = "WPF4.SrkToolkit.Xaml", "WPF4.SrkToolkit.Xaml\WPF4.SrkToolkit.Xaml.csproj", "{09A84445-2AA3-4D99-89F7-007CA3EF91A3}"
EndProject
Project("{FAE04EC0-301F-11D3-BF4B-00C04F79EFBC}") = "WP71.SrkToolkit.Mvvm", "WP71.SrkToolkit.Mvvm\WP71.SrkToolkit.Mvvm.csproj", "{011FCD78-30C5-42BC-9499-AA4B4CDD7897}"
EndProject
Project("{2150E333-8FDC-42A3-9474-1A3956D46DE8}") = "00 ApplicationServices", "00 ApplicationServices", "{B70211DF-4DB4-4D29-842C-1CE527BD1EFC}"
EndProject
Project("{FAE04EC0-301F-11D3-BF4B-00C04F79EFBC}") = "NET4.SrkToolkit.Services", "NET4.SrkToolkit.Services\NET4.SrkToolkit.Services.csproj", "{CFDFCEA2-BAFB-455E-BEF4-40343DE968CF}"
EndProject
Project("{FAE04EC0-301F-11D3-BF4B-00C04F79EFBC}") = "NET4.SrkToolkit.Services.Tests", "NET4.SrkToolkit.Services.Tests\NET4.SrkToolkit.Services.Tests.csproj", "{7E6D5FC5-4ED0-433C-A92C-D4A0C0146CCB}"
EndProject
Project("{2150E333-8FDC-42A3-9474-1A3956D46DE8}") = "Solution Items", "Solution Items", "{563E54B0-9127-47DF-AC4A-F461F8EC490E}"
	ProjectSection(SolutionItems) = preProject
		Local.testsettings = Local.testsettings
		SrkToolkit.vsmdi = SrkToolkit.vsmdi
		TraceAndTestImpact.testsettings = TraceAndTestImpact.testsettings
	EndProjectSection
EndProject
Project("{FAE04EC0-301F-11D3-BF4B-00C04F79EFBC}") = "WP7.SrkToolkit.Services", "WP7.SrkToolkit.Services\WP7.SrkToolkit.Services.csproj", "{C0B51E2B-E18C-4F3E-B7E6-40F322029EDA}"
EndProject
Project("{FAE04EC0-301F-11D3-BF4B-00C04F79EFBC}") = "WP71.SrkToolkit.Services", "WP71.SrkToolkit.Services\WP71.SrkToolkit.Services.csproj", "{53D43F26-87EC-4217-A53D-33C1BFC9E778}"
EndProject
Project("{FAE04EC0-301F-11D3-BF4B-00C04F79EFBC}") = "SL4.SrkToolkit.Services", "SL4.SrkToolkit.Services\SL4.SrkToolkit.Services.csproj", "{0E5AD562-FA5E-443F-A773-7C992E54209E}"
EndProject
Project("{FAE04EC0-301F-11D3-BF4B-00C04F79EFBC}") = "NET4.SrkToolkit.Mvvm.Tests", "NET4.SrkToolkit.Mvvm.Tests\NET4.SrkToolkit.Mvvm.Tests.csproj", "{9C42B357-7E5D-4192-850D-190EAEC0416A}"
EndProject
Project("{FAE04EC0-301F-11D3-BF4B-00C04F79EFBC}") = "SL4.SrkToolkit.Xaml", "SL4.SrkToolkit.Xaml\SL4.SrkToolkit.Xaml.csproj", "{F156F957-A86C-43BD-8957-29F464BFBED0}"
EndProject
Project("{FAE04EC0-301F-11D3-BF4B-00C04F79EFBC}") = "WP7.SrkToolkit.Xaml", "WP7.SrkToolkit.Xaml\WP7.SrkToolkit.Xaml.csproj", "{42516A13-035C-48F7-A8DB-35681BF7117C}"
EndProject
Project("{FAE04EC0-301F-11D3-BF4B-00C04F79EFBC}") = "WP71.SrkToolkit.Xaml", "WP71.SrkToolkit.Xaml\WP71.SrkToolkit.Xaml.csproj", "{D3B7AB5F-493E-495E-8853-3E4454AFA794}"
EndProject
Project("{FAE04EC0-301F-11D3-BF4B-00C04F79EFBC}") = "SL5.SrkToolkit.Xaml", "SL5.SrkToolkit.Xaml\SL5.SrkToolkit.Xaml.csproj", "{913047F4-1361-428D-997E-E8A6707B5ECA}"
EndProject
Project("{2150E333-8FDC-42A3-9474-1A3956D46DE8}") = "30 Domain", "30 Domain", "{8EDF3F31-4778-47E0-BFD2-3C23E227A2F6}"
EndProject
Project("{FAE04EC0-301F-11D3-BF4B-00C04F79EFBC}") = "NET4.SrkToolkit.Domain", "NET4.SrkToolkit.Domain\NET4.SrkToolkit.Domain.csproj", "{893A7FD4-62E6-4F7A-8FF9-EA502ADA88FA}"
EndProject
Project("{2150E333-8FDC-42A3-9474-1A3956D46DE8}") = "40 Common", "40 Common", "{955C529B-A44B-4176-B49A-C0430D78A08C}"
EndProject
Project("{FAE04EC0-301F-11D3-BF4B-00C04F79EFBC}") = "NET4.SrkToolkit.Common", "NET4.SrkToolkit.Common\NET4.SrkToolkit.Common.csproj", "{19495A45-67A8-460D-806C-CF158B96BBE9}"
EndProject
Project("{2150E333-8FDC-42A3-9474-1A3956D46DE8}") = "50 Web", "50 Web", "{D1C680C8-2F64-48D3-98F6-FC6F41B37939}"
EndProject
Project("{FAE04EC0-301F-11D3-BF4B-00C04F79EFBC}") = "NET4.SrkToolkit.Web", "NET4.SrkToolkit.Web\NET4.SrkToolkit.Web.csproj", "{1D73A9E4-7F61-4288-BDE1-E13CC63872C0}"
EndProject
Project("{FAE04EC0-301F-11D3-BF4B-00C04F79EFBC}") = "NET4.SrkToolkit.Common.Unsafe", "NET4.SrkToolkit.Common.Unsafe\NET4.SrkToolkit.Common.Unsafe.csproj", "{19727F77-249A-4AC9-859C-8441E5BD41C4}"
EndProject
Project("{FAE04EC0-301F-11D3-BF4B-00C04F79EFBC}") = "NET4.SrkToolkit.Common.Tests", "NET4.SrkToolkit.Common.Tests\NET4.SrkToolkit.Common.Tests.csproj", "{51E43E76-A342-42D3-A8AD-ABC45CEBD9C5}"
EndProject
Project("{FAE04EC0-301F-11D3-BF4B-00C04F79EFBC}") = "NET4.SrkToolkit.Web.Mvc3", "NET4.SrkToolkit.Web.Mvc3\NET4.SrkToolkit.Web.Mvc3.csproj", "{C7CB8AC5-E948-4738-B440-ECAE8656667F}"
EndProject
Project("{FAE04EC0-301F-11D3-BF4B-00C04F79EFBC}") = "NET4.SrkToolkit.Web.Tests", "NET4.SrkToolkit.Web.Tests\NET4.SrkToolkit.Web.Tests.csproj", "{E0D59BBD-CF69-40E9-8023-C113DCEBC0AF}"
EndProject
Project("{FAE04EC0-301F-11D3-BF4B-00C04F79EFBC}") = "NET4.SrkToolkit.Domain.Tests", "NET4.SrkToolkit.Domain.Tests\NET4.SrkToolkit.Domain.Tests.csproj", "{80D861DB-FC7B-4DF7-8D87-750EEFC82B46}"
EndProject
Project("{FAE04EC0-301F-11D3-BF4B-00C04F79EFBC}") = "NET4.SrkToolkit.WebForms", "NET4.SrkToolkit.WebForms\NET4.SrkToolkit.WebForms.csproj", "{42AB07F9-CEB2-4A5B-A8FC-B7A85AD4DFD3}"
EndProject
Project("{2150E333-8FDC-42A3-9474-1A3956D46DE8}") = "99 Samples", "99 Samples", "{F9C87A08-EAF0-4DB2-B3DB-4C516BA5348A}"
EndProject
Project("{FAE04EC0-301F-11D3-BF4B-00C04F79EFBC}") = "SrkToolkit.MvcSamples", "SrkToolkit.MvcSamples\SrkToolkit.MvcSamples.csproj", "{C46DD3B8-4E28-4BC8-9302-7BA20C056BFF}"
EndProject
Global
	GlobalSection(TestCaseManagementSettings) = postSolution
		CategoryFile = SrkToolkit.vsmdi
	EndGlobalSection
	GlobalSection(SolutionConfigurationPlatforms) = preSolution
		Debug|Any CPU = Debug|Any CPU
		Release|Any CPU = Release|Any CPU
	EndGlobalSection
	GlobalSection(ProjectConfigurationPlatforms) = postSolution
		{DE760EB5-95B4-4E56-89FB-48A38DDDC80A}.Debug|Any CPU.ActiveCfg = Debug|Any CPU
		{DE760EB5-95B4-4E56-89FB-48A38DDDC80A}.Debug|Any CPU.Build.0 = Debug|Any CPU
		{DE760EB5-95B4-4E56-89FB-48A38DDDC80A}.Release|Any CPU.ActiveCfg = Release|Any CPU
		{DE760EB5-95B4-4E56-89FB-48A38DDDC80A}.Release|Any CPU.Build.0 = Release|Any CPU
		{A842E52E-4001-4BD8-BDCD-C95630D984D4}.Debug|Any CPU.ActiveCfg = Debug|Any CPU
		{A842E52E-4001-4BD8-BDCD-C95630D984D4}.Debug|Any CPU.Build.0 = Debug|Any CPU
		{A842E52E-4001-4BD8-BDCD-C95630D984D4}.Release|Any CPU.ActiveCfg = Release|Any CPU
		{A842E52E-4001-4BD8-BDCD-C95630D984D4}.Release|Any CPU.Build.0 = Release|Any CPU
		{09CD285E-A097-4C38-8598-5A9BE0557030}.Debug|Any CPU.ActiveCfg = Debug|Any CPU
		{09CD285E-A097-4C38-8598-5A9BE0557030}.Debug|Any CPU.Build.0 = Debug|Any CPU
		{09CD285E-A097-4C38-8598-5A9BE0557030}.Release|Any CPU.ActiveCfg = Release|Any CPU
		{09CD285E-A097-4C38-8598-5A9BE0557030}.Release|Any CPU.Build.0 = Release|Any CPU
		{09A84445-2AA3-4D99-89F7-007CA3EF91A3}.Debug|Any CPU.ActiveCfg = Debug|Any CPU
		{09A84445-2AA3-4D99-89F7-007CA3EF91A3}.Debug|Any CPU.Build.0 = Debug|Any CPU
		{09A84445-2AA3-4D99-89F7-007CA3EF91A3}.Release|Any CPU.ActiveCfg = Release|Any CPU
		{09A84445-2AA3-4D99-89F7-007CA3EF91A3}.Release|Any CPU.Build.0 = Release|Any CPU
		{011FCD78-30C5-42BC-9499-AA4B4CDD7897}.Debug|Any CPU.ActiveCfg = Debug|Any CPU
		{011FCD78-30C5-42BC-9499-AA4B4CDD7897}.Debug|Any CPU.Build.0 = Debug|Any CPU
		{011FCD78-30C5-42BC-9499-AA4B4CDD7897}.Release|Any CPU.ActiveCfg = Release|Any CPU
		{011FCD78-30C5-42BC-9499-AA4B4CDD7897}.Release|Any CPU.Build.0 = Release|Any CPU
		{CFDFCEA2-BAFB-455E-BEF4-40343DE968CF}.Debug|Any CPU.ActiveCfg = Debug|Any CPU
		{CFDFCEA2-BAFB-455E-BEF4-40343DE968CF}.Debug|Any CPU.Build.0 = Debug|Any CPU
		{CFDFCEA2-BAFB-455E-BEF4-40343DE968CF}.Release|Any CPU.ActiveCfg = Release|Any CPU
		{CFDFCEA2-BAFB-455E-BEF4-40343DE968CF}.Release|Any CPU.Build.0 = Release|Any CPU
		{7E6D5FC5-4ED0-433C-A92C-D4A0C0146CCB}.Debug|Any CPU.ActiveCfg = Debug|Any CPU
		{7E6D5FC5-4ED0-433C-A92C-D4A0C0146CCB}.Debug|Any CPU.Build.0 = Debug|Any CPU
		{7E6D5FC5-4ED0-433C-A92C-D4A0C0146CCB}.Release|Any CPU.ActiveCfg = Release|Any CPU
		{7E6D5FC5-4ED0-433C-A92C-D4A0C0146CCB}.Release|Any CPU.Build.0 = Release|Any CPU
		{C0B51E2B-E18C-4F3E-B7E6-40F322029EDA}.Debug|Any CPU.ActiveCfg = Debug|Any CPU
		{C0B51E2B-E18C-4F3E-B7E6-40F322029EDA}.Debug|Any CPU.Build.0 = Debug|Any CPU
		{C0B51E2B-E18C-4F3E-B7E6-40F322029EDA}.Release|Any CPU.ActiveCfg = Release|Any CPU
		{C0B51E2B-E18C-4F3E-B7E6-40F322029EDA}.Release|Any CPU.Build.0 = Release|Any CPU
		{53D43F26-87EC-4217-A53D-33C1BFC9E778}.Debug|Any CPU.ActiveCfg = Debug|Any CPU
		{53D43F26-87EC-4217-A53D-33C1BFC9E778}.Debug|Any CPU.Build.0 = Debug|Any CPU
		{53D43F26-87EC-4217-A53D-33C1BFC9E778}.Release|Any CPU.ActiveCfg = Release|Any CPU
		{53D43F26-87EC-4217-A53D-33C1BFC9E778}.Release|Any CPU.Build.0 = Release|Any CPU
		{0E5AD562-FA5E-443F-A773-7C992E54209E}.Debug|Any CPU.ActiveCfg = Debug|Any CPU
		{0E5AD562-FA5E-443F-A773-7C992E54209E}.Debug|Any CPU.Build.0 = Debug|Any CPU
		{0E5AD562-FA5E-443F-A773-7C992E54209E}.Release|Any CPU.ActiveCfg = Release|Any CPU
		{0E5AD562-FA5E-443F-A773-7C992E54209E}.Release|Any CPU.Build.0 = Release|Any CPU
		{9C42B357-7E5D-4192-850D-190EAEC0416A}.Debug|Any CPU.ActiveCfg = Debug|Any CPU
		{9C42B357-7E5D-4192-850D-190EAEC0416A}.Debug|Any CPU.Build.0 = Debug|Any CPU
		{9C42B357-7E5D-4192-850D-190EAEC0416A}.Release|Any CPU.ActiveCfg = Release|Any CPU
		{9C42B357-7E5D-4192-850D-190EAEC0416A}.Release|Any CPU.Build.0 = Release|Any CPU
		{F156F957-A86C-43BD-8957-29F464BFBED0}.Debug|Any CPU.ActiveCfg = Debug|Any CPU
		{F156F957-A86C-43BD-8957-29F464BFBED0}.Debug|Any CPU.Build.0 = Debug|Any CPU
		{F156F957-A86C-43BD-8957-29F464BFBED0}.Release|Any CPU.ActiveCfg = Release|Any CPU
		{F156F957-A86C-43BD-8957-29F464BFBED0}.Release|Any CPU.Build.0 = Release|Any CPU
		{42516A13-035C-48F7-A8DB-35681BF7117C}.Debug|Any CPU.ActiveCfg = Debug|Any CPU
		{42516A13-035C-48F7-A8DB-35681BF7117C}.Debug|Any CPU.Build.0 = Debug|Any CPU
		{42516A13-035C-48F7-A8DB-35681BF7117C}.Release|Any CPU.ActiveCfg = Release|Any CPU
		{42516A13-035C-48F7-A8DB-35681BF7117C}.Release|Any CPU.Build.0 = Release|Any CPU
		{D3B7AB5F-493E-495E-8853-3E4454AFA794}.Debug|Any CPU.ActiveCfg = Debug|Any CPU
		{D3B7AB5F-493E-495E-8853-3E4454AFA794}.Debug|Any CPU.Build.0 = Debug|Any CPU
		{D3B7AB5F-493E-495E-8853-3E4454AFA794}.Release|Any CPU.ActiveCfg = Release|Any CPU
		{D3B7AB5F-493E-495E-8853-3E4454AFA794}.Release|Any CPU.Build.0 = Release|Any CPU
		{913047F4-1361-428D-997E-E8A6707B5ECA}.Debug|Any CPU.ActiveCfg = Debug|Any CPU
		{913047F4-1361-428D-997E-E8A6707B5ECA}.Debug|Any CPU.Build.0 = Debug|Any CPU
		{913047F4-1361-428D-997E-E8A6707B5ECA}.Release|Any CPU.ActiveCfg = Release|Any CPU
		{913047F4-1361-428D-997E-E8A6707B5ECA}.Release|Any CPU.Build.0 = Release|Any CPU
		{893A7FD4-62E6-4F7A-8FF9-EA502ADA88FA}.Debug|Any CPU.ActiveCfg = Debug|Any CPU
		{893A7FD4-62E6-4F7A-8FF9-EA502ADA88FA}.Debug|Any CPU.Build.0 = Debug|Any CPU
		{893A7FD4-62E6-4F7A-8FF9-EA502ADA88FA}.Release|Any CPU.ActiveCfg = Release|Any CPU
		{893A7FD4-62E6-4F7A-8FF9-EA502ADA88FA}.Release|Any CPU.Build.0 = Release|Any CPU
		{19495A45-67A8-460D-806C-CF158B96BBE9}.Debug|Any CPU.ActiveCfg = Debug|Any CPU
		{19495A45-67A8-460D-806C-CF158B96BBE9}.Debug|Any CPU.Build.0 = Debug|Any CPU
		{19495A45-67A8-460D-806C-CF158B96BBE9}.Release|Any CPU.ActiveCfg = Release|Any CPU
		{19495A45-67A8-460D-806C-CF158B96BBE9}.Release|Any CPU.Build.0 = Release|Any CPU
		{1D73A9E4-7F61-4288-BDE1-E13CC63872C0}.Debug|Any CPU.ActiveCfg = Debug|Any CPU
		{1D73A9E4-7F61-4288-BDE1-E13CC63872C0}.Debug|Any CPU.Build.0 = Debug|Any CPU
		{1D73A9E4-7F61-4288-BDE1-E13CC63872C0}.Release|Any CPU.ActiveCfg = Release|Any CPU
		{1D73A9E4-7F61-4288-BDE1-E13CC63872C0}.Release|Any CPU.Build.0 = Release|Any CPU
		{19727F77-249A-4AC9-859C-8441E5BD41C4}.Debug|Any CPU.ActiveCfg = Debug|Any CPU
		{19727F77-249A-4AC9-859C-8441E5BD41C4}.Debug|Any CPU.Build.0 = Debug|Any CPU
		{19727F77-249A-4AC9-859C-8441E5BD41C4}.Release|Any CPU.ActiveCfg = Release|Any CPU
		{19727F77-249A-4AC9-859C-8441E5BD41C4}.Release|Any CPU.Build.0 = Release|Any CPU
		{51E43E76-A342-42D3-A8AD-ABC45CEBD9C5}.Debug|Any CPU.ActiveCfg = Debug|Any CPU
		{51E43E76-A342-42D3-A8AD-ABC45CEBD9C5}.Debug|Any CPU.Build.0 = Debug|Any CPU
		{51E43E76-A342-42D3-A8AD-ABC45CEBD9C5}.Release|Any CPU.ActiveCfg = Release|Any CPU
		{51E43E76-A342-42D3-A8AD-ABC45CEBD9C5}.Release|Any CPU.Build.0 = Release|Any CPU
		{C7CB8AC5-E948-4738-B440-ECAE8656667F}.Debug|Any CPU.ActiveCfg = Debug|Any CPU
		{C7CB8AC5-E948-4738-B440-ECAE8656667F}.Debug|Any CPU.Build.0 = Debug|Any CPU
		{C7CB8AC5-E948-4738-B440-ECAE8656667F}.Release|Any CPU.ActiveCfg = Release|Any CPU
		{C7CB8AC5-E948-4738-B440-ECAE8656667F}.Release|Any CPU.Build.0 = Release|Any CPU
		{E0D59BBD-CF69-40E9-8023-C113DCEBC0AF}.Debug|Any CPU.ActiveCfg = Debug|Any CPU
		{E0D59BBD-CF69-40E9-8023-C113DCEBC0AF}.Debug|Any CPU.Build.0 = Debug|Any CPU
		{E0D59BBD-CF69-40E9-8023-C113DCEBC0AF}.Release|Any CPU.ActiveCfg = Release|Any CPU
		{E0D59BBD-CF69-40E9-8023-C113DCEBC0AF}.Release|Any CPU.Build.0 = Release|Any CPU
		{80D861DB-FC7B-4DF7-8D87-750EEFC82B46}.Debug|Any CPU.ActiveCfg = Debug|Any CPU
		{80D861DB-FC7B-4DF7-8D87-750EEFC82B46}.Debug|Any CPU.Build.0 = Debug|Any CPU
		{80D861DB-FC7B-4DF7-8D87-750EEFC82B46}.Release|Any CPU.ActiveCfg = Release|Any CPU
		{80D861DB-FC7B-4DF7-8D87-750EEFC82B46}.Release|Any CPU.Build.0 = Release|Any CPU
		{42AB07F9-CEB2-4A5B-A8FC-B7A85AD4DFD3}.Debug|Any CPU.ActiveCfg = Debug|Any CPU
		{42AB07F9-CEB2-4A5B-A8FC-B7A85AD4DFD3}.Debug|Any CPU.Build.0 = Debug|Any CPU
		{42AB07F9-CEB2-4A5B-A8FC-B7A85AD4DFD3}.Release|Any CPU.ActiveCfg = Release|Any CPU
		{42AB07F9-CEB2-4A5B-A8FC-B7A85AD4DFD3}.Release|Any CPU.Build.0 = Release|Any CPU
		{C46DD3B8-4E28-4BC8-9302-7BA20C056BFF}.Debug|Any CPU.ActiveCfg = Debug|Any CPU
		{C46DD3B8-4E28-4BC8-9302-7BA20C056BFF}.Debug|Any CPU.Build.0 = Debug|Any CPU
		{C46DD3B8-4E28-4BC8-9302-7BA20C056BFF}.Release|Any CPU.ActiveCfg = Release|Any CPU
		{C46DD3B8-4E28-4BC8-9302-7BA20C056BFF}.Release|Any CPU.Build.0 = Release|Any CPU
	EndGlobalSection
	GlobalSection(SolutionProperties) = preSolution
		HideSolutionNode = FALSE
	EndGlobalSection
	GlobalSection(NestedProjects) = preSolution
		{DE760EB5-95B4-4E56-89FB-48A38DDDC80A} = {D6B06B88-8371-4360-B47E-8A772B92323A}
		{A842E52E-4001-4BD8-BDCD-C95630D984D4} = {D6B06B88-8371-4360-B47E-8A772B92323A}
		{09CD285E-A097-4C38-8598-5A9BE0557030} = {D6B06B88-8371-4360-B47E-8A772B92323A}
		{011FCD78-30C5-42BC-9499-AA4B4CDD7897} = {D6B06B88-8371-4360-B47E-8A772B92323A}
		{9C42B357-7E5D-4192-850D-190EAEC0416A} = {D6B06B88-8371-4360-B47E-8A772B92323A}
		{09A84445-2AA3-4D99-89F7-007CA3EF91A3} = {A3324369-1E2D-495C-8E96-109B6F98F003}
		{F156F957-A86C-43BD-8957-29F464BFBED0} = {A3324369-1E2D-495C-8E96-109B6F98F003}
		{42516A13-035C-48F7-A8DB-35681BF7117C} = {A3324369-1E2D-495C-8E96-109B6F98F003}
		{D3B7AB5F-493E-495E-8853-3E4454AFA794} = {A3324369-1E2D-495C-8E96-109B6F98F003}
		{913047F4-1361-428D-997E-E8A6707B5ECA} = {A3324369-1E2D-495C-8E96-109B6F98F003}
		{CFDFCEA2-BAFB-455E-BEF4-40343DE968CF} = {B70211DF-4DB4-4D29-842C-1CE527BD1EFC}
		{7E6D5FC5-4ED0-433C-A92C-D4A0C0146CCB} = {B70211DF-4DB4-4D29-842C-1CE527BD1EFC}
		{563E54B0-9127-47DF-AC4A-F461F8EC490E} = {B70211DF-4DB4-4D29-842C-1CE527BD1EFC}
		{C0B51E2B-E18C-4F3E-B7E6-40F322029EDA} = {B70211DF-4DB4-4D29-842C-1CE527BD1EFC}
		{53D43F26-87EC-4217-A53D-33C1BFC9E778} = {B70211DF-4DB4-4D29-842C-1CE527BD1EFC}
		{0E5AD562-FA5E-443F-A773-7C992E54209E} = {B70211DF-4DB4-4D29-842C-1CE527BD1EFC}
		{893A7FD4-62E6-4F7A-8FF9-EA502ADA88FA} = {8EDF3F31-4778-47E0-BFD2-3C23E227A2F6}
		{80D861DB-FC7B-4DF7-8D87-750EEFC82B46} = {8EDF3F31-4778-47E0-BFD2-3C23E227A2F6}
		{19495A45-67A8-460D-806C-CF158B96BBE9} = {955C529B-A44B-4176-B49A-C0430D78A08C}
		{19727F77-249A-4AC9-859C-8441E5BD41C4} = {955C529B-A44B-4176-B49A-C0430D78A08C}
		{51E43E76-A342-42D3-A8AD-ABC45CEBD9C5} = {955C529B-A44B-4176-B49A-C0430D78A08C}
		{1D73A9E4-7F61-4288-BDE1-E13CC63872C0} = {D1C680C8-2F64-48D3-98F6-FC6F41B37939}
		{C7CB8AC5-E948-4738-B440-ECAE8656667F} = {D1C680C8-2F64-48D3-98F6-FC6F41B37939}
		{E0D59BBD-CF69-40E9-8023-C113DCEBC0AF} = {D1C680C8-2F64-48D3-98F6-FC6F41B37939}
		{42AB07F9-CEB2-4A5B-A8FC-B7A85AD4DFD3} = {D1C680C8-2F64-48D3-98F6-FC6F41B37939}
		{C46DD3B8-4E28-4BC8-9302-7BA20C056BFF} = {F9C87A08-EAF0-4DB2-B3DB-4C516BA5348A}
	EndGlobalSection
EndGlobal
