
Microsoft Visual Studio Solution File, Format Version 12.00
# Visual Studio 2012
Project("{FAE04EC0-301F-11D3-BF4B-00C04F79EFBC}") = "WP7.SrkToolkit.Mvvm", "WP7.SrkToolkit.Mvvm\WP7.SrkToolkit.Mvvm.csproj", "{DE760EB5-95B4-4E56-89FB-48A38DDDC80A}"
EndProject
Project("{2150E333-8FDC-42A3-9474-1A3956D46DE8}") = "10 MVVM Stuff", "10 MVVM Stuff", "{D6B06B88-8371-4360-B47E-8A772B92323A}"
EndProject
Project("{FAE04EC0-301F-11D3-BF4B-00C04F79EFBC}") = "WPF4.SrkToolkit.Mvvm", "WPF4.SrkToolkit.Mvvm\WPF4.SrkToolkit.Mvvm.csproj", "{A842E52E-4001-4BD8-BDCD-C95630D984D4}"
EndProject
Project("{FAE04EC0-301F-11D3-BF4B-00C04F79EFBC}") = "SL4.SrkToolkit.Mvvm", "SL4.SrkToolkit.Mvvm\SL4.SrkToolkit.Mvvm.csproj", "{09CD285E-A097-4C38-8598-5A9BE0557030}"
EndProject
Project("{2150E333-8FDC-42A3-9474-1A3956D46DE8}") = "20 XAML", "20 XAML", "{A3324369-1E2D-495C-8E96-109B6F98F003}"
EndProject
Project("{FAE04EC0-301F-11D3-BF4B-00C04F79EFBC}") = "WPF4.SrkToolkit.Xaml", "WPF4.SrkToolkit.Xaml\WPF4.SrkToolkit.Xaml.csproj", "{09A84445-2AA3-4D99-89F7-007CA3EF91A3}"
EndProject
Project("{FAE04EC0-301F-11D3-BF4B-00C04F79EFBC}") = "WP71.SrkToolkit.Mvvm", "WP71.SrkToolkit.Mvvm\WP71.SrkToolkit.Mvvm.csproj", "{011FCD78-30C5-42BC-9499-AA4B4CDD7897}"
EndProject
Project("{2150E333-8FDC-42A3-9474-1A3956D46DE8}") = "00 ApplicationServices", "00 ApplicationServices", "{B70211DF-4DB4-4D29-842C-1CE527BD1EFC}"
EndProject
Project("{FAE04EC0-301F-11D3-BF4B-00C04F79EFBC}") = "NET4.SrkToolkit.Services", "NET4.SrkToolkit.Services\NET4.SrkToolkit.Services.csproj", "{CFDFCEA2-BAFB-455E-BEF4-40343DE968CF}"
EndProject
Project("{FAE04EC0-301F-11D3-BF4B-00C04F79EFBC}") = "NET4.SrkToolkit.Services.Tests", "NET4.SrkToolkit.Services.Tests\NET4.SrkToolkit.Services.Tests.csproj", "{7E6D5FC5-4ED0-433C-A92C-D4A0C0146CCB}"
EndProject
Project("{2150E333-8FDC-42A3-9474-1A3956D46DE8}") = "Solution Items", "Solution Items", "{563E54B0-9127-47DF-AC4A-F461F8EC490E}"
	ProjectSection(SolutionItems) = preProject
		Local.testsettings = Local.testsettings
		SrkToolkit.vsmdi = SrkToolkit.vsmdi
		TraceAndTestImpact.testsettings = TraceAndTestImpact.testsettings
	EndProjectSection
EndProject
Project("{FAE04EC0-301F-11D3-BF4B-00C04F79EFBC}") = "WP7.SrkToolkit.Services", "WP7.SrkToolkit.Services\WP7.SrkToolkit.Services.csproj", "{C0B51E2B-E18C-4F3E-B7E6-40F322029EDA}"
EndProject
Project("{FAE04EC0-301F-11D3-BF4B-00C04F79EFBC}") = "WP71.SrkToolkit.Services", "WP71.SrkToolkit.Services\WP71.SrkToolkit.Services.csproj", "{53D43F26-87EC-4217-A53D-33C1BFC9E778}"
EndProject
Project("{FAE04EC0-301F-11D3-BF4B-00C04F79EFBC}") = "SL4.SrkToolkit.Services", "SL4.SrkToolkit.Services\SL4.SrkToolkit.Services.csproj", "{0E5AD562-FA5E-443F-A773-7C992E54209E}"
EndProject
Project("{FAE04EC0-301F-11D3-BF4B-00C04F79EFBC}") = "NET4.SrkToolkit.Mvvm.Tests", "NET4.SrkToolkit.Mvvm.Tests\NET4.SrkToolkit.Mvvm.Tests.csproj", "{9C42B357-7E5D-4192-850D-190EAEC0416A}"
EndProject
Project("{FAE04EC0-301F-11D3-BF4B-00C04F79EFBC}") = "WPF45.SrkToolkit.Xaml", "WPF45.SrkToolkit.Xaml\WPF45.SrkToolkit.Xaml.csproj", "{A6D741FB-B974-491A-A2CE-DE7F491FD66D}"
EndProject
Project("{FAE04EC0-301F-11D3-BF4B-00C04F79EFBC}") = "WPF45.SrkToolkit.Mvvm", "WPF45.SrkToolkit.Mvvm\WPF45.SrkToolkit.Mvvm.csproj", "{175B67BE-9042-45EE-A8DF-D96FE8B75561}"
EndProject
Project("{FAE04EC0-301F-11D3-BF4B-00C04F79EFBC}") = "SL4.SrkToolkit.Xaml", "SL4.SrkToolkit.Xaml\SL4.SrkToolkit.Xaml.csproj", "{F156F957-A86C-43BD-8957-29F464BFBED0}"
EndProject
Project("{2150E333-8FDC-42A3-9474-1A3956D46DE8}") = "CoreExtensions", "CoreExtensions", "{3EFCB91A-CD3E-4F0A-B198-EECEC336D163}"
EndProject
Project("{FAE04EC0-301F-11D3-BF4B-00C04F79EFBC}") = "P.SrkToolkit.CoreExtensions", "P.SrkToolkit.CoreExtensions\P.SrkToolkit.CoreExtensions.csproj", "{8CB7FFA6-13BF-418E-9B56-9F3D688789DF}"
EndProject
Project("{FAE04EC0-301F-11D3-BF4B-00C04F79EFBC}") = "RT.SrkToolkit.Services", "RT.SrkToolkit.Services\RT.SrkToolkit.Services.csproj", "{D009CCA7-212D-43AC-BB0D-803F902526CA}"
EndProject
Project("{2150E333-8FDC-42A3-9474-1A3956D46DE8}") = "30 Domain", "30 Domain", "{559DC157-DDC9-44BA-B25D-0A18E286D1CC}"
EndProject
Project("{2150E333-8FDC-42A3-9474-1A3956D46DE8}") = "40 Common", "40 Common", "{C3406DF1-E92C-4100-BEF9-B49F616E77C5}"
EndProject
Project("{2150E333-8FDC-42A3-9474-1A3956D46DE8}") = "50 Web", "50 Web", "{B9ACA570-A4AC-4AC9-95E2-A95BCEDBD866}"
EndProject
Project("{FAE04EC0-301F-11D3-BF4B-00C04F79EFBC}") = "NET4.SrkToolkit.Domain", "NET4.SrkToolkit.Domain\NET4.SrkToolkit.Domain.csproj", "{893A7FD4-62E6-4F7A-8FF9-EA502ADA88FA}"
EndProject
Project("{FAE04EC0-301F-11D3-BF4B-00C04F79EFBC}") = "NET4.SrkToolkit.Common", "NET4.SrkToolkit.Common\NET4.SrkToolkit.Common.csproj", "{19495A45-67A8-460D-806C-CF158B96BBE9}"
EndProject
Project("{FAE04EC0-301F-11D3-BF4B-00C04F79EFBC}") = "NET4.SrkToolkit.Common.Unsafe", "NET4.SrkToolkit.Common.Unsafe\NET4.SrkToolkit.Common.Unsafe.csproj", "{19727F77-249A-4AC9-859C-8441E5BD41C4}"
EndProject
Project("{FAE04EC0-301F-11D3-BF4B-00C04F79EFBC}") = "NET4.SrkToolkit.Common.Tests", "NET4.SrkToolkit.Common.Tests\NET4.SrkToolkit.Common.Tests.csproj", "{51E43E76-A342-42D3-A8AD-ABC45CEBD9C5}"
EndProject
Project("{FAE04EC0-301F-11D3-BF4B-00C04F79EFBC}") = "NET4.SrkToolkit.Domain.Tests", "NET4.SrkToolkit.Domain.Tests\NET4.SrkToolkit.Domain.Tests.csproj", "{80D861DB-FC7B-4DF7-8D87-750EEFC82B46}"
EndProject
Project("{FAE04EC0-301F-11D3-BF4B-00C04F79EFBC}") = "NET4.SrkToolkit.Web", "NET4.SrkToolkit.Web\NET4.SrkToolkit.Web.csproj", "{1D73A9E4-7F61-4288-BDE1-E13CC63872C0}"
EndProject
Project("{FAE04EC0-301F-11D3-BF4B-00C04F79EFBC}") = "NET4.SrkToolkit.Web.Mvc3", "NET4.SrkToolkit.Web.Mvc3\NET4.SrkToolkit.Web.Mvc3.csproj", "{C7CB8AC5-E948-4738-B440-ECAE8656667F}"
EndProject
Project("{FAE04EC0-301F-11D3-BF4B-00C04F79EFBC}") = "NET4.SrkToolkit.Web.Tests", "NET4.SrkToolkit.Web.Tests\NET4.SrkToolkit.Web.Tests.csproj", "{E0D59BBD-CF69-40E9-8023-C113DCEBC0AF}"
EndProject
Project("{FAE04EC0-301F-11D3-BF4B-00C04F79EFBC}") = "NET4.SrkToolkit.WebForms", "NET4.SrkToolkit.WebForms\NET4.SrkToolkit.WebForms.csproj", "{42AB07F9-CEB2-4A5B-A8FC-B7A85AD4DFD3}"
EndProject
Global
	GlobalSection(TestCaseManagementSettings) = postSolution
		CategoryFile = SrkToolkit.vsmdi
	EndGlobalSection
	GlobalSection(SolutionConfigurationPlatforms) = preSolution
		Debug|Any CPU = Debug|Any CPU
		Debug|ARM = Debug|ARM
		Debug|x64 = Debug|x64
		Debug|x86 = Debug|x86
		Release|Any CPU = Release|Any CPU
		Release|ARM = Release|ARM
		Release|x64 = Release|x64
		Release|x86 = Release|x86
	EndGlobalSection
	GlobalSection(ProjectConfigurationPlatforms) = postSolution
		{DE760EB5-95B4-4E56-89FB-48A38DDDC80A}.Debug|Any CPU.ActiveCfg = Debug|Any CPU
		{DE760EB5-95B4-4E56-89FB-48A38DDDC80A}.Debug|Any CPU.Build.0 = Debug|Any CPU
		{DE760EB5-95B4-4E56-89FB-48A38DDDC80A}.Debug|ARM.ActiveCfg = Debug|Any CPU
		{DE760EB5-95B4-4E56-89FB-48A38DDDC80A}.Debug|x64.ActiveCfg = Debug|Any CPU
		{DE760EB5-95B4-4E56-89FB-48A38DDDC80A}.Debug|x86.ActiveCfg = Debug|Any CPU
		{DE760EB5-95B4-4E56-89FB-48A38DDDC80A}.Release|Any CPU.ActiveCfg = Release|Any CPU
		{DE760EB5-95B4-4E56-89FB-48A38DDDC80A}.Release|Any CPU.Build.0 = Release|Any CPU
		{DE760EB5-95B4-4E56-89FB-48A38DDDC80A}.Release|ARM.ActiveCfg = Release|Any CPU
		{DE760EB5-95B4-4E56-89FB-48A38DDDC80A}.Release|x64.ActiveCfg = Release|Any CPU
		{DE760EB5-95B4-4E56-89FB-48A38DDDC80A}.Release|x86.ActiveCfg = Release|Any CPU
		{A842E52E-4001-4BD8-BDCD-C95630D984D4}.Debug|Any CPU.ActiveCfg = Debug|Any CPU
		{A842E52E-4001-4BD8-BDCD-C95630D984D4}.Debug|Any CPU.Build.0 = Debug|Any CPU
		{A842E52E-4001-4BD8-BDCD-C95630D984D4}.Debug|ARM.ActiveCfg = Debug|Any CPU
		{A842E52E-4001-4BD8-BDCD-C95630D984D4}.Debug|x64.ActiveCfg = Debug|Any CPU
		{A842E52E-4001-4BD8-BDCD-C95630D984D4}.Debug|x86.ActiveCfg = Debug|Any CPU
		{A842E52E-4001-4BD8-BDCD-C95630D984D4}.Release|Any CPU.ActiveCfg = Release|Any CPU
		{A842E52E-4001-4BD8-BDCD-C95630D984D4}.Release|Any CPU.Build.0 = Release|Any CPU
		{A842E52E-4001-4BD8-BDCD-C95630D984D4}.Release|ARM.ActiveCfg = Release|Any CPU
		{A842E52E-4001-4BD8-BDCD-C95630D984D4}.Release|x64.ActiveCfg = Release|Any CPU
		{A842E52E-4001-4BD8-BDCD-C95630D984D4}.Release|x86.ActiveCfg = Release|Any CPU
		{09CD285E-A097-4C38-8598-5A9BE0557030}.Debug|Any CPU.ActiveCfg = Debug|Any CPU
		{09CD285E-A097-4C38-8598-5A9BE0557030}.Debug|Any CPU.Build.0 = Debug|Any CPU
		{09CD285E-A097-4C38-8598-5A9BE0557030}.Debug|ARM.ActiveCfg = Debug|Any CPU
		{09CD285E-A097-4C38-8598-5A9BE0557030}.Debug|x64.ActiveCfg = Debug|Any CPU
		{09CD285E-A097-4C38-8598-5A9BE0557030}.Debug|x86.ActiveCfg = Debug|Any CPU
		{09CD285E-A097-4C38-8598-5A9BE0557030}.Release|Any CPU.ActiveCfg = Release|Any CPU
		{09CD285E-A097-4C38-8598-5A9BE0557030}.Release|Any CPU.Build.0 = Release|Any CPU
		{09CD285E-A097-4C38-8598-5A9BE0557030}.Release|ARM.ActiveCfg = Release|Any CPU
		{09CD285E-A097-4C38-8598-5A9BE0557030}.Release|x64.ActiveCfg = Release|Any CPU
		{09CD285E-A097-4C38-8598-5A9BE0557030}.Release|x86.ActiveCfg = Release|Any CPU
		{09A84445-2AA3-4D99-89F7-007CA3EF91A3}.Debug|Any CPU.ActiveCfg = Debug|Any CPU
		{09A84445-2AA3-4D99-89F7-007CA3EF91A3}.Debug|Any CPU.Build.0 = Debug|Any CPU
		{09A84445-2AA3-4D99-89F7-007CA3EF91A3}.Debug|ARM.ActiveCfg = Debug|Any CPU
		{09A84445-2AA3-4D99-89F7-007CA3EF91A3}.Debug|x64.ActiveCfg = Debug|Any CPU
		{09A84445-2AA3-4D99-89F7-007CA3EF91A3}.Debug|x86.ActiveCfg = Debug|Any CPU
		{09A84445-2AA3-4D99-89F7-007CA3EF91A3}.Release|Any CPU.ActiveCfg = Release|Any CPU
		{09A84445-2AA3-4D99-89F7-007CA3EF91A3}.Release|Any CPU.Build.0 = Release|Any CPU
		{09A84445-2AA3-4D99-89F7-007CA3EF91A3}.Release|ARM.ActiveCfg = Release|Any CPU
		{09A84445-2AA3-4D99-89F7-007CA3EF91A3}.Release|x64.ActiveCfg = Release|Any CPU
		{09A84445-2AA3-4D99-89F7-007CA3EF91A3}.Release|x86.ActiveCfg = Release|Any CPU
		{011FCD78-30C5-42BC-9499-AA4B4CDD7897}.Debug|Any CPU.ActiveCfg = Debug|Any CPU
		{011FCD78-30C5-42BC-9499-AA4B4CDD7897}.Debug|Any CPU.Build.0 = Debug|Any CPU
		{011FCD78-30C5-42BC-9499-AA4B4CDD7897}.Debug|ARM.ActiveCfg = Debug|Any CPU
		{011FCD78-30C5-42BC-9499-AA4B4CDD7897}.Debug|x64.ActiveCfg = Debug|Any CPU
		{011FCD78-30C5-42BC-9499-AA4B4CDD7897}.Debug|x86.ActiveCfg = Debug|Any CPU
		{011FCD78-30C5-42BC-9499-AA4B4CDD7897}.Release|Any CPU.ActiveCfg = Release|Any CPU
		{011FCD78-30C5-42BC-9499-AA4B4CDD7897}.Release|Any CPU.Build.0 = Release|Any CPU
		{011FCD78-30C5-42BC-9499-AA4B4CDD7897}.Release|ARM.ActiveCfg = Release|Any CPU
		{011FCD78-30C5-42BC-9499-AA4B4CDD7897}.Release|x64.ActiveCfg = Release|Any CPU
		{011FCD78-30C5-42BC-9499-AA4B4CDD7897}.Release|x86.ActiveCfg = Release|Any CPU
		{CFDFCEA2-BAFB-455E-BEF4-40343DE968CF}.Debug|Any CPU.ActiveCfg = Debug|Any CPU
		{CFDFCEA2-BAFB-455E-BEF4-40343DE968CF}.Debug|Any CPU.Build.0 = Debug|Any CPU
		{CFDFCEA2-BAFB-455E-BEF4-40343DE968CF}.Debug|ARM.ActiveCfg = Debug|Any CPU
		{CFDFCEA2-BAFB-455E-BEF4-40343DE968CF}.Debug|x64.ActiveCfg = Debug|Any CPU
		{CFDFCEA2-BAFB-455E-BEF4-40343DE968CF}.Debug|x86.ActiveCfg = Debug|Any CPU
		{CFDFCEA2-BAFB-455E-BEF4-40343DE968CF}.Release|Any CPU.ActiveCfg = Release|Any CPU
		{CFDFCEA2-BAFB-455E-BEF4-40343DE968CF}.Release|Any CPU.Build.0 = Release|Any CPU
		{CFDFCEA2-BAFB-455E-BEF4-40343DE968CF}.Release|ARM.ActiveCfg = Release|Any CPU
		{CFDFCEA2-BAFB-455E-BEF4-40343DE968CF}.Release|x64.ActiveCfg = Release|Any CPU
		{CFDFCEA2-BAFB-455E-BEF4-40343DE968CF}.Release|x86.ActiveCfg = Release|Any CPU
		{7E6D5FC5-4ED0-433C-A92C-D4A0C0146CCB}.Debug|Any CPU.ActiveCfg = Debug|Any CPU
		{7E6D5FC5-4ED0-433C-A92C-D4A0C0146CCB}.Debug|Any CPU.Build.0 = Debug|Any CPU
		{7E6D5FC5-4ED0-433C-A92C-D4A0C0146CCB}.Debug|ARM.ActiveCfg = Debug|Any CPU
		{7E6D5FC5-4ED0-433C-A92C-D4A0C0146CCB}.Debug|x64.ActiveCfg = Debug|Any CPU
		{7E6D5FC5-4ED0-433C-A92C-D4A0C0146CCB}.Debug|x86.ActiveCfg = Debug|Any CPU
		{7E6D5FC5-4ED0-433C-A92C-D4A0C0146CCB}.Release|Any CPU.ActiveCfg = Release|Any CPU
		{7E6D5FC5-4ED0-433C-A92C-D4A0C0146CCB}.Release|Any CPU.Build.0 = Release|Any CPU
		{7E6D5FC5-4ED0-433C-A92C-D4A0C0146CCB}.Release|ARM.ActiveCfg = Release|Any CPU
		{7E6D5FC5-4ED0-433C-A92C-D4A0C0146CCB}.Release|x64.ActiveCfg = Release|Any CPU
		{7E6D5FC5-4ED0-433C-A92C-D4A0C0146CCB}.Release|x86.ActiveCfg = Release|Any CPU
		{C0B51E2B-E18C-4F3E-B7E6-40F322029EDA}.Debug|Any CPU.ActiveCfg = Debug|Any CPU
		{C0B51E2B-E18C-4F3E-B7E6-40F322029EDA}.Debug|Any CPU.Build.0 = Debug|Any CPU
		{C0B51E2B-E18C-4F3E-B7E6-40F322029EDA}.Debug|ARM.ActiveCfg = Debug|Any CPU
		{C0B51E2B-E18C-4F3E-B7E6-40F322029EDA}.Debug|x64.ActiveCfg = Debug|Any CPU
		{C0B51E2B-E18C-4F3E-B7E6-40F322029EDA}.Debug|x86.ActiveCfg = Debug|Any CPU
		{C0B51E2B-E18C-4F3E-B7E6-40F322029EDA}.Release|Any CPU.ActiveCfg = Release|Any CPU
		{C0B51E2B-E18C-4F3E-B7E6-40F322029EDA}.Release|Any CPU.Build.0 = Release|Any CPU
		{C0B51E2B-E18C-4F3E-B7E6-40F322029EDA}.Release|ARM.ActiveCfg = Release|Any CPU
		{C0B51E2B-E18C-4F3E-B7E6-40F322029EDA}.Release|x64.ActiveCfg = Release|Any CPU
		{C0B51E2B-E18C-4F3E-B7E6-40F322029EDA}.Release|x86.ActiveCfg = Release|Any CPU
		{53D43F26-87EC-4217-A53D-33C1BFC9E778}.Debug|Any CPU.ActiveCfg = Debug|Any CPU
		{53D43F26-87EC-4217-A53D-33C1BFC9E778}.Debug|Any CPU.Build.0 = Debug|Any CPU
		{53D43F26-87EC-4217-A53D-33C1BFC9E778}.Debug|ARM.ActiveCfg = Debug|Any CPU
		{53D43F26-87EC-4217-A53D-33C1BFC9E778}.Debug|x64.ActiveCfg = Debug|Any CPU
		{53D43F26-87EC-4217-A53D-33C1BFC9E778}.Debug|x86.ActiveCfg = Debug|Any CPU
		{53D43F26-87EC-4217-A53D-33C1BFC9E778}.Release|Any CPU.ActiveCfg = Release|Any CPU
		{53D43F26-87EC-4217-A53D-33C1BFC9E778}.Release|Any CPU.Build.0 = Release|Any CPU
		{53D43F26-87EC-4217-A53D-33C1BFC9E778}.Release|ARM.ActiveCfg = Release|Any CPU
		{53D43F26-87EC-4217-A53D-33C1BFC9E778}.Release|x64.ActiveCfg = Release|Any CPU
		{53D43F26-87EC-4217-A53D-33C1BFC9E778}.Release|x86.ActiveCfg = Release|Any CPU
		{0E5AD562-FA5E-443F-A773-7C992E54209E}.Debug|Any CPU.ActiveCfg = Debug|Any CPU
		{0E5AD562-FA5E-443F-A773-7C992E54209E}.Debug|Any CPU.Build.0 = Debug|Any CPU
		{0E5AD562-FA5E-443F-A773-7C992E54209E}.Debug|ARM.ActiveCfg = Debug|Any CPU
		{0E5AD562-FA5E-443F-A773-7C992E54209E}.Debug|x64.ActiveCfg = Debug|Any CPU
		{0E5AD562-FA5E-443F-A773-7C992E54209E}.Debug|x86.ActiveCfg = Debug|Any CPU
		{0E5AD562-FA5E-443F-A773-7C992E54209E}.Release|Any CPU.ActiveCfg = Release|Any CPU
		{0E5AD562-FA5E-443F-A773-7C992E54209E}.Release|Any CPU.Build.0 = Release|Any CPU
		{0E5AD562-FA5E-443F-A773-7C992E54209E}.Release|ARM.ActiveCfg = Release|Any CPU
		{0E5AD562-FA5E-443F-A773-7C992E54209E}.Release|x64.ActiveCfg = Release|Any CPU
		{0E5AD562-FA5E-443F-A773-7C992E54209E}.Release|x86.ActiveCfg = Release|Any CPU
		{9C42B357-7E5D-4192-850D-190EAEC0416A}.Debug|Any CPU.ActiveCfg = Debug|Any CPU
		{9C42B357-7E5D-4192-850D-190EAEC0416A}.Debug|Any CPU.Build.0 = Debug|Any CPU
		{9C42B357-7E5D-4192-850D-190EAEC0416A}.Debug|ARM.ActiveCfg = Debug|Any CPU
		{9C42B357-7E5D-4192-850D-190EAEC0416A}.Debug|x64.ActiveCfg = Debug|Any CPU
		{9C42B357-7E5D-4192-850D-190EAEC0416A}.Debug|x86.ActiveCfg = Debug|Any CPU
		{9C42B357-7E5D-4192-850D-190EAEC0416A}.Release|Any CPU.ActiveCfg = Release|Any CPU
		{9C42B357-7E5D-4192-850D-190EAEC0416A}.Release|Any CPU.Build.0 = Release|Any CPU
		{9C42B357-7E5D-4192-850D-190EAEC0416A}.Release|ARM.ActiveCfg = Release|Any CPU
		{9C42B357-7E5D-4192-850D-190EAEC0416A}.Release|x64.ActiveCfg = Release|Any CPU
		{9C42B357-7E5D-4192-850D-190EAEC0416A}.Release|x86.ActiveCfg = Release|Any CPU
		{A6D741FB-B974-491A-A2CE-DE7F491FD66D}.Debug|Any CPU.ActiveCfg = Debug|Any CPU
		{A6D741FB-B974-491A-A2CE-DE7F491FD66D}.Debug|Any CPU.Build.0 = Debug|Any CPU
		{A6D741FB-B974-491A-A2CE-DE7F491FD66D}.Debug|ARM.ActiveCfg = Debug|Any CPU
		{A6D741FB-B974-491A-A2CE-DE7F491FD66D}.Debug|x64.ActiveCfg = Debug|Any CPU
		{A6D741FB-B974-491A-A2CE-DE7F491FD66D}.Debug|x86.ActiveCfg = Debug|Any CPU
		{A6D741FB-B974-491A-A2CE-DE7F491FD66D}.Release|Any CPU.ActiveCfg = Release|Any CPU
		{A6D741FB-B974-491A-A2CE-DE7F491FD66D}.Release|Any CPU.Build.0 = Release|Any CPU
		{A6D741FB-B974-491A-A2CE-DE7F491FD66D}.Release|ARM.ActiveCfg = Release|Any CPU
		{A6D741FB-B974-491A-A2CE-DE7F491FD66D}.Release|x64.ActiveCfg = Release|Any CPU
		{A6D741FB-B974-491A-A2CE-DE7F491FD66D}.Release|x86.ActiveCfg = Release|Any CPU
		{175B67BE-9042-45EE-A8DF-D96FE8B75561}.Debug|Any CPU.ActiveCfg = Debug|Any CPU
		{175B67BE-9042-45EE-A8DF-D96FE8B75561}.Debug|Any CPU.Build.0 = Debug|Any CPU
		{175B67BE-9042-45EE-A8DF-D96FE8B75561}.Debug|ARM.ActiveCfg = Debug|Any CPU
		{175B67BE-9042-45EE-A8DF-D96FE8B75561}.Debug|x64.ActiveCfg = Debug|Any CPU
		{175B67BE-9042-45EE-A8DF-D96FE8B75561}.Debug|x86.ActiveCfg = Debug|Any CPU
		{175B67BE-9042-45EE-A8DF-D96FE8B75561}.Release|Any CPU.ActiveCfg = Release|Any CPU
		{175B67BE-9042-45EE-A8DF-D96FE8B75561}.Release|Any CPU.Build.0 = Release|Any CPU
		{175B67BE-9042-45EE-A8DF-D96FE8B75561}.Release|ARM.ActiveCfg = Release|Any CPU
		{175B67BE-9042-45EE-A8DF-D96FE8B75561}.Release|x64.ActiveCfg = Release|Any CPU
		{175B67BE-9042-45EE-A8DF-D96FE8B75561}.Release|x86.ActiveCfg = Release|Any CPU
		{F156F957-A86C-43BD-8957-29F464BFBED0}.Debug|Any CPU.ActiveCfg = Debug|Any CPU
		{F156F957-A86C-43BD-8957-29F464BFBED0}.Debug|Any CPU.Build.0 = Debug|Any CPU
		{F156F957-A86C-43BD-8957-29F464BFBED0}.Debug|ARM.ActiveCfg = Debug|Any CPU
		{F156F957-A86C-43BD-8957-29F464BFBED0}.Debug|x64.ActiveCfg = Debug|Any CPU
		{F156F957-A86C-43BD-8957-29F464BFBED0}.Debug|x86.ActiveCfg = Debug|Any CPU
		{F156F957-A86C-43BD-8957-29F464BFBED0}.Release|Any CPU.ActiveCfg = Release|Any CPU
		{F156F957-A86C-43BD-8957-29F464BFBED0}.Release|Any CPU.Build.0 = Release|Any CPU
		{F156F957-A86C-43BD-8957-29F464BFBED0}.Release|ARM.ActiveCfg = Release|Any CPU
		{F156F957-A86C-43BD-8957-29F464BFBED0}.Release|x64.ActiveCfg = Release|Any CPU
		{F156F957-A86C-43BD-8957-29F464BFBED0}.Release|x86.ActiveCfg = Release|Any CPU
		{8CB7FFA6-13BF-418E-9B56-9F3D688789DF}.Debug|Any CPU.ActiveCfg = Debug|Any CPU
		{8CB7FFA6-13BF-418E-9B56-9F3D688789DF}.Debug|Any CPU.Build.0 = Debug|Any CPU
		{8CB7FFA6-13BF-418E-9B56-9F3D688789DF}.Debug|ARM.ActiveCfg = Debug|Any CPU
		{8CB7FFA6-13BF-418E-9B56-9F3D688789DF}.Debug|x64.ActiveCfg = Debug|Any CPU
		{8CB7FFA6-13BF-418E-9B56-9F3D688789DF}.Debug|x86.ActiveCfg = Debug|Any CPU
		{8CB7FFA6-13BF-418E-9B56-9F3D688789DF}.Release|Any CPU.ActiveCfg = Release|Any CPU
		{8CB7FFA6-13BF-418E-9B56-9F3D688789DF}.Release|Any CPU.Build.0 = Release|Any CPU
		{8CB7FFA6-13BF-418E-9B56-9F3D688789DF}.Release|ARM.ActiveCfg = Release|Any CPU
		{8CB7FFA6-13BF-418E-9B56-9F3D688789DF}.Release|x64.ActiveCfg = Release|Any CPU
		{8CB7FFA6-13BF-418E-9B56-9F3D688789DF}.Release|x86.ActiveCfg = Release|Any CPU
		{D009CCA7-212D-43AC-BB0D-803F902526CA}.Debug|Any CPU.ActiveCfg = Debug|Any CPU
		{D009CCA7-212D-43AC-BB0D-803F902526CA}.Debug|Any CPU.Build.0 = Debug|Any CPU
		{D009CCA7-212D-43AC-BB0D-803F902526CA}.Debug|ARM.ActiveCfg = Debug|ARM
		{D009CCA7-212D-43AC-BB0D-803F902526CA}.Debug|ARM.Build.0 = Debug|ARM
		{D009CCA7-212D-43AC-BB0D-803F902526CA}.Debug|x64.ActiveCfg = Debug|x64
		{D009CCA7-212D-43AC-BB0D-803F902526CA}.Debug|x64.Build.0 = Debug|x64
		{D009CCA7-212D-43AC-BB0D-803F902526CA}.Debug|x86.ActiveCfg = Debug|x86
		{D009CCA7-212D-43AC-BB0D-803F902526CA}.Debug|x86.Build.0 = Debug|x86
		{D009CCA7-212D-43AC-BB0D-803F902526CA}.Release|Any CPU.ActiveCfg = Release|Any CPU
		{D009CCA7-212D-43AC-BB0D-803F902526CA}.Release|Any CPU.Build.0 = Release|Any CPU
		{D009CCA7-212D-43AC-BB0D-803F902526CA}.Release|ARM.ActiveCfg = Release|ARM
		{D009CCA7-212D-43AC-BB0D-803F902526CA}.Release|ARM.Build.0 = Release|ARM
		{D009CCA7-212D-43AC-BB0D-803F902526CA}.Release|x64.ActiveCfg = Release|x64
		{D009CCA7-212D-43AC-BB0D-803F902526CA}.Release|x64.Build.0 = Release|x64
		{D009CCA7-212D-43AC-BB0D-803F902526CA}.Release|x86.ActiveCfg = Release|x86
		{D009CCA7-212D-43AC-BB0D-803F902526CA}.Release|x86.Build.0 = Release|x86
		{893A7FD4-62E6-4F7A-8FF9-EA502ADA88FA}.Debug|Any CPU.ActiveCfg = Debug|Any CPU
		{893A7FD4-62E6-4F7A-8FF9-EA502ADA88FA}.Debug|Any CPU.Build.0 = Debug|Any CPU
		{893A7FD4-62E6-4F7A-8FF9-EA502ADA88FA}.Debug|ARM.ActiveCfg = Debug|Any CPU
		{893A7FD4-62E6-4F7A-8FF9-EA502ADA88FA}.Debug|x64.ActiveCfg = Debug|Any CPU
		{893A7FD4-62E6-4F7A-8FF9-EA502ADA88FA}.Debug|x86.ActiveCfg = Debug|Any CPU
		{893A7FD4-62E6-4F7A-8FF9-EA502ADA88FA}.Release|Any CPU.ActiveCfg = Release|Any CPU
		{893A7FD4-62E6-4F7A-8FF9-EA502ADA88FA}.Release|Any CPU.Build.0 = Release|Any CPU
		{893A7FD4-62E6-4F7A-8FF9-EA502ADA88FA}.Release|ARM.ActiveCfg = Release|Any CPU
		{893A7FD4-62E6-4F7A-8FF9-EA502ADA88FA}.Release|x64.ActiveCfg = Release|Any CPU
		{893A7FD4-62E6-4F7A-8FF9-EA502ADA88FA}.Release|x86.ActiveCfg = Release|Any CPU
		{19495A45-67A8-460D-806C-CF158B96BBE9}.Debug|Any CPU.ActiveCfg = Debug|Any CPU
		{19495A45-67A8-460D-806C-CF158B96BBE9}.Debug|Any CPU.Build.0 = Debug|Any CPU
		{19495A45-67A8-460D-806C-CF158B96BBE9}.Debug|ARM.ActiveCfg = Debug|Any CPU
		{19495A45-67A8-460D-806C-CF158B96BBE9}.Debug|x64.ActiveCfg = Debug|Any CPU
		{19495A45-67A8-460D-806C-CF158B96BBE9}.Debug|x86.ActiveCfg = Debug|Any CPU
		{19495A45-67A8-460D-806C-CF158B96BBE9}.Release|Any CPU.ActiveCfg = Release|Any CPU
		{19495A45-67A8-460D-806C-CF158B96BBE9}.Release|Any CPU.Build.0 = Release|Any CPU
		{19495A45-67A8-460D-806C-CF158B96BBE9}.Release|ARM.ActiveCfg = Release|Any CPU
		{19495A45-67A8-460D-806C-CF158B96BBE9}.Release|x64.ActiveCfg = Release|Any CPU
		{19495A45-67A8-460D-806C-CF158B96BBE9}.Release|x86.ActiveCfg = Release|Any CPU
		{19727F77-249A-4AC9-859C-8441E5BD41C4}.Debug|Any CPU.ActiveCfg = Debug|Any CPU
		{19727F77-249A-4AC9-859C-8441E5BD41C4}.Debug|Any CPU.Build.0 = Debug|Any CPU
		{19727F77-249A-4AC9-859C-8441E5BD41C4}.Debug|ARM.ActiveCfg = Debug|Any CPU
		{19727F77-249A-4AC9-859C-8441E5BD41C4}.Debug|x64.ActiveCfg = Debug|Any CPU
		{19727F77-249A-4AC9-859C-8441E5BD41C4}.Debug|x86.ActiveCfg = Debug|Any CPU
		{19727F77-249A-4AC9-859C-8441E5BD41C4}.Release|Any CPU.ActiveCfg = Release|Any CPU
		{19727F77-249A-4AC9-859C-8441E5BD41C4}.Release|Any CPU.Build.0 = Release|Any CPU
		{19727F77-249A-4AC9-859C-8441E5BD41C4}.Release|ARM.ActiveCfg = Release|Any CPU
		{19727F77-249A-4AC9-859C-8441E5BD41C4}.Release|x64.ActiveCfg = Release|Any CPU
		{19727F77-249A-4AC9-859C-8441E5BD41C4}.Release|x86.ActiveCfg = Release|Any CPU
		{51E43E76-A342-42D3-A8AD-ABC45CEBD9C5}.Debug|Any CPU.ActiveCfg = Debug|Any CPU
		{51E43E76-A342-42D3-A8AD-ABC45CEBD9C5}.Debug|Any CPU.Build.0 = Debug|Any CPU
		{51E43E76-A342-42D3-A8AD-ABC45CEBD9C5}.Debug|ARM.ActiveCfg = Debug|Any CPU
		{51E43E76-A342-42D3-A8AD-ABC45CEBD9C5}.Debug|x64.ActiveCfg = Debug|Any CPU
		{51E43E76-A342-42D3-A8AD-ABC45CEBD9C5}.Debug|x86.ActiveCfg = Debug|Any CPU
		{51E43E76-A342-42D3-A8AD-ABC45CEBD9C5}.Release|Any CPU.ActiveCfg = Release|Any CPU
		{51E43E76-A342-42D3-A8AD-ABC45CEBD9C5}.Release|Any CPU.Build.0 = Release|Any CPU
		{51E43E76-A342-42D3-A8AD-ABC45CEBD9C5}.Release|ARM.ActiveCfg = Release|Any CPU
		{51E43E76-A342-42D3-A8AD-ABC45CEBD9C5}.Release|x64.ActiveCfg = Release|Any CPU
		{51E43E76-A342-42D3-A8AD-ABC45CEBD9C5}.Release|x86.ActiveCfg = Release|Any CPU
		{80D861DB-FC7B-4DF7-8D87-750EEFC82B46}.Debug|Any CPU.ActiveCfg = Debug|Any CPU
		{80D861DB-FC7B-4DF7-8D87-750EEFC82B46}.Debug|Any CPU.Build.0 = Debug|Any CPU
		{80D861DB-FC7B-4DF7-8D87-750EEFC82B46}.Debug|ARM.ActiveCfg = Debug|Any CPU
		{80D861DB-FC7B-4DF7-8D87-750EEFC82B46}.Debug|x64.ActiveCfg = Debug|Any CPU
		{80D861DB-FC7B-4DF7-8D87-750EEFC82B46}.Debug|x86.ActiveCfg = Debug|Any CPU
		{80D861DB-FC7B-4DF7-8D87-750EEFC82B46}.Release|Any CPU.ActiveCfg = Release|Any CPU
		{80D861DB-FC7B-4DF7-8D87-750EEFC82B46}.Release|Any CPU.Build.0 = Release|Any CPU
		{80D861DB-FC7B-4DF7-8D87-750EEFC82B46}.Release|ARM.ActiveCfg = Release|Any CPU
		{80D861DB-FC7B-4DF7-8D87-750EEFC82B46}.Release|x64.ActiveCfg = Release|Any CPU
		{80D861DB-FC7B-4DF7-8D87-750EEFC82B46}.Release|x86.ActiveCfg = Release|Any CPU
		{1D73A9E4-7F61-4288-BDE1-E13CC63872C0}.Debug|Any CPU.ActiveCfg = Debug|Any CPU
		{1D73A9E4-7F61-4288-BDE1-E13CC63872C0}.Debug|Any CPU.Build.0 = Debug|Any CPU
		{1D73A9E4-7F61-4288-BDE1-E13CC63872C0}.Debug|ARM.ActiveCfg = Debug|Any CPU
		{1D73A9E4-7F61-4288-BDE1-E13CC63872C0}.Debug|x64.ActiveCfg = Debug|Any CPU
		{1D73A9E4-7F61-4288-BDE1-E13CC63872C0}.Debug|x86.ActiveCfg = Debug|Any CPU
		{1D73A9E4-7F61-4288-BDE1-E13CC63872C0}.Release|Any CPU.ActiveCfg = Release|Any CPU
		{1D73A9E4-7F61-4288-BDE1-E13CC63872C0}.Release|Any CPU.Build.0 = Release|Any CPU
		{1D73A9E4-7F61-4288-BDE1-E13CC63872C0}.Release|ARM.ActiveCfg = Release|Any CPU
		{1D73A9E4-7F61-4288-BDE1-E13CC63872C0}.Release|x64.ActiveCfg = Release|Any CPU
		{1D73A9E4-7F61-4288-BDE1-E13CC63872C0}.Release|x86.ActiveCfg = Release|Any CPU
		{C7CB8AC5-E948-4738-B440-ECAE8656667F}.Debug|Any CPU.ActiveCfg = Debug|Any CPU
		{C7CB8AC5-E948-4738-B440-ECAE8656667F}.Debug|Any CPU.Build.0 = Debug|Any CPU
		{C7CB8AC5-E948-4738-B440-ECAE8656667F}.Debug|ARM.ActiveCfg = Debug|Any CPU
		{C7CB8AC5-E948-4738-B440-ECAE8656667F}.Debug|x64.ActiveCfg = Debug|Any CPU
		{C7CB8AC5-E948-4738-B440-ECAE8656667F}.Debug|x86.ActiveCfg = Debug|Any CPU
		{C7CB8AC5-E948-4738-B440-ECAE8656667F}.Release|Any CPU.ActiveCfg = Release|Any CPU
		{C7CB8AC5-E948-4738-B440-ECAE8656667F}.Release|Any CPU.Build.0 = Release|Any CPU
		{C7CB8AC5-E948-4738-B440-ECAE8656667F}.Release|ARM.ActiveCfg = Release|Any CPU
		{C7CB8AC5-E948-4738-B440-ECAE8656667F}.Release|x64.ActiveCfg = Release|Any CPU
		{C7CB8AC5-E948-4738-B440-ECAE8656667F}.Release|x86.ActiveCfg = Release|Any CPU
		{E0D59BBD-CF69-40E9-8023-C113DCEBC0AF}.Debug|Any CPU.ActiveCfg = Debug|Any CPU
		{E0D59BBD-CF69-40E9-8023-C113DCEBC0AF}.Debug|Any CPU.Build.0 = Debug|Any CPU
		{E0D59BBD-CF69-40E9-8023-C113DCEBC0AF}.Debug|ARM.ActiveCfg = Debug|Any CPU
		{E0D59BBD-CF69-40E9-8023-C113DCEBC0AF}.Debug|x64.ActiveCfg = Debug|Any CPU
		{E0D59BBD-CF69-40E9-8023-C113DCEBC0AF}.Debug|x86.ActiveCfg = Debug|Any CPU
		{E0D59BBD-CF69-40E9-8023-C113DCEBC0AF}.Release|Any CPU.ActiveCfg = Release|Any CPU
		{E0D59BBD-CF69-40E9-8023-C113DCEBC0AF}.Release|Any CPU.Build.0 = Release|Any CPU
		{E0D59BBD-CF69-40E9-8023-C113DCEBC0AF}.Release|ARM.ActiveCfg = Release|Any CPU
		{E0D59BBD-CF69-40E9-8023-C113DCEBC0AF}.Release|x64.ActiveCfg = Release|Any CPU
		{E0D59BBD-CF69-40E9-8023-C113DCEBC0AF}.Release|x86.ActiveCfg = Release|Any CPU
		{42AB07F9-CEB2-4A5B-A8FC-B7A85AD4DFD3}.Debug|Any CPU.ActiveCfg = Debug|Any CPU
		{42AB07F9-CEB2-4A5B-A8FC-B7A85AD4DFD3}.Debug|Any CPU.Build.0 = Debug|Any CPU
		{42AB07F9-CEB2-4A5B-A8FC-B7A85AD4DFD3}.Debug|ARM.ActiveCfg = Debug|Any CPU
		{42AB07F9-CEB2-4A5B-A8FC-B7A85AD4DFD3}.Debug|x64.ActiveCfg = Debug|Any CPU
		{42AB07F9-CEB2-4A5B-A8FC-B7A85AD4DFD3}.Debug|x86.ActiveCfg = Debug|Any CPU
		{42AB07F9-CEB2-4A5B-A8FC-B7A85AD4DFD3}.Release|Any CPU.ActiveCfg = Release|Any CPU
		{42AB07F9-CEB2-4A5B-A8FC-B7A85AD4DFD3}.Release|Any CPU.Build.0 = Release|Any CPU
		{42AB07F9-CEB2-4A5B-A8FC-B7A85AD4DFD3}.Release|ARM.ActiveCfg = Release|Any CPU
		{42AB07F9-CEB2-4A5B-A8FC-B7A85AD4DFD3}.Release|x64.ActiveCfg = Release|Any CPU
		{42AB07F9-CEB2-4A5B-A8FC-B7A85AD4DFD3}.Release|x86.ActiveCfg = Release|Any CPU
	EndGlobalSection
	GlobalSection(SolutionProperties) = preSolution
		HideSolutionNode = FALSE
	EndGlobalSection
	GlobalSection(NestedProjects) = preSolution
		{DE760EB5-95B4-4E56-89FB-48A38DDDC80A} = {D6B06B88-8371-4360-B47E-8A772B92323A}
		{A842E52E-4001-4BD8-BDCD-C95630D984D4} = {D6B06B88-8371-4360-B47E-8A772B92323A}
		{09CD285E-A097-4C38-8598-5A9BE0557030} = {D6B06B88-8371-4360-B47E-8A772B92323A}
		{011FCD78-30C5-42BC-9499-AA4B4CDD7897} = {D6B06B88-8371-4360-B47E-8A772B92323A}
		{9C42B357-7E5D-4192-850D-190EAEC0416A} = {D6B06B88-8371-4360-B47E-8A772B92323A}
		{175B67BE-9042-45EE-A8DF-D96FE8B75561} = {D6B06B88-8371-4360-B47E-8A772B92323A}
		{09A84445-2AA3-4D99-89F7-007CA3EF91A3} = {A3324369-1E2D-495C-8E96-109B6F98F003}
		{A6D741FB-B974-491A-A2CE-DE7F491FD66D} = {A3324369-1E2D-495C-8E96-109B6F98F003}
		{F156F957-A86C-43BD-8957-29F464BFBED0} = {A3324369-1E2D-495C-8E96-109B6F98F003}
		{CFDFCEA2-BAFB-455E-BEF4-40343DE968CF} = {B70211DF-4DB4-4D29-842C-1CE527BD1EFC}
		{7E6D5FC5-4ED0-433C-A92C-D4A0C0146CCB} = {B70211DF-4DB4-4D29-842C-1CE527BD1EFC}
		{563E54B0-9127-47DF-AC4A-F461F8EC490E} = {B70211DF-4DB4-4D29-842C-1CE527BD1EFC}
		{C0B51E2B-E18C-4F3E-B7E6-40F322029EDA} = {B70211DF-4DB4-4D29-842C-1CE527BD1EFC}
		{53D43F26-87EC-4217-A53D-33C1BFC9E778} = {B70211DF-4DB4-4D29-842C-1CE527BD1EFC}
		{0E5AD562-FA5E-443F-A773-7C992E54209E} = {B70211DF-4DB4-4D29-842C-1CE527BD1EFC}
		{D009CCA7-212D-43AC-BB0D-803F902526CA} = {B70211DF-4DB4-4D29-842C-1CE527BD1EFC}
		{8CB7FFA6-13BF-418E-9B56-9F3D688789DF} = {3EFCB91A-CD3E-4F0A-B198-EECEC336D163}
		{893A7FD4-62E6-4F7A-8FF9-EA502ADA88FA} = {559DC157-DDC9-44BA-B25D-0A18E286D1CC}
		{80D861DB-FC7B-4DF7-8D87-750EEFC82B46} = {559DC157-DDC9-44BA-B25D-0A18E286D1CC}
		{19495A45-67A8-460D-806C-CF158B96BBE9} = {C3406DF1-E92C-4100-BEF9-B49F616E77C5}
		{19727F77-249A-4AC9-859C-8441E5BD41C4} = {C3406DF1-E92C-4100-BEF9-B49F616E77C5}
		{51E43E76-A342-42D3-A8AD-ABC45CEBD9C5} = {C3406DF1-E92C-4100-BEF9-B49F616E77C5}
		{1D73A9E4-7F61-4288-BDE1-E13CC63872C0} = {B9ACA570-A4AC-4AC9-95E2-A95BCEDBD866}
		{C7CB8AC5-E948-4738-B440-ECAE8656667F} = {B9ACA570-A4AC-4AC9-95E2-A95BCEDBD866}
		{E0D59BBD-CF69-40E9-8023-C113DCEBC0AF} = {B9ACA570-A4AC-4AC9-95E2-A95BCEDBD866}
		{42AB07F9-CEB2-4A5B-A8FC-B7A85AD4DFD3} = {B9ACA570-A4AC-4AC9-95E2-A95BCEDBD866}
	EndGlobalSection
EndGlobal
