
Microsoft Visual Studio Solution File, Format Version 11.00
# Visual Studio 2010
Project("{FAE04EC0-301F-11D3-BF4B-00C04F79EFBC}") = "SrkToolkit.Mvvm - WP7", "WP7.SrkToolkit.Mvvm\SrkToolkit.Mvvm - WP7.csproj", "{DE760EB5-95B4-4E56-89FB-48A38DDDC80A}"
EndProject
Project("{2150E333-8FDC-42A3-9474-1A3956D46DE8}") = "MVVM Stuff", "MVVM Stuff", "{D6B06B88-8371-4360-B47E-8A772B92323A}"
EndProject
Project("{2150E333-8FDC-42A3-9474-1A3956D46DE8}") = "Base", "Base", "{8D133D19-20AB-4E33-93D1-F91F18011299}"
EndProject
Project("{2150E333-8FDC-42A3-9474-1A3956D46DE8}") = "Wild Services", "Wild Services", "{866B4EE7-5350-4FBC-8955-5DAE16A89EF6}"
EndProject
Project("{FAE04EC0-301F-11D3-BF4B-00C04F79EFBC}") = "SrkToolkit.Sl4Base", "SrkToolkit.Sl4Base\SrkToolkit.Sl4Base.csproj", "{439DCB51-6738-44C4-8EE6-A3032A8D8E67}"
EndProject
Project("{FAE04EC0-301F-11D3-BF4B-00C04F79EFBC}") = "SrkToolkit.Base", "SrkToolkit.Base\SrkToolkit.Base.csproj", "{D3FED2E6-C159-4C51-AF90-CF15FAFA5334}"
EndProject
Project("{FAE04EC0-301F-11D3-BF4B-00C04F79EFBC}") = "SrkToolkit.WildServiceRef", "SrkToolkit.WildServiceRef\SrkToolkit.WildServiceRef.csproj", "{00CE188C-0F29-4AA4-A567-55B2E537D3F5}"
EndProject
Project("{FAE04EC0-301F-11D3-BF4B-00C04F79EFBC}") = "SrkToolkit.WildServiceRef.CodeGeneration", "SrkToolkit.WildServiceRef.CodeGeneration\SrkToolkit.WildServiceRef.CodeGeneration.csproj", "{3AF5844E-EB56-4B2F-9679-C6276C0D2869}"
EndProject
Project("{FAE04EC0-301F-11D3-BF4B-00C04F79EFBC}") = "SrkToolkit.WcfServiceRef", "SrkToolkit.WcfServiceRef\SrkToolkit.WcfServiceRef.csproj", "{3AAB750C-6AB7-4FE2-A2E8-E517E7E2AA4D}"
EndProject
Project("{2150E333-8FDC-42A3-9474-1A3956D46DE8}") = "WCF Services", "WCF Services", "{E7D4AA6A-83FC-4D63-8006-6B37DE4E6338}"
EndProject
Project("{FAE04EC0-301F-11D3-BF4B-00C04F79EFBC}") = "SrkToolkit.Mvvm - WPF4", "WPF4.SrkToolkit.Mvvm\SrkToolkit.Mvvm - WPF4.csproj", "{A842E52E-4001-4BD8-BDCD-C95630D984D4}"
EndProject
Project("{FAE04EC0-301F-11D3-BF4B-00C04F79EFBC}") = "SrkToolkit.Mvvm - SL4", "SL4.SrkToolkit.Mvvm\SrkToolkit.Mvvm - SL4.csproj", "{09CD285E-A097-4C38-8598-5A9BE0557030}"
EndProject
Project("{2150E333-8FDC-42A3-9474-1A3956D46DE8}") = "XAML", "XAML", "{A3324369-1E2D-495C-8E96-109B6F98F003}"
EndProject
Project("{FAE04EC0-301F-11D3-BF4B-00C04F79EFBC}") = "SrkToolkit.Xaml - WPF4", "WPF4.SrkToolkit.Xaml\SrkToolkit.Xaml - WPF4.csproj", "{09A84445-2AA3-4D99-89F7-007CA3EF91A3}"
EndProject
Project("{FAE04EC0-301F-11D3-BF4B-00C04F79EFBC}") = "SrkToolkit.Mvvm - WP75", "WP75.SrkToolkit.Mvvm\SrkToolkit.Mvvm - WP75.csproj", "{8EB51DDC-1767-4E30-B199-D06262978C09}"
EndProject
Project("{2150E333-8FDC-42A3-9474-1A3956D46DE8}") = "WCF and WSR services", "WCF and WSR services", "{AB482673-71EA-4C4D-A51E-6360784F55FC}"
EndProject
Project("{FAE04EC0-301F-11D3-BF4B-00C04F79EFBC}") = "SrkToolkit.ServiceDefinition", "SrkToolkit.ServiceDefinition\SrkToolkit.ServiceDefinition.csproj", "{27780307-C96C-4A0B-8A68-756151AF039A}"
EndProject
Project("{2150E333-8FDC-42A3-9474-1A3956D46DE8}") = "Application services", "Application services", "{B70211DF-4DB4-4D29-842C-1CE527BD1EFC}"
EndProject
Project("{FAE04EC0-301F-11D3-BF4B-00C04F79EFBC}") = "SrkToolkit.Services - NET4", "NET4.SrkToolkit.Services\SrkToolkit.Services - NET4.csproj", "{CFDFCEA2-BAFB-455E-BEF4-40343DE968CF}"
EndProject
Project("{FAE04EC0-301F-11D3-BF4B-00C04F79EFBC}") = "SrkToolkit.Services.Tests - NET4", "NET4.SrkToolkit.Services.Tests\SrkToolkit.Services.Tests - NET4.csproj", "{7E6D5FC5-4ED0-433C-A92C-D4A0C0146CCB}"
EndProject
Project("{2150E333-8FDC-42A3-9474-1A3956D46DE8}") = "Solution Items", "Solution Items", "{563E54B0-9127-47DF-AC4A-F461F8EC490E}"
	ProjectSection(SolutionItems) = preProject
		Local.testsettings = Local.testsettings
		SrkToolkit.vsmdi = SrkToolkit.vsmdi
		TraceAndTestImpact.testsettings = TraceAndTestImpact.testsettings
	EndProjectSection
EndProject
Project("{FAE04EC0-301F-11D3-BF4B-00C04F79EFBC}") = "SrkToolkit.Services - WP7", "WP7.SrkToolkit.Services\SrkToolkit.Services - WP7.csproj", "{C0B51E2B-E18C-4F3E-B7E6-40F322029EDA}"
EndProject
Project("{FAE04EC0-301F-11D3-BF4B-00C04F79EFBC}") = "SrkToolkit.Services - WP71", "WP71.SrkToolkit.Services\SrkToolkit.Services - WP71.csproj", "{53D43F26-87EC-4217-A53D-33C1BFC9E778}"
EndProject
Global
	GlobalSection(TestCaseManagementSettings) = postSolution
		CategoryFile = SrkToolkit.vsmdi
	EndGlobalSection
	GlobalSection(SolutionConfigurationPlatforms) = preSolution
		Debug|Any CPU = Debug|Any CPU
		Release|Any CPU = Release|Any CPU
	EndGlobalSection
	GlobalSection(ProjectConfigurationPlatforms) = postSolution
		{DE760EB5-95B4-4E56-89FB-48A38DDDC80A}.Debug|Any CPU.ActiveCfg = Debug|Any CPU
		{DE760EB5-95B4-4E56-89FB-48A38DDDC80A}.Debug|Any CPU.Build.0 = Debug|Any CPU
		{DE760EB5-95B4-4E56-89FB-48A38DDDC80A}.Release|Any CPU.ActiveCfg = Release|Any CPU
		{DE760EB5-95B4-4E56-89FB-48A38DDDC80A}.Release|Any CPU.Build.0 = Release|Any CPU
		{439DCB51-6738-44C4-8EE6-A3032A8D8E67}.Debug|Any CPU.ActiveCfg = Debug|Any CPU
		{439DCB51-6738-44C4-8EE6-A3032A8D8E67}.Debug|Any CPU.Build.0 = Debug|Any CPU
		{439DCB51-6738-44C4-8EE6-A3032A8D8E67}.Release|Any CPU.ActiveCfg = Release|Any CPU
		{439DCB51-6738-44C4-8EE6-A3032A8D8E67}.Release|Any CPU.Build.0 = Release|Any CPU
		{D3FED2E6-C159-4C51-AF90-CF15FAFA5334}.Debug|Any CPU.ActiveCfg = Debug|Any CPU
		{D3FED2E6-C159-4C51-AF90-CF15FAFA5334}.Debug|Any CPU.Build.0 = Debug|Any CPU
		{D3FED2E6-C159-4C51-AF90-CF15FAFA5334}.Release|Any CPU.ActiveCfg = Release|Any CPU
		{D3FED2E6-C159-4C51-AF90-CF15FAFA5334}.Release|Any CPU.Build.0 = Release|Any CPU
		{00CE188C-0F29-4AA4-A567-55B2E537D3F5}.Debug|Any CPU.ActiveCfg = Debug|Any CPU
		{00CE188C-0F29-4AA4-A567-55B2E537D3F5}.Debug|Any CPU.Build.0 = Debug|Any CPU
		{00CE188C-0F29-4AA4-A567-55B2E537D3F5}.Release|Any CPU.ActiveCfg = Release|Any CPU
		{00CE188C-0F29-4AA4-A567-55B2E537D3F5}.Release|Any CPU.Build.0 = Release|Any CPU
		{3AF5844E-EB56-4B2F-9679-C6276C0D2869}.Debug|Any CPU.ActiveCfg = Debug|Any CPU
		{3AF5844E-EB56-4B2F-9679-C6276C0D2869}.Debug|Any CPU.Build.0 = Debug|Any CPU
		{3AF5844E-EB56-4B2F-9679-C6276C0D2869}.Release|Any CPU.ActiveCfg = Release|Any CPU
		{3AF5844E-EB56-4B2F-9679-C6276C0D2869}.Release|Any CPU.Build.0 = Release|Any CPU
		{3AAB750C-6AB7-4FE2-A2E8-E517E7E2AA4D}.Debug|Any CPU.ActiveCfg = Debug|Any CPU
		{3AAB750C-6AB7-4FE2-A2E8-E517E7E2AA4D}.Debug|Any CPU.Build.0 = Debug|Any CPU
		{3AAB750C-6AB7-4FE2-A2E8-E517E7E2AA4D}.Release|Any CPU.ActiveCfg = Release|Any CPU
		{3AAB750C-6AB7-4FE2-A2E8-E517E7E2AA4D}.Release|Any CPU.Build.0 = Release|Any CPU
		{A842E52E-4001-4BD8-BDCD-C95630D984D4}.Debug|Any CPU.ActiveCfg = Debug|Any CPU
		{A842E52E-4001-4BD8-BDCD-C95630D984D4}.Debug|Any CPU.Build.0 = Debug|Any CPU
		{A842E52E-4001-4BD8-BDCD-C95630D984D4}.Release|Any CPU.ActiveCfg = Release|Any CPU
		{A842E52E-4001-4BD8-BDCD-C95630D984D4}.Release|Any CPU.Build.0 = Release|Any CPU
		{09CD285E-A097-4C38-8598-5A9BE0557030}.Debug|Any CPU.ActiveCfg = Debug|Any CPU
		{09CD285E-A097-4C38-8598-5A9BE0557030}.Debug|Any CPU.Build.0 = Debug|Any CPU
		{09CD285E-A097-4C38-8598-5A9BE0557030}.Release|Any CPU.ActiveCfg = Release|Any CPU
		{09CD285E-A097-4C38-8598-5A9BE0557030}.Release|Any CPU.Build.0 = Release|Any CPU
		{09A84445-2AA3-4D99-89F7-007CA3EF91A3}.Debug|Any CPU.ActiveCfg = Debug|Any CPU
		{09A84445-2AA3-4D99-89F7-007CA3EF91A3}.Debug|Any CPU.Build.0 = Debug|Any CPU
		{09A84445-2AA3-4D99-89F7-007CA3EF91A3}.Release|Any CPU.ActiveCfg = Release|Any CPU
		{09A84445-2AA3-4D99-89F7-007CA3EF91A3}.Release|Any CPU.Build.0 = Release|Any CPU
		{8EB51DDC-1767-4E30-B199-D06262978C09}.Debug|Any CPU.ActiveCfg = Debug|Any CPU
		{8EB51DDC-1767-4E30-B199-D06262978C09}.Debug|Any CPU.Build.0 = Debug|Any CPU
		{8EB51DDC-1767-4E30-B199-D06262978C09}.Release|Any CPU.ActiveCfg = Release|Any CPU
		{8EB51DDC-1767-4E30-B199-D06262978C09}.Release|Any CPU.Build.0 = Release|Any CPU
		{27780307-C96C-4A0B-8A68-756151AF039A}.Debug|Any CPU.ActiveCfg = Debug|Any CPU
		{27780307-C96C-4A0B-8A68-756151AF039A}.Debug|Any CPU.Build.0 = Debug|Any CPU
		{27780307-C96C-4A0B-8A68-756151AF039A}.Release|Any CPU.ActiveCfg = Release|Any CPU
		{27780307-C96C-4A0B-8A68-756151AF039A}.Release|Any CPU.Build.0 = Release|Any CPU
		{CFDFCEA2-BAFB-455E-BEF4-40343DE968CF}.Debug|Any CPU.ActiveCfg = Debug|Any CPU
		{CFDFCEA2-BAFB-455E-BEF4-40343DE968CF}.Debug|Any CPU.Build.0 = Debug|Any CPU
		{CFDFCEA2-BAFB-455E-BEF4-40343DE968CF}.Release|Any CPU.ActiveCfg = Release|Any CPU
		{CFDFCEA2-BAFB-455E-BEF4-40343DE968CF}.Release|Any CPU.Build.0 = Release|Any CPU
		{7E6D5FC5-4ED0-433C-A92C-D4A0C0146CCB}.Debug|Any CPU.ActiveCfg = Debug|Any CPU
		{7E6D5FC5-4ED0-433C-A92C-D4A0C0146CCB}.Debug|Any CPU.Build.0 = Debug|Any CPU
		{7E6D5FC5-4ED0-433C-A92C-D4A0C0146CCB}.Release|Any CPU.ActiveCfg = Release|Any CPU
		{7E6D5FC5-4ED0-433C-A92C-D4A0C0146CCB}.Release|Any CPU.Build.0 = Release|Any CPU
		{C0B51E2B-E18C-4F3E-B7E6-40F322029EDA}.Debug|Any CPU.ActiveCfg = Debug|Any CPU
		{C0B51E2B-E18C-4F3E-B7E6-40F322029EDA}.Debug|Any CPU.Build.0 = Debug|Any CPU
		{C0B51E2B-E18C-4F3E-B7E6-40F322029EDA}.Release|Any CPU.ActiveCfg = Release|Any CPU
		{C0B51E2B-E18C-4F3E-B7E6-40F322029EDA}.Release|Any CPU.Build.0 = Release|Any CPU
		{53D43F26-87EC-4217-A53D-33C1BFC9E778}.Debug|Any CPU.ActiveCfg = Debug|Any CPU
		{53D43F26-87EC-4217-A53D-33C1BFC9E778}.Debug|Any CPU.Build.0 = Debug|Any CPU
		{53D43F26-87EC-4217-A53D-33C1BFC9E778}.Release|Any CPU.ActiveCfg = Release|Any CPU
		{53D43F26-87EC-4217-A53D-33C1BFC9E778}.Release|Any CPU.Build.0 = Release|Any CPU
	EndGlobalSection
	GlobalSection(SolutionProperties) = preSolution
		HideSolutionNode = FALSE
	EndGlobalSection
	GlobalSection(NestedProjects) = preSolution
		{DE760EB5-95B4-4E56-89FB-48A38DDDC80A} = {D6B06B88-8371-4360-B47E-8A772B92323A}
		{A842E52E-4001-4BD8-BDCD-C95630D984D4} = {D6B06B88-8371-4360-B47E-8A772B92323A}
		{09CD285E-A097-4C38-8598-5A9BE0557030} = {D6B06B88-8371-4360-B47E-8A772B92323A}
		{8EB51DDC-1767-4E30-B199-D06262978C09} = {D6B06B88-8371-4360-B47E-8A772B92323A}
		{439DCB51-6738-44C4-8EE6-A3032A8D8E67} = {8D133D19-20AB-4E33-93D1-F91F18011299}
		{D3FED2E6-C159-4C51-AF90-CF15FAFA5334} = {8D133D19-20AB-4E33-93D1-F91F18011299}
		{866B4EE7-5350-4FBC-8955-5DAE16A89EF6} = {AB482673-71EA-4C4D-A51E-6360784F55FC}
		{E7D4AA6A-83FC-4D63-8006-6B37DE4E6338} = {AB482673-71EA-4C4D-A51E-6360784F55FC}
		{27780307-C96C-4A0B-8A68-756151AF039A} = {AB482673-71EA-4C4D-A51E-6360784F55FC}
		{3AF5844E-EB56-4B2F-9679-C6276C0D2869} = {866B4EE7-5350-4FBC-8955-5DAE16A89EF6}
		{00CE188C-0F29-4AA4-A567-55B2E537D3F5} = {866B4EE7-5350-4FBC-8955-5DAE16A89EF6}
		{3AAB750C-6AB7-4FE2-A2E8-E517E7E2AA4D} = {E7D4AA6A-83FC-4D63-8006-6B37DE4E6338}
		{09A84445-2AA3-4D99-89F7-007CA3EF91A3} = {A3324369-1E2D-495C-8E96-109B6F98F003}
		{CFDFCEA2-BAFB-455E-BEF4-40343DE968CF} = {B70211DF-4DB4-4D29-842C-1CE527BD1EFC}
		{7E6D5FC5-4ED0-433C-A92C-D4A0C0146CCB} = {B70211DF-4DB4-4D29-842C-1CE527BD1EFC}
		{563E54B0-9127-47DF-AC4A-F461F8EC490E} = {B70211DF-4DB4-4D29-842C-1CE527BD1EFC}
		{C0B51E2B-E18C-4F3E-B7E6-40F322029EDA} = {B70211DF-4DB4-4D29-842C-1CE527BD1EFC}
		{53D43F26-87EC-4217-A53D-33C1BFC9E778} = {B70211DF-4DB4-4D29-842C-1CE527BD1EFC}
	EndGlobalSection
EndGlobal
