
Microsoft Visual Studio Solution File, Format Version 12.00
# Visual Studio 2012
Project("{FAE04EC0-301F-11D3-BF4B-00C04F79EFBC}") = "WP7.SrkToolkit.Mvvm", "WP7.SrkToolkit.Mvvm\WP7.SrkToolkit.Mvvm.csproj", "{DE760EB5-95B4-4E56-89FB-48A38DDDC80A}"
EndProject
Project("{2150E333-8FDC-42A3-9474-1A3956D46DE8}") = "MVVM Stuff", "MVVM Stuff", "{D6B06B88-8371-4360-B47E-8A772B92323A}"
EndProject
Project("{FAE04EC0-301F-11D3-BF4B-00C04F79EFBC}") = "WPF4.SrkToolkit.Mvvm", "WPF4.SrkToolkit.Mvvm\WPF4.SrkToolkit.Mvvm.csproj", "{A842E52E-4001-4BD8-BDCD-C95630D984D4}"
EndProject
Project("{FAE04EC0-301F-11D3-BF4B-00C04F79EFBC}") = "SL4.SrkToolkit.Mvvm", "SL4.SrkToolkit.Mvvm\SL4.SrkToolkit.Mvvm.csproj", "{09CD285E-A097-4C38-8598-5A9BE0557030}"
EndProject
Project("{2150E333-8FDC-42A3-9474-1A3956D46DE8}") = "XAML", "XAML", "{A3324369-1E2D-495C-8E96-109B6F98F003}"
EndProject
Project("{FAE04EC0-301F-11D3-BF4B-00C04F79EFBC}") = "WPF4.SrkToolkit.Xaml", "WPF4.SrkToolkit.Xaml\WPF4.SrkToolkit.Xaml.csproj", "{09A84445-2AA3-4D99-89F7-007CA3EF91A3}"
EndProject
Project("{FAE04EC0-301F-11D3-BF4B-00C04F79EFBC}") = "WP71.SrkToolkit.Mvvm", "WP71.SrkToolkit.Mvvm\WP71.SrkToolkit.Mvvm.csproj", "{011FCD78-30C5-42BC-9499-AA4B4CDD7897}"
EndProject
Project("{2150E333-8FDC-42A3-9474-1A3956D46DE8}") = "ApplicationServices", "ApplicationServices", "{B70211DF-4DB4-4D29-842C-1CE527BD1EFC}"
EndProject
Project("{FAE04EC0-301F-11D3-BF4B-00C04F79EFBC}") = "NET4.SrkToolkit.Services", "NET4.SrkToolkit.Services\NET4.SrkToolkit.Services.csproj", "{CFDFCEA2-BAFB-455E-BEF4-40343DE968CF}"
EndProject
Project("{FAE04EC0-301F-11D3-BF4B-00C04F79EFBC}") = "NET4.SrkToolkit.Services.Tests", "NET4.SrkToolkit.Services.Tests\NET4.SrkToolkit.Services.Tests.csproj", "{7E6D5FC5-4ED0-433C-A92C-D4A0C0146CCB}"
EndProject
Project("{2150E333-8FDC-42A3-9474-1A3956D46DE8}") = "Solution Items", "Solution Items", "{563E54B0-9127-47DF-AC4A-F461F8EC490E}"
	ProjectSection(SolutionItems) = preProject
		Local.testsettings = Local.testsettings
		SrkToolkit.vsmdi = SrkToolkit.vsmdi
		TraceAndTestImpact.testsettings = TraceAndTestImpact.testsettings
	EndProjectSection
EndProject
Project("{FAE04EC0-301F-11D3-BF4B-00C04F79EFBC}") = "WP7.SrkToolkit.Services", "WP7.SrkToolkit.Services\WP7.SrkToolkit.Services.csproj", "{C0B51E2B-E18C-4F3E-B7E6-40F322029EDA}"
EndProject
Project("{FAE04EC0-301F-11D3-BF4B-00C04F79EFBC}") = "WP71.SrkToolkit.Services", "WP71.SrkToolkit.Services\WP71.SrkToolkit.Services.csproj", "{53D43F26-87EC-4217-A53D-33C1BFC9E778}"
EndProject
Project("{FAE04EC0-301F-11D3-BF4B-00C04F79EFBC}") = "SL4.SrkToolkit.Services", "SL4.SrkToolkit.Services\SL4.SrkToolkit.Services.csproj", "{0E5AD562-FA5E-443F-A773-7C992E54209E}"
EndProject
Project("{FAE04EC0-301F-11D3-BF4B-00C04F79EFBC}") = "NET4.SrkToolkit.Mvvm.Tests", "NET4.SrkToolkit.Mvvm.Tests\NET4.SrkToolkit.Mvvm.Tests.csproj", "{9C42B357-7E5D-4192-850D-190EAEC0416A}"
EndProject
Project("{FAE04EC0-301F-11D3-BF4B-00C04F79EFBC}") = "WPF45.SrkToolkit.Xaml", "WPF45.SrkToolkit.Xaml\WPF45.SrkToolkit.Xaml.csproj", "{A6D741FB-B974-491A-A2CE-DE7F491FD66D}"
EndProject
Project("{FAE04EC0-301F-11D3-BF4B-00C04F79EFBC}") = "WPF45.SrkToolkit.Mvvm", "WPF45.SrkToolkit.Mvvm\WPF45.SrkToolkit.Mvvm.csproj", "{175B67BE-9042-45EE-A8DF-D96FE8B75561}"
EndProject
Project("{FAE04EC0-301F-11D3-BF4B-00C04F79EFBC}") = "SL4.SrkToolkit.Xaml", "SL4.SrkToolkit.Xaml\SL4.SrkToolkit.Xaml.csproj", "{F156F957-A86C-43BD-8957-29F464BFBED0}"
EndProject
Global
	GlobalSection(TestCaseManagementSettings) = postSolution
		CategoryFile = SrkToolkit.vsmdi
	EndGlobalSection
	GlobalSection(SolutionConfigurationPlatforms) = preSolution
		Debug|Any CPU = Debug|Any CPU
		Release|Any CPU = Release|Any CPU
	EndGlobalSection
	GlobalSection(ProjectConfigurationPlatforms) = postSolution
		{011FCD78-30C5-42BC-9499-AA4B4CDD7897}.Debug|Any CPU.ActiveCfg = Debug|Any CPU
		{011FCD78-30C5-42BC-9499-AA4B4CDD7897}.Debug|Any CPU.Build.0 = Debug|Any CPU
		{011FCD78-30C5-42BC-9499-AA4B4CDD7897}.Release|Any CPU.ActiveCfg = Release|Any CPU
		{011FCD78-30C5-42BC-9499-AA4B4CDD7897}.Release|Any CPU.Build.0 = Release|Any CPU
		{09A84445-2AA3-4D99-89F7-007CA3EF91A3}.Debug|Any CPU.ActiveCfg = Debug|Any CPU
		{09A84445-2AA3-4D99-89F7-007CA3EF91A3}.Debug|Any CPU.Build.0 = Debug|Any CPU
		{09A84445-2AA3-4D99-89F7-007CA3EF91A3}.Release|Any CPU.ActiveCfg = Release|Any CPU
		{09A84445-2AA3-4D99-89F7-007CA3EF91A3}.Release|Any CPU.Build.0 = Release|Any CPU
		{09CD285E-A097-4C38-8598-5A9BE0557030}.Debug|Any CPU.ActiveCfg = Debug|Any CPU
		{09CD285E-A097-4C38-8598-5A9BE0557030}.Debug|Any CPU.Build.0 = Debug|Any CPU
		{09CD285E-A097-4C38-8598-5A9BE0557030}.Release|Any CPU.ActiveCfg = Release|Any CPU
		{09CD285E-A097-4C38-8598-5A9BE0557030}.Release|Any CPU.Build.0 = Release|Any CPU
		{0E5AD562-FA5E-443F-A773-7C992E54209E}.Debug|Any CPU.ActiveCfg = Debug|Any CPU
		{0E5AD562-FA5E-443F-A773-7C992E54209E}.Debug|Any CPU.Build.0 = Debug|Any CPU
		{0E5AD562-FA5E-443F-A773-7C992E54209E}.Release|Any CPU.ActiveCfg = Release|Any CPU
		{0E5AD562-FA5E-443F-A773-7C992E54209E}.Release|Any CPU.Build.0 = Release|Any CPU
		{175B67BE-9042-45EE-A8DF-D96FE8B75561}.Debug|Any CPU.ActiveCfg = Debug|Any CPU
		{175B67BE-9042-45EE-A8DF-D96FE8B75561}.Debug|Any CPU.Build.0 = Debug|Any CPU
		{175B67BE-9042-45EE-A8DF-D96FE8B75561}.Release|Any CPU.ActiveCfg = Release|Any CPU
		{175B67BE-9042-45EE-A8DF-D96FE8B75561}.Release|Any CPU.Build.0 = Release|Any CPU
		{53D43F26-87EC-4217-A53D-33C1BFC9E778}.Debug|Any CPU.ActiveCfg = Debug|Any CPU
		{53D43F26-87EC-4217-A53D-33C1BFC9E778}.Debug|Any CPU.Build.0 = Debug|Any CPU
		{53D43F26-87EC-4217-A53D-33C1BFC9E778}.Release|Any CPU.ActiveCfg = Release|Any CPU
		{53D43F26-87EC-4217-A53D-33C1BFC9E778}.Release|Any CPU.Build.0 = Release|Any CPU
		{7E6D5FC5-4ED0-433C-A92C-D4A0C0146CCB}.Debug|Any CPU.ActiveCfg = Debug|Any CPU
		{7E6D5FC5-4ED0-433C-A92C-D4A0C0146CCB}.Debug|Any CPU.Build.0 = Debug|Any CPU
		{7E6D5FC5-4ED0-433C-A92C-D4A0C0146CCB}.Release|Any CPU.ActiveCfg = Release|Any CPU
		{7E6D5FC5-4ED0-433C-A92C-D4A0C0146CCB}.Release|Any CPU.Build.0 = Release|Any CPU
		{9C42B357-7E5D-4192-850D-190EAEC0416A}.Debug|Any CPU.ActiveCfg = Debug|Any CPU
		{9C42B357-7E5D-4192-850D-190EAEC0416A}.Debug|Any CPU.Build.0 = Debug|Any CPU
		{9C42B357-7E5D-4192-850D-190EAEC0416A}.Release|Any CPU.ActiveCfg = Release|Any CPU
		{9C42B357-7E5D-4192-850D-190EAEC0416A}.Release|Any CPU.Build.0 = Release|Any CPU
		{A6D741FB-B974-491A-A2CE-DE7F491FD66D}.Debug|Any CPU.ActiveCfg = Debug|Any CPU
		{A6D741FB-B974-491A-A2CE-DE7F491FD66D}.Debug|Any CPU.Build.0 = Debug|Any CPU
		{A6D741FB-B974-491A-A2CE-DE7F491FD66D}.Release|Any CPU.ActiveCfg = Release|Any CPU
		{A6D741FB-B974-491A-A2CE-DE7F491FD66D}.Release|Any CPU.Build.0 = Release|Any CPU
		{A842E52E-4001-4BD8-BDCD-C95630D984D4}.Debug|Any CPU.ActiveCfg = Debug|Any CPU
		{A842E52E-4001-4BD8-BDCD-C95630D984D4}.Debug|Any CPU.Build.0 = Debug|Any CPU
		{A842E52E-4001-4BD8-BDCD-C95630D984D4}.Release|Any CPU.ActiveCfg = Release|Any CPU
		{A842E52E-4001-4BD8-BDCD-C95630D984D4}.Release|Any CPU.Build.0 = Release|Any CPU
		{C0B51E2B-E18C-4F3E-B7E6-40F322029EDA}.Debug|Any CPU.ActiveCfg = Debug|Any CPU
		{C0B51E2B-E18C-4F3E-B7E6-40F322029EDA}.Debug|Any CPU.Build.0 = Debug|Any CPU
		{C0B51E2B-E18C-4F3E-B7E6-40F322029EDA}.Release|Any CPU.ActiveCfg = Release|Any CPU
		{C0B51E2B-E18C-4F3E-B7E6-40F322029EDA}.Release|Any CPU.Build.0 = Release|Any CPU
		{CFDFCEA2-BAFB-455E-BEF4-40343DE968CF}.Debug|Any CPU.ActiveCfg = Debug|Any CPU
		{CFDFCEA2-BAFB-455E-BEF4-40343DE968CF}.Debug|Any CPU.Build.0 = Debug|Any CPU
		{CFDFCEA2-BAFB-455E-BEF4-40343DE968CF}.Release|Any CPU.ActiveCfg = Release|Any CPU
		{CFDFCEA2-BAFB-455E-BEF4-40343DE968CF}.Release|Any CPU.Build.0 = Release|Any CPU
		{DE760EB5-95B4-4E56-89FB-48A38DDDC80A}.Debug|Any CPU.ActiveCfg = Debug|Any CPU
		{DE760EB5-95B4-4E56-89FB-48A38DDDC80A}.Debug|Any CPU.Build.0 = Debug|Any CPU
		{DE760EB5-95B4-4E56-89FB-48A38DDDC80A}.Release|Any CPU.ActiveCfg = Release|Any CPU
		{DE760EB5-95B4-4E56-89FB-48A38DDDC80A}.Release|Any CPU.Build.0 = Release|Any CPU
		{F156F957-A86C-43BD-8957-29F464BFBED0}.Debug|Any CPU.ActiveCfg = Debug|Any CPU
		{F156F957-A86C-43BD-8957-29F464BFBED0}.Debug|Any CPU.Build.0 = Debug|Any CPU
		{F156F957-A86C-43BD-8957-29F464BFBED0}.Release|Any CPU.ActiveCfg = Release|Any CPU
		{F156F957-A86C-43BD-8957-29F464BFBED0}.Release|Any CPU.Build.0 = Release|Any CPU
	EndGlobalSection
	GlobalSection(SolutionProperties) = preSolution
		HideSolutionNode = FALSE
	EndGlobalSection
	GlobalSection(NestedProjects) = preSolution
		{011FCD78-30C5-42BC-9499-AA4B4CDD7897} = {D6B06B88-8371-4360-B47E-8A772B92323A}
		{09A84445-2AA3-4D99-89F7-007CA3EF91A3} = {A3324369-1E2D-495C-8E96-109B6F98F003}
		{09CD285E-A097-4C38-8598-5A9BE0557030} = {D6B06B88-8371-4360-B47E-8A772B92323A}
		{0E5AD562-FA5E-443F-A773-7C992E54209E} = {B70211DF-4DB4-4D29-842C-1CE527BD1EFC}
		{175B67BE-9042-45EE-A8DF-D96FE8B75561} = {D6B06B88-8371-4360-B47E-8A772B92323A}
		{53D43F26-87EC-4217-A53D-33C1BFC9E778} = {B70211DF-4DB4-4D29-842C-1CE527BD1EFC}
		{563E54B0-9127-47DF-AC4A-F461F8EC490E} = {B70211DF-4DB4-4D29-842C-1CE527BD1EFC}
		{7E6D5FC5-4ED0-433C-A92C-D4A0C0146CCB} = {B70211DF-4DB4-4D29-842C-1CE527BD1EFC}
		{9C42B357-7E5D-4192-850D-190EAEC0416A} = {D6B06B88-8371-4360-B47E-8A772B92323A}
		{A6D741FB-B974-491A-A2CE-DE7F491FD66D} = {A3324369-1E2D-495C-8E96-109B6F98F003}
		{A842E52E-4001-4BD8-BDCD-C95630D984D4} = {D6B06B88-8371-4360-B47E-8A772B92323A}
		{C0B51E2B-E18C-4F3E-B7E6-40F322029EDA} = {B70211DF-4DB4-4D29-842C-1CE527BD1EFC}
		{CFDFCEA2-BAFB-455E-BEF4-40343DE968CF} = {B70211DF-4DB4-4D29-842C-1CE527BD1EFC}
		{DE760EB5-95B4-4E56-89FB-48A38DDDC80A} = {D6B06B88-8371-4360-B47E-8A772B92323A}
		{F156F957-A86C-43BD-8957-29F464BFBED0} = {A3324369-1E2D-495C-8E96-109B6F98F003}
	EndGlobalSection
EndGlobal
