
Microsoft Visual Studio Solution File, Format Version 11.00
# Visual Studio 2010
Project("{FAE04EC0-301F-11D3-BF4B-00C04F79EFBC}") = "SrkToolkit.WildServiceRef", "SrkToolkit.WildServiceRef\SrkToolkit.WildServiceRef.csproj", "{00CE188C-0F29-4AA4-A567-55B2E537D3F5}"
EndProject
Project("{FAE04EC0-301F-11D3-BF4B-00C04F79EFBC}") = "SrkToolkit.WcfServiceRef", "SrkToolkit.WcfServiceRef\SrkToolkit.WcfServiceRef.csproj", "{3AAB750C-6AB7-4FE2-A2E8-E517E7E2AA4D}"
EndProject
Project("{2150E333-8FDC-42A3-9474-1A3956D46DE8}") = "Solution Items", "Solution Items", "{563E54B0-9127-47DF-AC4A-F461F8EC490E}"
	ProjectSection(SolutionItems) = preProject
		Local.testsettings = Local.testsettings
		SrkToolkit.vsmdi = SrkToolkit.vsmdi
		TraceAndTestImpact.testsettings = TraceAndTestImpact.testsettings
	EndProjectSection
EndProject
Global
	GlobalSection(TestCaseManagementSettings) = postSolution
		CategoryFile = SrkToolkit.vsmdi
	EndGlobalSection
	GlobalSection(SolutionConfigurationPlatforms) = preSolution
		Debug|Any CPU = Debug|Any CPU
		Release|Any CPU = Release|Any CPU
	EndGlobalSection
	GlobalSection(ProjectConfigurationPlatforms) = postSolution
		{00CE188C-0F29-4AA4-A567-55B2E537D3F5}.Debug|Any CPU.ActiveCfg = Debug|Any CPU
		{00CE188C-0F29-4AA4-A567-55B2E537D3F5}.Debug|Any CPU.Build.0 = Debug|Any CPU
		{00CE188C-0F29-4AA4-A567-55B2E537D3F5}.Release|Any CPU.ActiveCfg = Release|Any CPU
		{00CE188C-0F29-4AA4-A567-55B2E537D3F5}.Release|Any CPU.Build.0 = Release|Any CPU
		{3AAB750C-6AB7-4FE2-A2E8-E517E7E2AA4D}.Debug|Any CPU.ActiveCfg = Debug|Any CPU
		{3AAB750C-6AB7-4FE2-A2E8-E517E7E2AA4D}.Debug|Any CPU.Build.0 = Debug|Any CPU
		{3AAB750C-6AB7-4FE2-A2E8-E517E7E2AA4D}.Release|Any CPU.ActiveCfg = Release|Any CPU
		{3AAB750C-6AB7-4FE2-A2E8-E517E7E2AA4D}.Release|Any CPU.Build.0 = Release|Any CPU
	EndGlobalSection
	GlobalSection(SolutionProperties) = preSolution
		HideSolutionNode = FALSE
	EndGlobalSection
EndGlobal
