
Microsoft Visual Studio Solution File, Format Version 12.00
# Visual Studio 15
VisualStudioVersion = 15.0.28010.2026
MinimumVisualStudioVersion = 10.0.40219.1
Project("{2150E333-8FDC-42A3-9474-1A3956D46DE8}") = "10 MVVM Stuff", "10 MVVM Stuff", "{D6B06B88-8371-4360-B47E-8A772B92323A}"
EndProject
Project("{2150E333-8FDC-42A3-9474-1A3956D46DE8}") = "20 XAML", "20 XAML", "{A3324369-1E2D-495C-8E96-109B6F98F003}"
EndProject
Project("{2150E333-8FDC-42A3-9474-1A3956D46DE8}") = "00 ApplicationServices", "00 ApplicationServices", "{B70211DF-4DB4-4D29-842C-1CE527BD1EFC}"
EndProject
Project("{2150E333-8FDC-42A3-9474-1A3956D46DE8}") = "Solution Items", "Solution Items", "{563E54B0-9127-47DF-AC4A-F461F8EC490E}"
	ProjectSection(SolutionItems) = preProject
		Local.testsettings = Local.testsettings
		SrkToolkit.vsmdi = SrkToolkit.vsmdi
		TraceAndTestImpact.testsettings = TraceAndTestImpact.testsettings
	EndProjectSection
EndProject
Project("{2150E333-8FDC-42A3-9474-1A3956D46DE8}") = "30 Domain", "30 Domain", "{559DC157-DDC9-44BA-B25D-0A18E286D1CC}"
EndProject
Project("{2150E333-8FDC-42A3-9474-1A3956D46DE8}") = "40 Common", "40 Common", "{C3406DF1-E92C-4100-BEF9-B49F616E77C5}"
EndProject
Project("{2150E333-8FDC-42A3-9474-1A3956D46DE8}") = "50 AspNet", "50 AspNet", "{B9ACA570-A4AC-4AC9-95E2-A95BCEDBD866}"
EndProject
Project("{FAE04EC0-301F-11D3-BF4B-00C04F79EFBC}") = "SrkToolkit.Web.AspNetCore2", "SrkToolkit.Web.AspNetCore2\SrkToolkit.Web.AspNetCore2.csproj", "{38BDABA1-D402-45B7-ADEC-E36DC7D2E327}"
EndProject
Project("{FAE04EC0-301F-11D3-BF4B-00C04F79EFBC}") = "SrkToolkit.AspNetCore2.UnitTests", "SrkToolkit.AspNetCore2.UnitTests\SrkToolkit.AspNetCore2.UnitTests.csproj", "{6697A04B-FCE0-479B-A11D-CACEAC2C56FC}"
EndProject
Project("{FAE04EC0-301F-11D3-BF4B-00C04F79EFBC}") = "SrkToolkit.Web.AspMvc5", "SrkToolkit.Web.AspMvc5\SrkToolkit.Web.AspMvc5.csproj", "{1C28C6A0-23B2-43ED-B62C-C586F2976473}"
EndProject
Project("{FAE04EC0-301F-11D3-BF4B-00C04F79EFBC}") = "SrkToolkit.Common", "SrkToolkit.Common\SrkToolkit.Common.csproj", "{9442B344-FC0D-4A0B-BE0E-D317C72F2A8E}"
EndProject
Project("{FAE04EC0-301F-11D3-BF4B-00C04F79EFBC}") = "SrkToolkit.Common.FxUnitTests", "SrkToolkit.Common.FxUnitTests\SrkToolkit.Common.FxUnitTests.csproj", "{00457CE3-FE08-4AF2-972E-4C2EDD36F38D}"
EndProject
Project("{FAE04EC0-301F-11D3-BF4B-00C04F79EFBC}") = "SrkToolkit.Common.CoreUnitTests", "SrkToolkit.Common.CoreUnitTests\SrkToolkit.Common.CoreUnitTests.csproj", "{6616E666-2C77-401A-B131-6FC8E9146B23}"
EndProject
Project("{FAE04EC0-301F-11D3-BF4B-00C04F79EFBC}") = "SrkToolkit.Domain", "SrkToolkit.Domain\SrkToolkit.Domain.csproj", "{411A61F7-37B3-493F-9C70-4DCF569311B8}"
EndProject
Project("{FAE04EC0-301F-11D3-BF4B-00C04F79EFBC}") = "SrkToolkit.Domain.CoreUnitTests", "SrkToolkit.Domain.CoreUnitTests\SrkToolkit.Domain.CoreUnitTests.csproj", "{25B95F36-5B87-4ACD-86EC-015F32D8EAF3}"
EndProject
Project("{2150E333-8FDC-42A3-9474-1A3956D46DE8}") = "51 AspNetCore", "51 AspNetCore", "{6CE6544E-C1DC-4EA2-BDEB-97C7E71A5C35}"
EndProject
Project("{FAE04EC0-301F-11D3-BF4B-00C04F79EFBC}") = "SrkToolkit.Domain.AspNetCore2", "SrkToolkit.Domain.AspNetCore2\SrkToolkit.Domain.AspNetCore2.csproj", "{C1D52195-641B-4DC8-A0F9-364715A3B34A}"
EndProject
Project("{FAE04EC0-301F-11D3-BF4B-00C04F79EFBC}") = "SrkToolkit.Services", "SrkToolkit.Services\SrkToolkit.Services.csproj", "{648F13C2-56A9-49AE-9ED8-B2C56DA4A5F0}"
EndProject
Project("{FAE04EC0-301F-11D3-BF4B-00C04F79EFBC}") = "SrkToolkit.Services.CoreUnitTests", "SrkToolkit.Services.CoreUnitTests\SrkToolkit.Services.CoreUnitTests.csproj", "{54503653-987F-416F-A546-936E94E1C003}"
EndProject
Global
	GlobalSection(SolutionConfigurationPlatforms) = preSolution
		Debug|Any CPU = Debug|Any CPU
		Debug|ARM = Debug|ARM
		Debug|x64 = Debug|x64
		Debug|x86 = Debug|x86
		Release|Any CPU = Release|Any CPU
		Release|ARM = Release|ARM
		Release|x64 = Release|x64
		Release|x86 = Release|x86
	EndGlobalSection
	GlobalSection(ProjectConfigurationPlatforms) = postSolution
		{38BDABA1-D402-45B7-ADEC-E36DC7D2E327}.Debug|Any CPU.ActiveCfg = Debug|Any CPU
		{38BDABA1-D402-45B7-ADEC-E36DC7D2E327}.Debug|Any CPU.Build.0 = Debug|Any CPU
		{38BDABA1-D402-45B7-ADEC-E36DC7D2E327}.Debug|ARM.ActiveCfg = Debug|Any CPU
		{38BDABA1-D402-45B7-ADEC-E36DC7D2E327}.Debug|ARM.Build.0 = Debug|Any CPU
		{38BDABA1-D402-45B7-ADEC-E36DC7D2E327}.Debug|x64.ActiveCfg = Debug|Any CPU
		{38BDABA1-D402-45B7-ADEC-E36DC7D2E327}.Debug|x64.Build.0 = Debug|Any CPU
		{38BDABA1-D402-45B7-ADEC-E36DC7D2E327}.Debug|x86.ActiveCfg = Debug|Any CPU
		{38BDABA1-D402-45B7-ADEC-E36DC7D2E327}.Debug|x86.Build.0 = Debug|Any CPU
		{38BDABA1-D402-45B7-ADEC-E36DC7D2E327}.Release|Any CPU.ActiveCfg = Release|Any CPU
		{38BDABA1-D402-45B7-ADEC-E36DC7D2E327}.Release|Any CPU.Build.0 = Release|Any CPU
		{38BDABA1-D402-45B7-ADEC-E36DC7D2E327}.Release|ARM.ActiveCfg = Release|Any CPU
		{38BDABA1-D402-45B7-ADEC-E36DC7D2E327}.Release|ARM.Build.0 = Release|Any CPU
		{38BDABA1-D402-45B7-ADEC-E36DC7D2E327}.Release|x64.ActiveCfg = Release|Any CPU
		{38BDABA1-D402-45B7-ADEC-E36DC7D2E327}.Release|x64.Build.0 = Release|Any CPU
		{38BDABA1-D402-45B7-ADEC-E36DC7D2E327}.Release|x86.ActiveCfg = Release|Any CPU
		{38BDABA1-D402-45B7-ADEC-E36DC7D2E327}.Release|x86.Build.0 = Release|Any CPU
		{6697A04B-FCE0-479B-A11D-CACEAC2C56FC}.Debug|Any CPU.ActiveCfg = Debug|Any CPU
		{6697A04B-FCE0-479B-A11D-CACEAC2C56FC}.Debug|Any CPU.Build.0 = Debug|Any CPU
		{6697A04B-FCE0-479B-A11D-CACEAC2C56FC}.Debug|ARM.ActiveCfg = Debug|Any CPU
		{6697A04B-FCE0-479B-A11D-CACEAC2C56FC}.Debug|ARM.Build.0 = Debug|Any CPU
		{6697A04B-FCE0-479B-A11D-CACEAC2C56FC}.Debug|x64.ActiveCfg = Debug|Any CPU
		{6697A04B-FCE0-479B-A11D-CACEAC2C56FC}.Debug|x64.Build.0 = Debug|Any CPU
		{6697A04B-FCE0-479B-A11D-CACEAC2C56FC}.Debug|x86.ActiveCfg = Debug|Any CPU
		{6697A04B-FCE0-479B-A11D-CACEAC2C56FC}.Debug|x86.Build.0 = Debug|Any CPU
		{6697A04B-FCE0-479B-A11D-CACEAC2C56FC}.Release|Any CPU.ActiveCfg = Release|Any CPU
		{6697A04B-FCE0-479B-A11D-CACEAC2C56FC}.Release|Any CPU.Build.0 = Release|Any CPU
		{6697A04B-FCE0-479B-A11D-CACEAC2C56FC}.Release|ARM.ActiveCfg = Release|Any CPU
		{6697A04B-FCE0-479B-A11D-CACEAC2C56FC}.Release|ARM.Build.0 = Release|Any CPU
		{6697A04B-FCE0-479B-A11D-CACEAC2C56FC}.Release|x64.ActiveCfg = Release|Any CPU
		{6697A04B-FCE0-479B-A11D-CACEAC2C56FC}.Release|x64.Build.0 = Release|Any CPU
		{6697A04B-FCE0-479B-A11D-CACEAC2C56FC}.Release|x86.ActiveCfg = Release|Any CPU
		{6697A04B-FCE0-479B-A11D-CACEAC2C56FC}.Release|x86.Build.0 = Release|Any CPU
		{1C28C6A0-23B2-43ED-B62C-C586F2976473}.Debug|Any CPU.ActiveCfg = Debug|Any CPU
		{1C28C6A0-23B2-43ED-B62C-C586F2976473}.Debug|Any CPU.Build.0 = Debug|Any CPU
		{1C28C6A0-23B2-43ED-B62C-C586F2976473}.Debug|ARM.ActiveCfg = Debug|Any CPU
		{1C28C6A0-23B2-43ED-B62C-C586F2976473}.Debug|ARM.Build.0 = Debug|Any CPU
		{1C28C6A0-23B2-43ED-B62C-C586F2976473}.Debug|x64.ActiveCfg = Debug|Any CPU
		{1C28C6A0-23B2-43ED-B62C-C586F2976473}.Debug|x64.Build.0 = Debug|Any CPU
		{1C28C6A0-23B2-43ED-B62C-C586F2976473}.Debug|x86.ActiveCfg = Debug|Any CPU
		{1C28C6A0-23B2-43ED-B62C-C586F2976473}.Debug|x86.Build.0 = Debug|Any CPU
		{1C28C6A0-23B2-43ED-B62C-C586F2976473}.Release|Any CPU.ActiveCfg = Release|Any CPU
		{1C28C6A0-23B2-43ED-B62C-C586F2976473}.Release|Any CPU.Build.0 = Release|Any CPU
		{1C28C6A0-23B2-43ED-B62C-C586F2976473}.Release|ARM.ActiveCfg = Release|Any CPU
		{1C28C6A0-23B2-43ED-B62C-C586F2976473}.Release|ARM.Build.0 = Release|Any CPU
		{1C28C6A0-23B2-43ED-B62C-C586F2976473}.Release|x64.ActiveCfg = Release|Any CPU
		{1C28C6A0-23B2-43ED-B62C-C586F2976473}.Release|x64.Build.0 = Release|Any CPU
		{1C28C6A0-23B2-43ED-B62C-C586F2976473}.Release|x86.ActiveCfg = Release|Any CPU
		{1C28C6A0-23B2-43ED-B62C-C586F2976473}.Release|x86.Build.0 = Release|Any CPU
		{9442B344-FC0D-4A0B-BE0E-D317C72F2A8E}.Debug|Any CPU.ActiveCfg = Debug|Any CPU
		{9442B344-FC0D-4A0B-BE0E-D317C72F2A8E}.Debug|Any CPU.Build.0 = Debug|Any CPU
		{9442B344-FC0D-4A0B-BE0E-D317C72F2A8E}.Debug|ARM.ActiveCfg = Debug|Any CPU
		{9442B344-FC0D-4A0B-BE0E-D317C72F2A8E}.Debug|ARM.Build.0 = Debug|Any CPU
		{9442B344-FC0D-4A0B-BE0E-D317C72F2A8E}.Debug|x64.ActiveCfg = Debug|Any CPU
		{9442B344-FC0D-4A0B-BE0E-D317C72F2A8E}.Debug|x64.Build.0 = Debug|Any CPU
		{9442B344-FC0D-4A0B-BE0E-D317C72F2A8E}.Debug|x86.ActiveCfg = Debug|Any CPU
		{9442B344-FC0D-4A0B-BE0E-D317C72F2A8E}.Debug|x86.Build.0 = Debug|Any CPU
		{9442B344-FC0D-4A0B-BE0E-D317C72F2A8E}.Release|Any CPU.ActiveCfg = Release|Any CPU
		{9442B344-FC0D-4A0B-BE0E-D317C72F2A8E}.Release|Any CPU.Build.0 = Release|Any CPU
		{9442B344-FC0D-4A0B-BE0E-D317C72F2A8E}.Release|ARM.ActiveCfg = Release|Any CPU
		{9442B344-FC0D-4A0B-BE0E-D317C72F2A8E}.Release|ARM.Build.0 = Release|Any CPU
		{9442B344-FC0D-4A0B-BE0E-D317C72F2A8E}.Release|x64.ActiveCfg = Release|Any CPU
		{9442B344-FC0D-4A0B-BE0E-D317C72F2A8E}.Release|x64.Build.0 = Release|Any CPU
		{9442B344-FC0D-4A0B-BE0E-D317C72F2A8E}.Release|x86.ActiveCfg = Release|Any CPU
		{9442B344-FC0D-4A0B-BE0E-D317C72F2A8E}.Release|x86.Build.0 = Release|Any CPU
		{00457CE3-FE08-4AF2-972E-4C2EDD36F38D}.Debug|Any CPU.ActiveCfg = Debug|Any CPU
		{00457CE3-FE08-4AF2-972E-4C2EDD36F38D}.Debug|Any CPU.Build.0 = Debug|Any CPU
		{00457CE3-FE08-4AF2-972E-4C2EDD36F38D}.Debug|ARM.ActiveCfg = Debug|Any CPU
		{00457CE3-FE08-4AF2-972E-4C2EDD36F38D}.Debug|ARM.Build.0 = Debug|Any CPU
		{00457CE3-FE08-4AF2-972E-4C2EDD36F38D}.Debug|x64.ActiveCfg = Debug|Any CPU
		{00457CE3-FE08-4AF2-972E-4C2EDD36F38D}.Debug|x64.Build.0 = Debug|Any CPU
		{00457CE3-FE08-4AF2-972E-4C2EDD36F38D}.Debug|x86.ActiveCfg = Debug|Any CPU
		{00457CE3-FE08-4AF2-972E-4C2EDD36F38D}.Debug|x86.Build.0 = Debug|Any CPU
		{00457CE3-FE08-4AF2-972E-4C2EDD36F38D}.Release|Any CPU.ActiveCfg = Release|Any CPU
		{00457CE3-FE08-4AF2-972E-4C2EDD36F38D}.Release|Any CPU.Build.0 = Release|Any CPU
		{00457CE3-FE08-4AF2-972E-4C2EDD36F38D}.Release|ARM.ActiveCfg = Release|Any CPU
		{00457CE3-FE08-4AF2-972E-4C2EDD36F38D}.Release|ARM.Build.0 = Release|Any CPU
		{00457CE3-FE08-4AF2-972E-4C2EDD36F38D}.Release|x64.ActiveCfg = Release|Any CPU
		{00457CE3-FE08-4AF2-972E-4C2EDD36F38D}.Release|x64.Build.0 = Release|Any CPU
		{00457CE3-FE08-4AF2-972E-4C2EDD36F38D}.Release|x86.ActiveCfg = Release|Any CPU
		{00457CE3-FE08-4AF2-972E-4C2EDD36F38D}.Release|x86.Build.0 = Release|Any CPU
		{6616E666-2C77-401A-B131-6FC8E9146B23}.Debug|Any CPU.ActiveCfg = Debug|Any CPU
		{6616E666-2C77-401A-B131-6FC8E9146B23}.Debug|Any CPU.Build.0 = Debug|Any CPU
		{6616E666-2C77-401A-B131-6FC8E9146B23}.Debug|ARM.ActiveCfg = Debug|Any CPU
		{6616E666-2C77-401A-B131-6FC8E9146B23}.Debug|ARM.Build.0 = Debug|Any CPU
		{6616E666-2C77-401A-B131-6FC8E9146B23}.Debug|x64.ActiveCfg = Debug|Any CPU
		{6616E666-2C77-401A-B131-6FC8E9146B23}.Debug|x64.Build.0 = Debug|Any CPU
		{6616E666-2C77-401A-B131-6FC8E9146B23}.Debug|x86.ActiveCfg = Debug|Any CPU
		{6616E666-2C77-401A-B131-6FC8E9146B23}.Debug|x86.Build.0 = Debug|Any CPU
		{6616E666-2C77-401A-B131-6FC8E9146B23}.Release|Any CPU.ActiveCfg = Release|Any CPU
		{6616E666-2C77-401A-B131-6FC8E9146B23}.Release|Any CPU.Build.0 = Release|Any CPU
		{6616E666-2C77-401A-B131-6FC8E9146B23}.Release|ARM.ActiveCfg = Release|Any CPU
		{6616E666-2C77-401A-B131-6FC8E9146B23}.Release|ARM.Build.0 = Release|Any CPU
		{6616E666-2C77-401A-B131-6FC8E9146B23}.Release|x64.ActiveCfg = Release|Any CPU
		{6616E666-2C77-401A-B131-6FC8E9146B23}.Release|x64.Build.0 = Release|Any CPU
		{6616E666-2C77-401A-B131-6FC8E9146B23}.Release|x86.ActiveCfg = Release|Any CPU
		{6616E666-2C77-401A-B131-6FC8E9146B23}.Release|x86.Build.0 = Release|Any CPU
		{411A61F7-37B3-493F-9C70-4DCF569311B8}.Debug|Any CPU.ActiveCfg = Debug|Any CPU
		{411A61F7-37B3-493F-9C70-4DCF569311B8}.Debug|Any CPU.Build.0 = Debug|Any CPU
		{411A61F7-37B3-493F-9C70-4DCF569311B8}.Debug|ARM.ActiveCfg = Debug|Any CPU
		{411A61F7-37B3-493F-9C70-4DCF569311B8}.Debug|ARM.Build.0 = Debug|Any CPU
		{411A61F7-37B3-493F-9C70-4DCF569311B8}.Debug|x64.ActiveCfg = Debug|Any CPU
		{411A61F7-37B3-493F-9C70-4DCF569311B8}.Debug|x64.Build.0 = Debug|Any CPU
		{411A61F7-37B3-493F-9C70-4DCF569311B8}.Debug|x86.ActiveCfg = Debug|Any CPU
		{411A61F7-37B3-493F-9C70-4DCF569311B8}.Debug|x86.Build.0 = Debug|Any CPU
		{411A61F7-37B3-493F-9C70-4DCF569311B8}.Release|Any CPU.ActiveCfg = Release|Any CPU
		{411A61F7-37B3-493F-9C70-4DCF569311B8}.Release|Any CPU.Build.0 = Release|Any CPU
		{411A61F7-37B3-493F-9C70-4DCF569311B8}.Release|ARM.ActiveCfg = Release|Any CPU
		{411A61F7-37B3-493F-9C70-4DCF569311B8}.Release|ARM.Build.0 = Release|Any CPU
		{411A61F7-37B3-493F-9C70-4DCF569311B8}.Release|x64.ActiveCfg = Release|Any CPU
		{411A61F7-37B3-493F-9C70-4DCF569311B8}.Release|x64.Build.0 = Release|Any CPU
		{411A61F7-37B3-493F-9C70-4DCF569311B8}.Release|x86.ActiveCfg = Release|Any CPU
		{411A61F7-37B3-493F-9C70-4DCF569311B8}.Release|x86.Build.0 = Release|Any CPU
		{25B95F36-5B87-4ACD-86EC-015F32D8EAF3}.Debug|Any CPU.ActiveCfg = Debug|Any CPU
		{25B95F36-5B87-4ACD-86EC-015F32D8EAF3}.Debug|Any CPU.Build.0 = Debug|Any CPU
		{25B95F36-5B87-4ACD-86EC-015F32D8EAF3}.Debug|ARM.ActiveCfg = Debug|Any CPU
		{25B95F36-5B87-4ACD-86EC-015F32D8EAF3}.Debug|ARM.Build.0 = Debug|Any CPU
		{25B95F36-5B87-4ACD-86EC-015F32D8EAF3}.Debug|x64.ActiveCfg = Debug|Any CPU
		{25B95F36-5B87-4ACD-86EC-015F32D8EAF3}.Debug|x64.Build.0 = Debug|Any CPU
		{25B95F36-5B87-4ACD-86EC-015F32D8EAF3}.Debug|x86.ActiveCfg = Debug|Any CPU
		{25B95F36-5B87-4ACD-86EC-015F32D8EAF3}.Debug|x86.Build.0 = Debug|Any CPU
		{25B95F36-5B87-4ACD-86EC-015F32D8EAF3}.Release|Any CPU.ActiveCfg = Release|Any CPU
		{25B95F36-5B87-4ACD-86EC-015F32D8EAF3}.Release|Any CPU.Build.0 = Release|Any CPU
		{25B95F36-5B87-4ACD-86EC-015F32D8EAF3}.Release|ARM.ActiveCfg = Release|Any CPU
		{25B95F36-5B87-4ACD-86EC-015F32D8EAF3}.Release|ARM.Build.0 = Release|Any CPU
		{25B95F36-5B87-4ACD-86EC-015F32D8EAF3}.Release|x64.ActiveCfg = Release|Any CPU
		{25B95F36-5B87-4ACD-86EC-015F32D8EAF3}.Release|x64.Build.0 = Release|Any CPU
		{25B95F36-5B87-4ACD-86EC-015F32D8EAF3}.Release|x86.ActiveCfg = Release|Any CPU
		{25B95F36-5B87-4ACD-86EC-015F32D8EAF3}.Release|x86.Build.0 = Release|Any CPU
		{C1D52195-641B-4DC8-A0F9-364715A3B34A}.Debug|Any CPU.ActiveCfg = Debug|Any CPU
		{C1D52195-641B-4DC8-A0F9-364715A3B34A}.Debug|Any CPU.Build.0 = Debug|Any CPU
		{C1D52195-641B-4DC8-A0F9-364715A3B34A}.Debug|ARM.ActiveCfg = Debug|Any CPU
		{C1D52195-641B-4DC8-A0F9-364715A3B34A}.Debug|ARM.Build.0 = Debug|Any CPU
		{C1D52195-641B-4DC8-A0F9-364715A3B34A}.Debug|x64.ActiveCfg = Debug|Any CPU
		{C1D52195-641B-4DC8-A0F9-364715A3B34A}.Debug|x64.Build.0 = Debug|Any CPU
		{C1D52195-641B-4DC8-A0F9-364715A3B34A}.Debug|x86.ActiveCfg = Debug|Any CPU
		{C1D52195-641B-4DC8-A0F9-364715A3B34A}.Debug|x86.Build.0 = Debug|Any CPU
		{C1D52195-641B-4DC8-A0F9-364715A3B34A}.Release|Any CPU.ActiveCfg = Release|Any CPU
		{C1D52195-641B-4DC8-A0F9-364715A3B34A}.Release|Any CPU.Build.0 = Release|Any CPU
		{C1D52195-641B-4DC8-A0F9-364715A3B34A}.Release|ARM.ActiveCfg = Release|Any CPU
		{C1D52195-641B-4DC8-A0F9-364715A3B34A}.Release|ARM.Build.0 = Release|Any CPU
		{C1D52195-641B-4DC8-A0F9-364715A3B34A}.Release|x64.ActiveCfg = Release|Any CPU
		{C1D52195-641B-4DC8-A0F9-364715A3B34A}.Release|x64.Build.0 = Release|Any CPU
		{C1D52195-641B-4DC8-A0F9-364715A3B34A}.Release|x86.ActiveCfg = Release|Any CPU
		{C1D52195-641B-4DC8-A0F9-364715A3B34A}.Release|x86.Build.0 = Release|Any CPU
		{648F13C2-56A9-49AE-9ED8-B2C56DA4A5F0}.Debug|Any CPU.ActiveCfg = Debug|Any CPU
		{648F13C2-56A9-49AE-9ED8-B2C56DA4A5F0}.Debug|Any CPU.Build.0 = Debug|Any CPU
		{648F13C2-56A9-49AE-9ED8-B2C56DA4A5F0}.Debug|ARM.ActiveCfg = Debug|Any CPU
		{648F13C2-56A9-49AE-9ED8-B2C56DA4A5F0}.Debug|ARM.Build.0 = Debug|Any CPU
		{648F13C2-56A9-49AE-9ED8-B2C56DA4A5F0}.Debug|x64.ActiveCfg = Debug|Any CPU
		{648F13C2-56A9-49AE-9ED8-B2C56DA4A5F0}.Debug|x64.Build.0 = Debug|Any CPU
		{648F13C2-56A9-49AE-9ED8-B2C56DA4A5F0}.Debug|x86.ActiveCfg = Debug|Any CPU
		{648F13C2-56A9-49AE-9ED8-B2C56DA4A5F0}.Debug|x86.Build.0 = Debug|Any CPU
		{648F13C2-56A9-49AE-9ED8-B2C56DA4A5F0}.Release|Any CPU.ActiveCfg = Release|Any CPU
		{648F13C2-56A9-49AE-9ED8-B2C56DA4A5F0}.Release|Any CPU.Build.0 = Release|Any CPU
		{648F13C2-56A9-49AE-9ED8-B2C56DA4A5F0}.Release|ARM.ActiveCfg = Release|Any CPU
		{648F13C2-56A9-49AE-9ED8-B2C56DA4A5F0}.Release|ARM.Build.0 = Release|Any CPU
		{648F13C2-56A9-49AE-9ED8-B2C56DA4A5F0}.Release|x64.ActiveCfg = Release|Any CPU
		{648F13C2-56A9-49AE-9ED8-B2C56DA4A5F0}.Release|x64.Build.0 = Release|Any CPU
		{648F13C2-56A9-49AE-9ED8-B2C56DA4A5F0}.Release|x86.ActiveCfg = Release|Any CPU
		{648F13C2-56A9-49AE-9ED8-B2C56DA4A5F0}.Release|x86.Build.0 = Release|Any CPU
		{54503653-987F-416F-A546-936E94E1C003}.Debug|Any CPU.ActiveCfg = Debug|Any CPU
		{54503653-987F-416F-A546-936E94E1C003}.Debug|Any CPU.Build.0 = Debug|Any CPU
		{54503653-987F-416F-A546-936E94E1C003}.Debug|ARM.ActiveCfg = Debug|Any CPU
		{54503653-987F-416F-A546-936E94E1C003}.Debug|ARM.Build.0 = Debug|Any CPU
		{54503653-987F-416F-A546-936E94E1C003}.Debug|x64.ActiveCfg = Debug|Any CPU
		{54503653-987F-416F-A546-936E94E1C003}.Debug|x64.Build.0 = Debug|Any CPU
		{54503653-987F-416F-A546-936E94E1C003}.Debug|x86.ActiveCfg = Debug|Any CPU
		{54503653-987F-416F-A546-936E94E1C003}.Debug|x86.Build.0 = Debug|Any CPU
		{54503653-987F-416F-A546-936E94E1C003}.Release|Any CPU.ActiveCfg = Release|Any CPU
		{54503653-987F-416F-A546-936E94E1C003}.Release|Any CPU.Build.0 = Release|Any CPU
		{54503653-987F-416F-A546-936E94E1C003}.Release|ARM.ActiveCfg = Release|Any CPU
		{54503653-987F-416F-A546-936E94E1C003}.Release|ARM.Build.0 = Release|Any CPU
		{54503653-987F-416F-A546-936E94E1C003}.Release|x64.ActiveCfg = Release|Any CPU
		{54503653-987F-416F-A546-936E94E1C003}.Release|x64.Build.0 = Release|Any CPU
		{54503653-987F-416F-A546-936E94E1C003}.Release|x86.ActiveCfg = Release|Any CPU
		{54503653-987F-416F-A546-936E94E1C003}.Release|x86.Build.0 = Release|Any CPU
	EndGlobalSection
	GlobalSection(SolutionProperties) = preSolution
		HideSolutionNode = FALSE
	EndGlobalSection
	GlobalSection(NestedProjects) = preSolution
		{1C28C6A0-23B2-43ED-B62C-C586F2976473} = {B9ACA570-A4AC-4AC9-95E2-A95BCEDBD866}
		{9442B344-FC0D-4A0B-BE0E-D317C72F2A8E} = {C3406DF1-E92C-4100-BEF9-B49F616E77C5}
		{00457CE3-FE08-4AF2-972E-4C2EDD36F38D} = {C3406DF1-E92C-4100-BEF9-B49F616E77C5}
		{6616E666-2C77-401A-B131-6FC8E9146B23} = {C3406DF1-E92C-4100-BEF9-B49F616E77C5}
		{411A61F7-37B3-493F-9C70-4DCF569311B8} = {559DC157-DDC9-44BA-B25D-0A18E286D1CC}
		{25B95F36-5B87-4ACD-86EC-015F32D8EAF3} = {559DC157-DDC9-44BA-B25D-0A18E286D1CC}
		{38BDABA1-D402-45B7-ADEC-E36DC7D2E327} = {6CE6544E-C1DC-4EA2-BDEB-97C7E71A5C35}
		{6697A04B-FCE0-479B-A11D-CACEAC2C56FC} = {6CE6544E-C1DC-4EA2-BDEB-97C7E71A5C35}
		{C1D52195-641B-4DC8-A0F9-364715A3B34A} = {6CE6544E-C1DC-4EA2-BDEB-97C7E71A5C35}
		{648F13C2-56A9-49AE-9ED8-B2C56DA4A5F0} = {B70211DF-4DB4-4D29-842C-1CE527BD1EFC}
		{54503653-987F-416F-A546-936E94E1C003} = {B70211DF-4DB4-4D29-842C-1CE527BD1EFC}
	EndGlobalSection
	GlobalSection(ExtensibilityGlobals) = postSolution
		SolutionGuid = {2EE63A79-DD96-484C-9FBF-348067F95F0F}
	EndGlobalSection
	GlobalSection(TestCaseManagementSettings) = postSolution
		CategoryFile = SrkToolkit.vsmdi
	EndGlobalSection
EndGlobal
