
Microsoft Visual Studio Solution File, Format Version 12.00
# Visual Studio 15
VisualStudioVersion = 15.0.28010.2026
MinimumVisualStudioVersion = 10.0.40219.1
Project("{2150E333-8FDC-42A3-9474-1A3956D46DE8}") = "10 MVVM Stuff", "10 MVVM Stuff", "{D6B06B88-8371-4360-B47E-8A772B92323A}"
EndProject
Project("{2150E333-8FDC-42A3-9474-1A3956D46DE8}") = "20 XAML", "20 XAML", "{A3324369-1E2D-495C-8E96-109B6F98F003}"
EndProject
Project("{2150E333-8FDC-42A3-9474-1A3956D46DE8}") = "00 ApplicationServices", "00 ApplicationServices", "{B70211DF-4DB4-4D29-842C-1CE527BD1EFC}"
EndProject
Project("{2150E333-8FDC-42A3-9474-1A3956D46DE8}") = "Solution Items", "Solution Items", "{563E54B0-9127-47DF-AC4A-F461F8EC490E}"
	ProjectSection(SolutionItems) = preProject
		Local.testsettings = Local.testsettings
		SrkToolkit.vsmdi = SrkToolkit.vsmdi
		TraceAndTestImpact.testsettings = TraceAndTestImpact.testsettings
	EndProjectSection
EndProject
Project("{2150E333-8FDC-42A3-9474-1A3956D46DE8}") = "30 Domain", "30 Domain", "{559DC157-DDC9-44BA-B25D-0A18E286D1CC}"
EndProject
Project("{2150E333-8FDC-42A3-9474-1A3956D46DE8}") = "40 Common", "40 Common", "{C3406DF1-E92C-4100-BEF9-B49F616E77C5}"
EndProject
Project("{2150E333-8FDC-42A3-9474-1A3956D46DE8}") = "50 AspNet", "50 AspNet", "{B9ACA570-A4AC-4AC9-95E2-A95BCEDBD866}"
EndProject
Project("{FAE04EC0-301F-11D3-BF4B-00C04F79EFBC}") = "NET4.SrkToolkit.Services", "NET4.SrkToolkit.Services\NET4.SrkToolkit.Services.csproj", "{CFDFCEA2-BAFB-455E-BEF4-40343DE968CF}"
EndProject
Project("{FAE04EC0-301F-11D3-BF4B-00C04F79EFBC}") = "NET4.SrkToolkit.Services.Tests", "NET4.SrkToolkit.Services.Tests\NET4.SrkToolkit.Services.Tests.csproj", "{7E6D5FC5-4ED0-433C-A92C-D4A0C0146CCB}"
EndProject
Project("{FAE04EC0-301F-11D3-BF4B-00C04F79EFBC}") = "NET4.SrkToolkit.Domain", "NET4.SrkToolkit.Domain\NET4.SrkToolkit.Domain.csproj", "{893A7FD4-62E6-4F7A-8FF9-EA502ADA88FA}"
EndProject
Project("{FAE04EC0-301F-11D3-BF4B-00C04F79EFBC}") = "NET4.SrkToolkit.Common", "NET4.SrkToolkit.Common\NET4.SrkToolkit.Common.csproj", "{19495A45-67A8-460D-806C-CF158B96BBE9}"
EndProject
Project("{FAE04EC0-301F-11D3-BF4B-00C04F79EFBC}") = "NET4.SrkToolkit.Common.Unsafe", "NET4.SrkToolkit.Common.Unsafe\NET4.SrkToolkit.Common.Unsafe.csproj", "{19727F77-249A-4AC9-859C-8441E5BD41C4}"
EndProject
Project("{FAE04EC0-301F-11D3-BF4B-00C04F79EFBC}") = "NET4.SrkToolkit.Common.Tests", "NET4.SrkToolkit.Common.Tests\NET4.SrkToolkit.Common.Tests.csproj", "{51E43E76-A342-42D3-A8AD-ABC45CEBD9C5}"
EndProject
Project("{FAE04EC0-301F-11D3-BF4B-00C04F79EFBC}") = "NET4.SrkToolkit.Domain.Tests", "NET4.SrkToolkit.Domain.Tests\NET4.SrkToolkit.Domain.Tests.csproj", "{80D861DB-FC7B-4DF7-8D87-750EEFC82B46}"
EndProject
Project("{FAE04EC0-301F-11D3-BF4B-00C04F79EFBC}") = "NET4.SrkToolkit.WebForms", "NET4.SrkToolkit.WebForms\NET4.SrkToolkit.WebForms.csproj", "{42AB07F9-CEB2-4A5B-A8FC-B7A85AD4DFD3}"
EndProject
Project("{FAE04EC0-301F-11D3-BF4B-00C04F79EFBC}") = "NET45.SrkToolkit.Common", "NET45.SrkToolkit.Common\NET45.SrkToolkit.Common.csproj", "{AD101432-1950-4F01-825A-7D108B30DA35}"
EndProject
Project("{FAE04EC0-301F-11D3-BF4B-00C04F79EFBC}") = "NET45.SrkToolkit.Domain", "NET45.SrkToolkit.Domain\NET45.SrkToolkit.Domain.csproj", "{50F8A9BC-CA87-48D0-BA18-32DF5F50A97A}"
EndProject
Project("{FAE04EC0-301F-11D3-BF4B-00C04F79EFBC}") = "NET45.SrkToolkit.Domain.AspMvc4", "NET45.SrkToolkit.Domain.AspMvc4\NET45.SrkToolkit.Domain.AspMvc4.csproj", "{0765606F-88B9-4682-80D3-64E612ADCB81}"
EndProject
Project("{FAE04EC0-301F-11D3-BF4B-00C04F79EFBC}") = "NET45.SrkToolkit.Web.Mvc4", "NET45.SrkToolkit.Web.Mvc4\NET45.SrkToolkit.Web.Mvc4.csproj", "{F60EC4EC-B969-4E8E-8E15-374BFACF99CF}"
EndProject
Project("{FAE04EC0-301F-11D3-BF4B-00C04F79EFBC}") = "NET45.SrkToolkit.Web.Mvc5", "NET45.SrkToolkit.Web.Mvc5\NET45.SrkToolkit.Web.Mvc5.csproj", "{55341205-ACB8-4E7D-8E39-0629AA8C2C32}"
EndProject
Project("{FAE04EC0-301F-11D3-BF4B-00C04F79EFBC}") = "NET45.SrkToolkit.Domain.AspMvc5", "NET45.SrkToolkit.Domain.AspMvc5\NET45.SrkToolkit.Domain.AspMvc5.csproj", "{F354D8B6-F293-45ED-AF9B-B746E1232C17}"
EndProject
Project("{FAE04EC0-301F-11D3-BF4B-00C04F79EFBC}") = "NET45.SrkToolkit.Common.Tests", "NET45.SrkToolkit.Common.Tests\NET45.SrkToolkit.Common.Tests.csproj", "{50AF7833-C345-4F6C-9FB1-36EB176D68E1}"
EndProject
Project("{9A19103F-16F7-4668-BE54-9A1E7A4F7556}") = "NSTD.SrkToolkit.Common", "NSTD.SrkToolkit.Common\NSTD.SrkToolkit.Common.csproj", "{868FFFF9-365D-4F74-881D-68577D8D2BB0}"
EndProject
Project("{9A19103F-16F7-4668-BE54-9A1E7A4F7556}") = "NSTD.SrkToolkit.Web", "NSTD.SrkToolkit.Web\NSTD.SrkToolkit.Web.csproj", "{D490BE59-2AC5-4816-AF5F-1BF89F46D680}"
EndProject
Project("{FAE04EC0-301F-11D3-BF4B-00C04F79EFBC}") = "NET45.SrkToolkit.Web.Tests", "NET4.SrkToolkit.Web.Tests\NET45.SrkToolkit.Web.Tests.csproj", "{80B716DA-2C58-4F77-8AC4-2F0180D44A39}"
EndProject
Project("{9A19103F-16F7-4668-BE54-9A1E7A4F7556}") = "NSTD.SrkToolkit.Domain", "NSTD.SrkToolkit.Domain\NSTD.SrkToolkit.Domain.csproj", "{ED951C8A-9CD9-40B8-989F-E231A38EAF90}"
EndProject
Project("{FAE04EC0-301F-11D3-BF4B-00C04F79EFBC}") = "SrkToolkit.Web.AspNetCore2", "SrkToolkit.Web.AspNetCore2\SrkToolkit.Web.AspNetCore2.csproj", "{38BDABA1-D402-45B7-ADEC-E36DC7D2E327}"
EndProject
Project("{FAE04EC0-301F-11D3-BF4B-00C04F79EFBC}") = "SrkToolkit.AspNetCore2.UnitTests", "SrkToolkit.AspNetCore2.UnitTests\SrkToolkit.AspNetCore2.UnitTests.csproj", "{6697A04B-FCE0-479B-A11D-CACEAC2C56FC}"
EndProject
Project("{FAE04EC0-301F-11D3-BF4B-00C04F79EFBC}") = "SrkToolkit.Web.AspMvc5", "SrkToolkit.Web.AspMvc5\SrkToolkit.Web.AspMvc5.csproj", "{1C28C6A0-23B2-43ED-B62C-C586F2976473}"
EndProject
Project("{FAE04EC0-301F-11D3-BF4B-00C04F79EFBC}") = "SrkToolkit.Common", "SrkToolkit.Common\SrkToolkit.Common.csproj", "{9442B344-FC0D-4A0B-BE0E-D317C72F2A8E}"
EndProject
Project("{FAE04EC0-301F-11D3-BF4B-00C04F79EFBC}") = "SrkToolkit.Common.FxUnitTests", "SrkToolkit.Common.FxUnitTests\SrkToolkit.Common.FxUnitTests.csproj", "{00457CE3-FE08-4AF2-972E-4C2EDD36F38D}"
EndProject
Project("{FAE04EC0-301F-11D3-BF4B-00C04F79EFBC}") = "SrkToolkit.Common.CoreUnitTests", "SrkToolkit.Common.CoreUnitTests\SrkToolkit.Common.CoreUnitTests.csproj", "{6616E666-2C77-401A-B131-6FC8E9146B23}"
EndProject
Project("{FAE04EC0-301F-11D3-BF4B-00C04F79EFBC}") = "SrkToolkit.Domain", "SrkToolkit.Domain\SrkToolkit.Domain.csproj", "{411A61F7-37B3-493F-9C70-4DCF569311B8}"
EndProject
Project("{FAE04EC0-301F-11D3-BF4B-00C04F79EFBC}") = "SrkToolkit.Domain.CoreUnitTests", "SrkToolkit.Domain.CoreUnitTests\SrkToolkit.Domain.CoreUnitTests.csproj", "{25B95F36-5B87-4ACD-86EC-015F32D8EAF3}"
EndProject
Project("{2150E333-8FDC-42A3-9474-1A3956D46DE8}") = "51 AspNetCore", "51 AspNetCore", "{6CE6544E-C1DC-4EA2-BDEB-97C7E71A5C35}"
EndProject
Project("{FAE04EC0-301F-11D3-BF4B-00C04F79EFBC}") = "SrkToolkit.Domain.AspNetCore2", "SrkToolkit.Domain.AspNetCore2\SrkToolkit.Domain.AspNetCore2.csproj", "{C1D52195-641B-4DC8-A0F9-364715A3B34A}"
EndProject
Global
	GlobalSection(SolutionConfigurationPlatforms) = preSolution
		Debug|Any CPU = Debug|Any CPU
		Debug|ARM = Debug|ARM
		Debug|x64 = Debug|x64
		Debug|x86 = Debug|x86
		Release|Any CPU = Release|Any CPU
		Release|ARM = Release|ARM
		Release|x64 = Release|x64
		Release|x86 = Release|x86
	EndGlobalSection
	GlobalSection(ProjectConfigurationPlatforms) = postSolution
		{CFDFCEA2-BAFB-455E-BEF4-40343DE968CF}.Debug|Any CPU.ActiveCfg = Debug|Any CPU
		{CFDFCEA2-BAFB-455E-BEF4-40343DE968CF}.Debug|Any CPU.Build.0 = Debug|Any CPU
		{CFDFCEA2-BAFB-455E-BEF4-40343DE968CF}.Debug|ARM.ActiveCfg = Debug|Any CPU
		{CFDFCEA2-BAFB-455E-BEF4-40343DE968CF}.Debug|x64.ActiveCfg = Debug|Any CPU
		{CFDFCEA2-BAFB-455E-BEF4-40343DE968CF}.Debug|x86.ActiveCfg = Debug|Any CPU
		{CFDFCEA2-BAFB-455E-BEF4-40343DE968CF}.Release|Any CPU.ActiveCfg = Release|Any CPU
		{CFDFCEA2-BAFB-455E-BEF4-40343DE968CF}.Release|Any CPU.Build.0 = Release|Any CPU
		{CFDFCEA2-BAFB-455E-BEF4-40343DE968CF}.Release|ARM.ActiveCfg = Release|Any CPU
		{CFDFCEA2-BAFB-455E-BEF4-40343DE968CF}.Release|x64.ActiveCfg = Release|Any CPU
		{CFDFCEA2-BAFB-455E-BEF4-40343DE968CF}.Release|x86.ActiveCfg = Release|Any CPU
		{7E6D5FC5-4ED0-433C-A92C-D4A0C0146CCB}.Debug|Any CPU.ActiveCfg = Debug|Any CPU
		{7E6D5FC5-4ED0-433C-A92C-D4A0C0146CCB}.Debug|Any CPU.Build.0 = Debug|Any CPU
		{7E6D5FC5-4ED0-433C-A92C-D4A0C0146CCB}.Debug|ARM.ActiveCfg = Debug|Any CPU
		{7E6D5FC5-4ED0-433C-A92C-D4A0C0146CCB}.Debug|x64.ActiveCfg = Debug|Any CPU
		{7E6D5FC5-4ED0-433C-A92C-D4A0C0146CCB}.Debug|x86.ActiveCfg = Debug|Any CPU
		{7E6D5FC5-4ED0-433C-A92C-D4A0C0146CCB}.Release|Any CPU.ActiveCfg = Release|Any CPU
		{7E6D5FC5-4ED0-433C-A92C-D4A0C0146CCB}.Release|Any CPU.Build.0 = Release|Any CPU
		{7E6D5FC5-4ED0-433C-A92C-D4A0C0146CCB}.Release|ARM.ActiveCfg = Release|Any CPU
		{7E6D5FC5-4ED0-433C-A92C-D4A0C0146CCB}.Release|x64.ActiveCfg = Release|Any CPU
		{7E6D5FC5-4ED0-433C-A92C-D4A0C0146CCB}.Release|x86.ActiveCfg = Release|Any CPU
		{893A7FD4-62E6-4F7A-8FF9-EA502ADA88FA}.Debug|Any CPU.ActiveCfg = Debug|Any CPU
		{893A7FD4-62E6-4F7A-8FF9-EA502ADA88FA}.Debug|Any CPU.Build.0 = Debug|Any CPU
		{893A7FD4-62E6-4F7A-8FF9-EA502ADA88FA}.Debug|ARM.ActiveCfg = Debug|Any CPU
		{893A7FD4-62E6-4F7A-8FF9-EA502ADA88FA}.Debug|x64.ActiveCfg = Debug|Any CPU
		{893A7FD4-62E6-4F7A-8FF9-EA502ADA88FA}.Debug|x86.ActiveCfg = Debug|Any CPU
		{893A7FD4-62E6-4F7A-8FF9-EA502ADA88FA}.Release|Any CPU.ActiveCfg = Release|Any CPU
		{893A7FD4-62E6-4F7A-8FF9-EA502ADA88FA}.Release|Any CPU.Build.0 = Release|Any CPU
		{893A7FD4-62E6-4F7A-8FF9-EA502ADA88FA}.Release|ARM.ActiveCfg = Release|Any CPU
		{893A7FD4-62E6-4F7A-8FF9-EA502ADA88FA}.Release|x64.ActiveCfg = Release|Any CPU
		{893A7FD4-62E6-4F7A-8FF9-EA502ADA88FA}.Release|x86.ActiveCfg = Release|Any CPU
		{19495A45-67A8-460D-806C-CF158B96BBE9}.Debug|Any CPU.ActiveCfg = Debug|Any CPU
		{19495A45-67A8-460D-806C-CF158B96BBE9}.Debug|Any CPU.Build.0 = Debug|Any CPU
		{19495A45-67A8-460D-806C-CF158B96BBE9}.Debug|ARM.ActiveCfg = Debug|Any CPU
		{19495A45-67A8-460D-806C-CF158B96BBE9}.Debug|x64.ActiveCfg = Debug|Any CPU
		{19495A45-67A8-460D-806C-CF158B96BBE9}.Debug|x86.ActiveCfg = Debug|Any CPU
		{19495A45-67A8-460D-806C-CF158B96BBE9}.Release|Any CPU.ActiveCfg = Release|Any CPU
		{19495A45-67A8-460D-806C-CF158B96BBE9}.Release|Any CPU.Build.0 = Release|Any CPU
		{19495A45-67A8-460D-806C-CF158B96BBE9}.Release|ARM.ActiveCfg = Release|Any CPU
		{19495A45-67A8-460D-806C-CF158B96BBE9}.Release|x64.ActiveCfg = Release|Any CPU
		{19495A45-67A8-460D-806C-CF158B96BBE9}.Release|x86.ActiveCfg = Release|Any CPU
		{19727F77-249A-4AC9-859C-8441E5BD41C4}.Debug|Any CPU.ActiveCfg = Debug|Any CPU
		{19727F77-249A-4AC9-859C-8441E5BD41C4}.Debug|Any CPU.Build.0 = Debug|Any CPU
		{19727F77-249A-4AC9-859C-8441E5BD41C4}.Debug|ARM.ActiveCfg = Debug|Any CPU
		{19727F77-249A-4AC9-859C-8441E5BD41C4}.Debug|x64.ActiveCfg = Debug|Any CPU
		{19727F77-249A-4AC9-859C-8441E5BD41C4}.Debug|x86.ActiveCfg = Debug|Any CPU
		{19727F77-249A-4AC9-859C-8441E5BD41C4}.Release|Any CPU.ActiveCfg = Release|Any CPU
		{19727F77-249A-4AC9-859C-8441E5BD41C4}.Release|Any CPU.Build.0 = Release|Any CPU
		{19727F77-249A-4AC9-859C-8441E5BD41C4}.Release|ARM.ActiveCfg = Release|Any CPU
		{19727F77-249A-4AC9-859C-8441E5BD41C4}.Release|x64.ActiveCfg = Release|Any CPU
		{19727F77-249A-4AC9-859C-8441E5BD41C4}.Release|x86.ActiveCfg = Release|Any CPU
		{51E43E76-A342-42D3-A8AD-ABC45CEBD9C5}.Debug|Any CPU.ActiveCfg = Debug|Any CPU
		{51E43E76-A342-42D3-A8AD-ABC45CEBD9C5}.Debug|Any CPU.Build.0 = Debug|Any CPU
		{51E43E76-A342-42D3-A8AD-ABC45CEBD9C5}.Debug|ARM.ActiveCfg = Debug|Any CPU
		{51E43E76-A342-42D3-A8AD-ABC45CEBD9C5}.Debug|x64.ActiveCfg = Debug|Any CPU
		{51E43E76-A342-42D3-A8AD-ABC45CEBD9C5}.Debug|x86.ActiveCfg = Debug|Any CPU
		{51E43E76-A342-42D3-A8AD-ABC45CEBD9C5}.Release|Any CPU.ActiveCfg = Release|Any CPU
		{51E43E76-A342-42D3-A8AD-ABC45CEBD9C5}.Release|Any CPU.Build.0 = Release|Any CPU
		{51E43E76-A342-42D3-A8AD-ABC45CEBD9C5}.Release|ARM.ActiveCfg = Release|Any CPU
		{51E43E76-A342-42D3-A8AD-ABC45CEBD9C5}.Release|x64.ActiveCfg = Release|Any CPU
		{51E43E76-A342-42D3-A8AD-ABC45CEBD9C5}.Release|x86.ActiveCfg = Release|Any CPU
		{80D861DB-FC7B-4DF7-8D87-750EEFC82B46}.Debug|Any CPU.ActiveCfg = Debug|Any CPU
		{80D861DB-FC7B-4DF7-8D87-750EEFC82B46}.Debug|Any CPU.Build.0 = Debug|Any CPU
		{80D861DB-FC7B-4DF7-8D87-750EEFC82B46}.Debug|ARM.ActiveCfg = Debug|Any CPU
		{80D861DB-FC7B-4DF7-8D87-750EEFC82B46}.Debug|x64.ActiveCfg = Debug|Any CPU
		{80D861DB-FC7B-4DF7-8D87-750EEFC82B46}.Debug|x86.ActiveCfg = Debug|Any CPU
		{80D861DB-FC7B-4DF7-8D87-750EEFC82B46}.Release|Any CPU.ActiveCfg = Release|Any CPU
		{80D861DB-FC7B-4DF7-8D87-750EEFC82B46}.Release|Any CPU.Build.0 = Release|Any CPU
		{80D861DB-FC7B-4DF7-8D87-750EEFC82B46}.Release|ARM.ActiveCfg = Release|Any CPU
		{80D861DB-FC7B-4DF7-8D87-750EEFC82B46}.Release|x64.ActiveCfg = Release|Any CPU
		{80D861DB-FC7B-4DF7-8D87-750EEFC82B46}.Release|x86.ActiveCfg = Release|Any CPU
		{42AB07F9-CEB2-4A5B-A8FC-B7A85AD4DFD3}.Debug|Any CPU.ActiveCfg = Debug|Any CPU
		{42AB07F9-CEB2-4A5B-A8FC-B7A85AD4DFD3}.Debug|Any CPU.Build.0 = Debug|Any CPU
		{42AB07F9-CEB2-4A5B-A8FC-B7A85AD4DFD3}.Debug|ARM.ActiveCfg = Debug|Any CPU
		{42AB07F9-CEB2-4A5B-A8FC-B7A85AD4DFD3}.Debug|x64.ActiveCfg = Debug|Any CPU
		{42AB07F9-CEB2-4A5B-A8FC-B7A85AD4DFD3}.Debug|x86.ActiveCfg = Debug|Any CPU
		{42AB07F9-CEB2-4A5B-A8FC-B7A85AD4DFD3}.Release|Any CPU.ActiveCfg = Release|Any CPU
		{42AB07F9-CEB2-4A5B-A8FC-B7A85AD4DFD3}.Release|Any CPU.Build.0 = Release|Any CPU
		{42AB07F9-CEB2-4A5B-A8FC-B7A85AD4DFD3}.Release|ARM.ActiveCfg = Release|Any CPU
		{42AB07F9-CEB2-4A5B-A8FC-B7A85AD4DFD3}.Release|x64.ActiveCfg = Release|Any CPU
		{42AB07F9-CEB2-4A5B-A8FC-B7A85AD4DFD3}.Release|x86.ActiveCfg = Release|Any CPU
		{AD101432-1950-4F01-825A-7D108B30DA35}.Debug|Any CPU.ActiveCfg = Debug|Any CPU
		{AD101432-1950-4F01-825A-7D108B30DA35}.Debug|Any CPU.Build.0 = Debug|Any CPU
		{AD101432-1950-4F01-825A-7D108B30DA35}.Debug|ARM.ActiveCfg = Debug|Any CPU
		{AD101432-1950-4F01-825A-7D108B30DA35}.Debug|x64.ActiveCfg = Debug|Any CPU
		{AD101432-1950-4F01-825A-7D108B30DA35}.Debug|x86.ActiveCfg = Debug|Any CPU
		{AD101432-1950-4F01-825A-7D108B30DA35}.Release|Any CPU.ActiveCfg = Release|Any CPU
		{AD101432-1950-4F01-825A-7D108B30DA35}.Release|Any CPU.Build.0 = Release|Any CPU
		{AD101432-1950-4F01-825A-7D108B30DA35}.Release|ARM.ActiveCfg = Release|Any CPU
		{AD101432-1950-4F01-825A-7D108B30DA35}.Release|x64.ActiveCfg = Release|Any CPU
		{AD101432-1950-4F01-825A-7D108B30DA35}.Release|x86.ActiveCfg = Release|Any CPU
		{50F8A9BC-CA87-48D0-BA18-32DF5F50A97A}.Debug|Any CPU.ActiveCfg = Debug|Any CPU
		{50F8A9BC-CA87-48D0-BA18-32DF5F50A97A}.Debug|Any CPU.Build.0 = Debug|Any CPU
		{50F8A9BC-CA87-48D0-BA18-32DF5F50A97A}.Debug|ARM.ActiveCfg = Debug|Any CPU
		{50F8A9BC-CA87-48D0-BA18-32DF5F50A97A}.Debug|x64.ActiveCfg = Debug|Any CPU
		{50F8A9BC-CA87-48D0-BA18-32DF5F50A97A}.Debug|x86.ActiveCfg = Debug|Any CPU
		{50F8A9BC-CA87-48D0-BA18-32DF5F50A97A}.Release|Any CPU.ActiveCfg = Release|Any CPU
		{50F8A9BC-CA87-48D0-BA18-32DF5F50A97A}.Release|Any CPU.Build.0 = Release|Any CPU
		{50F8A9BC-CA87-48D0-BA18-32DF5F50A97A}.Release|ARM.ActiveCfg = Release|Any CPU
		{50F8A9BC-CA87-48D0-BA18-32DF5F50A97A}.Release|x64.ActiveCfg = Release|Any CPU
		{50F8A9BC-CA87-48D0-BA18-32DF5F50A97A}.Release|x86.ActiveCfg = Release|Any CPU
		{0765606F-88B9-4682-80D3-64E612ADCB81}.Debug|Any CPU.ActiveCfg = Debug|Any CPU
		{0765606F-88B9-4682-80D3-64E612ADCB81}.Debug|Any CPU.Build.0 = Debug|Any CPU
		{0765606F-88B9-4682-80D3-64E612ADCB81}.Debug|ARM.ActiveCfg = Debug|Any CPU
		{0765606F-88B9-4682-80D3-64E612ADCB81}.Debug|x64.ActiveCfg = Debug|Any CPU
		{0765606F-88B9-4682-80D3-64E612ADCB81}.Debug|x86.ActiveCfg = Debug|Any CPU
		{0765606F-88B9-4682-80D3-64E612ADCB81}.Release|Any CPU.ActiveCfg = Release|Any CPU
		{0765606F-88B9-4682-80D3-64E612ADCB81}.Release|Any CPU.Build.0 = Release|Any CPU
		{0765606F-88B9-4682-80D3-64E612ADCB81}.Release|ARM.ActiveCfg = Release|Any CPU
		{0765606F-88B9-4682-80D3-64E612ADCB81}.Release|x64.ActiveCfg = Release|Any CPU
		{0765606F-88B9-4682-80D3-64E612ADCB81}.Release|x86.ActiveCfg = Release|Any CPU
		{F60EC4EC-B969-4E8E-8E15-374BFACF99CF}.Debug|Any CPU.ActiveCfg = Debug|Any CPU
		{F60EC4EC-B969-4E8E-8E15-374BFACF99CF}.Debug|Any CPU.Build.0 = Debug|Any CPU
		{F60EC4EC-B969-4E8E-8E15-374BFACF99CF}.Debug|ARM.ActiveCfg = Debug|Any CPU
		{F60EC4EC-B969-4E8E-8E15-374BFACF99CF}.Debug|x64.ActiveCfg = Debug|Any CPU
		{F60EC4EC-B969-4E8E-8E15-374BFACF99CF}.Debug|x86.ActiveCfg = Debug|Any CPU
		{F60EC4EC-B969-4E8E-8E15-374BFACF99CF}.Release|Any CPU.ActiveCfg = Release|Any CPU
		{F60EC4EC-B969-4E8E-8E15-374BFACF99CF}.Release|Any CPU.Build.0 = Release|Any CPU
		{F60EC4EC-B969-4E8E-8E15-374BFACF99CF}.Release|ARM.ActiveCfg = Release|Any CPU
		{F60EC4EC-B969-4E8E-8E15-374BFACF99CF}.Release|x64.ActiveCfg = Release|Any CPU
		{F60EC4EC-B969-4E8E-8E15-374BFACF99CF}.Release|x86.ActiveCfg = Release|Any CPU
		{55341205-ACB8-4E7D-8E39-0629AA8C2C32}.Debug|Any CPU.ActiveCfg = Debug|Any CPU
		{55341205-ACB8-4E7D-8E39-0629AA8C2C32}.Debug|Any CPU.Build.0 = Debug|Any CPU
		{55341205-ACB8-4E7D-8E39-0629AA8C2C32}.Debug|ARM.ActiveCfg = Debug|Any CPU
		{55341205-ACB8-4E7D-8E39-0629AA8C2C32}.Debug|x64.ActiveCfg = Debug|Any CPU
		{55341205-ACB8-4E7D-8E39-0629AA8C2C32}.Debug|x86.ActiveCfg = Debug|Any CPU
		{55341205-ACB8-4E7D-8E39-0629AA8C2C32}.Release|Any CPU.ActiveCfg = Release|Any CPU
		{55341205-ACB8-4E7D-8E39-0629AA8C2C32}.Release|Any CPU.Build.0 = Release|Any CPU
		{55341205-ACB8-4E7D-8E39-0629AA8C2C32}.Release|ARM.ActiveCfg = Release|Any CPU
		{55341205-ACB8-4E7D-8E39-0629AA8C2C32}.Release|x64.ActiveCfg = Release|Any CPU
		{55341205-ACB8-4E7D-8E39-0629AA8C2C32}.Release|x86.ActiveCfg = Release|Any CPU
		{F354D8B6-F293-45ED-AF9B-B746E1232C17}.Debug|Any CPU.ActiveCfg = Debug|Any CPU
		{F354D8B6-F293-45ED-AF9B-B746E1232C17}.Debug|Any CPU.Build.0 = Debug|Any CPU
		{F354D8B6-F293-45ED-AF9B-B746E1232C17}.Debug|ARM.ActiveCfg = Debug|Any CPU
		{F354D8B6-F293-45ED-AF9B-B746E1232C17}.Debug|x64.ActiveCfg = Debug|Any CPU
		{F354D8B6-F293-45ED-AF9B-B746E1232C17}.Debug|x86.ActiveCfg = Debug|Any CPU
		{F354D8B6-F293-45ED-AF9B-B746E1232C17}.Release|Any CPU.ActiveCfg = Release|Any CPU
		{F354D8B6-F293-45ED-AF9B-B746E1232C17}.Release|Any CPU.Build.0 = Release|Any CPU
		{F354D8B6-F293-45ED-AF9B-B746E1232C17}.Release|ARM.ActiveCfg = Release|Any CPU
		{F354D8B6-F293-45ED-AF9B-B746E1232C17}.Release|x64.ActiveCfg = Release|Any CPU
		{F354D8B6-F293-45ED-AF9B-B746E1232C17}.Release|x86.ActiveCfg = Release|Any CPU
		{50AF7833-C345-4F6C-9FB1-36EB176D68E1}.Debug|Any CPU.ActiveCfg = Debug|Any CPU
		{50AF7833-C345-4F6C-9FB1-36EB176D68E1}.Debug|Any CPU.Build.0 = Debug|Any CPU
		{50AF7833-C345-4F6C-9FB1-36EB176D68E1}.Debug|ARM.ActiveCfg = Debug|Any CPU
		{50AF7833-C345-4F6C-9FB1-36EB176D68E1}.Debug|x64.ActiveCfg = Debug|Any CPU
		{50AF7833-C345-4F6C-9FB1-36EB176D68E1}.Debug|x86.ActiveCfg = Debug|Any CPU
		{50AF7833-C345-4F6C-9FB1-36EB176D68E1}.Release|Any CPU.ActiveCfg = Release|Any CPU
		{50AF7833-C345-4F6C-9FB1-36EB176D68E1}.Release|Any CPU.Build.0 = Release|Any CPU
		{50AF7833-C345-4F6C-9FB1-36EB176D68E1}.Release|ARM.ActiveCfg = Release|Any CPU
		{50AF7833-C345-4F6C-9FB1-36EB176D68E1}.Release|x64.ActiveCfg = Release|Any CPU
		{50AF7833-C345-4F6C-9FB1-36EB176D68E1}.Release|x86.ActiveCfg = Release|Any CPU
		{868FFFF9-365D-4F74-881D-68577D8D2BB0}.Debug|Any CPU.ActiveCfg = Debug|Any CPU
		{868FFFF9-365D-4F74-881D-68577D8D2BB0}.Debug|Any CPU.Build.0 = Debug|Any CPU
		{868FFFF9-365D-4F74-881D-68577D8D2BB0}.Debug|ARM.ActiveCfg = Debug|Any CPU
		{868FFFF9-365D-4F74-881D-68577D8D2BB0}.Debug|ARM.Build.0 = Debug|Any CPU
		{868FFFF9-365D-4F74-881D-68577D8D2BB0}.Debug|x64.ActiveCfg = Debug|Any CPU
		{868FFFF9-365D-4F74-881D-68577D8D2BB0}.Debug|x64.Build.0 = Debug|Any CPU
		{868FFFF9-365D-4F74-881D-68577D8D2BB0}.Debug|x86.ActiveCfg = Debug|Any CPU
		{868FFFF9-365D-4F74-881D-68577D8D2BB0}.Debug|x86.Build.0 = Debug|Any CPU
		{868FFFF9-365D-4F74-881D-68577D8D2BB0}.Release|Any CPU.ActiveCfg = Release|Any CPU
		{868FFFF9-365D-4F74-881D-68577D8D2BB0}.Release|Any CPU.Build.0 = Release|Any CPU
		{868FFFF9-365D-4F74-881D-68577D8D2BB0}.Release|ARM.ActiveCfg = Release|Any CPU
		{868FFFF9-365D-4F74-881D-68577D8D2BB0}.Release|ARM.Build.0 = Release|Any CPU
		{868FFFF9-365D-4F74-881D-68577D8D2BB0}.Release|x64.ActiveCfg = Release|Any CPU
		{868FFFF9-365D-4F74-881D-68577D8D2BB0}.Release|x64.Build.0 = Release|Any CPU
		{868FFFF9-365D-4F74-881D-68577D8D2BB0}.Release|x86.ActiveCfg = Release|Any CPU
		{868FFFF9-365D-4F74-881D-68577D8D2BB0}.Release|x86.Build.0 = Release|Any CPU
		{D490BE59-2AC5-4816-AF5F-1BF89F46D680}.Debug|Any CPU.ActiveCfg = Debug|Any CPU
		{D490BE59-2AC5-4816-AF5F-1BF89F46D680}.Debug|Any CPU.Build.0 = Debug|Any CPU
		{D490BE59-2AC5-4816-AF5F-1BF89F46D680}.Debug|ARM.ActiveCfg = Debug|Any CPU
		{D490BE59-2AC5-4816-AF5F-1BF89F46D680}.Debug|ARM.Build.0 = Debug|Any CPU
		{D490BE59-2AC5-4816-AF5F-1BF89F46D680}.Debug|x64.ActiveCfg = Debug|Any CPU
		{D490BE59-2AC5-4816-AF5F-1BF89F46D680}.Debug|x64.Build.0 = Debug|Any CPU
		{D490BE59-2AC5-4816-AF5F-1BF89F46D680}.Debug|x86.ActiveCfg = Debug|Any CPU
		{D490BE59-2AC5-4816-AF5F-1BF89F46D680}.Debug|x86.Build.0 = Debug|Any CPU
		{D490BE59-2AC5-4816-AF5F-1BF89F46D680}.Release|Any CPU.ActiveCfg = Release|Any CPU
		{D490BE59-2AC5-4816-AF5F-1BF89F46D680}.Release|Any CPU.Build.0 = Release|Any CPU
		{D490BE59-2AC5-4816-AF5F-1BF89F46D680}.Release|ARM.ActiveCfg = Release|Any CPU
		{D490BE59-2AC5-4816-AF5F-1BF89F46D680}.Release|ARM.Build.0 = Release|Any CPU
		{D490BE59-2AC5-4816-AF5F-1BF89F46D680}.Release|x64.ActiveCfg = Release|Any CPU
		{D490BE59-2AC5-4816-AF5F-1BF89F46D680}.Release|x64.Build.0 = Release|Any CPU
		{D490BE59-2AC5-4816-AF5F-1BF89F46D680}.Release|x86.ActiveCfg = Release|Any CPU
		{D490BE59-2AC5-4816-AF5F-1BF89F46D680}.Release|x86.Build.0 = Release|Any CPU
		{80B716DA-2C58-4F77-8AC4-2F0180D44A39}.Debug|Any CPU.ActiveCfg = Debug|Any CPU
		{80B716DA-2C58-4F77-8AC4-2F0180D44A39}.Debug|Any CPU.Build.0 = Debug|Any CPU
		{80B716DA-2C58-4F77-8AC4-2F0180D44A39}.Debug|ARM.ActiveCfg = Debug|Any CPU
		{80B716DA-2C58-4F77-8AC4-2F0180D44A39}.Debug|ARM.Build.0 = Debug|Any CPU
		{80B716DA-2C58-4F77-8AC4-2F0180D44A39}.Debug|x64.ActiveCfg = Debug|Any CPU
		{80B716DA-2C58-4F77-8AC4-2F0180D44A39}.Debug|x64.Build.0 = Debug|Any CPU
		{80B716DA-2C58-4F77-8AC4-2F0180D44A39}.Debug|x86.ActiveCfg = Debug|Any CPU
		{80B716DA-2C58-4F77-8AC4-2F0180D44A39}.Debug|x86.Build.0 = Debug|Any CPU
		{80B716DA-2C58-4F77-8AC4-2F0180D44A39}.Release|Any CPU.ActiveCfg = Release|Any CPU
		{80B716DA-2C58-4F77-8AC4-2F0180D44A39}.Release|Any CPU.Build.0 = Release|Any CPU
		{80B716DA-2C58-4F77-8AC4-2F0180D44A39}.Release|ARM.ActiveCfg = Release|Any CPU
		{80B716DA-2C58-4F77-8AC4-2F0180D44A39}.Release|ARM.Build.0 = Release|Any CPU
		{80B716DA-2C58-4F77-8AC4-2F0180D44A39}.Release|x64.ActiveCfg = Release|Any CPU
		{80B716DA-2C58-4F77-8AC4-2F0180D44A39}.Release|x64.Build.0 = Release|Any CPU
		{80B716DA-2C58-4F77-8AC4-2F0180D44A39}.Release|x86.ActiveCfg = Release|Any CPU
		{80B716DA-2C58-4F77-8AC4-2F0180D44A39}.Release|x86.Build.0 = Release|Any CPU
		{ED951C8A-9CD9-40B8-989F-E231A38EAF90}.Debug|Any CPU.ActiveCfg = Debug|Any CPU
		{ED951C8A-9CD9-40B8-989F-E231A38EAF90}.Debug|Any CPU.Build.0 = Debug|Any CPU
		{ED951C8A-9CD9-40B8-989F-E231A38EAF90}.Debug|ARM.ActiveCfg = Debug|Any CPU
		{ED951C8A-9CD9-40B8-989F-E231A38EAF90}.Debug|ARM.Build.0 = Debug|Any CPU
		{ED951C8A-9CD9-40B8-989F-E231A38EAF90}.Debug|x64.ActiveCfg = Debug|Any CPU
		{ED951C8A-9CD9-40B8-989F-E231A38EAF90}.Debug|x64.Build.0 = Debug|Any CPU
		{ED951C8A-9CD9-40B8-989F-E231A38EAF90}.Debug|x86.ActiveCfg = Debug|Any CPU
		{ED951C8A-9CD9-40B8-989F-E231A38EAF90}.Debug|x86.Build.0 = Debug|Any CPU
		{ED951C8A-9CD9-40B8-989F-E231A38EAF90}.Release|Any CPU.ActiveCfg = Release|Any CPU
		{ED951C8A-9CD9-40B8-989F-E231A38EAF90}.Release|Any CPU.Build.0 = Release|Any CPU
		{ED951C8A-9CD9-40B8-989F-E231A38EAF90}.Release|ARM.ActiveCfg = Release|Any CPU
		{ED951C8A-9CD9-40B8-989F-E231A38EAF90}.Release|ARM.Build.0 = Release|Any CPU
		{ED951C8A-9CD9-40B8-989F-E231A38EAF90}.Release|x64.ActiveCfg = Release|Any CPU
		{ED951C8A-9CD9-40B8-989F-E231A38EAF90}.Release|x64.Build.0 = Release|Any CPU
		{ED951C8A-9CD9-40B8-989F-E231A38EAF90}.Release|x86.ActiveCfg = Release|Any CPU
		{ED951C8A-9CD9-40B8-989F-E231A38EAF90}.Release|x86.Build.0 = Release|Any CPU
		{38BDABA1-D402-45B7-ADEC-E36DC7D2E327}.Debug|Any CPU.ActiveCfg = Debug|Any CPU
		{38BDABA1-D402-45B7-ADEC-E36DC7D2E327}.Debug|Any CPU.Build.0 = Debug|Any CPU
		{38BDABA1-D402-45B7-ADEC-E36DC7D2E327}.Debug|ARM.ActiveCfg = Debug|Any CPU
		{38BDABA1-D402-45B7-ADEC-E36DC7D2E327}.Debug|ARM.Build.0 = Debug|Any CPU
		{38BDABA1-D402-45B7-ADEC-E36DC7D2E327}.Debug|x64.ActiveCfg = Debug|Any CPU
		{38BDABA1-D402-45B7-ADEC-E36DC7D2E327}.Debug|x64.Build.0 = Debug|Any CPU
		{38BDABA1-D402-45B7-ADEC-E36DC7D2E327}.Debug|x86.ActiveCfg = Debug|Any CPU
		{38BDABA1-D402-45B7-ADEC-E36DC7D2E327}.Debug|x86.Build.0 = Debug|Any CPU
		{38BDABA1-D402-45B7-ADEC-E36DC7D2E327}.Release|Any CPU.ActiveCfg = Release|Any CPU
		{38BDABA1-D402-45B7-ADEC-E36DC7D2E327}.Release|Any CPU.Build.0 = Release|Any CPU
		{38BDABA1-D402-45B7-ADEC-E36DC7D2E327}.Release|ARM.ActiveCfg = Release|Any CPU
		{38BDABA1-D402-45B7-ADEC-E36DC7D2E327}.Release|ARM.Build.0 = Release|Any CPU
		{38BDABA1-D402-45B7-ADEC-E36DC7D2E327}.Release|x64.ActiveCfg = Release|Any CPU
		{38BDABA1-D402-45B7-ADEC-E36DC7D2E327}.Release|x64.Build.0 = Release|Any CPU
		{38BDABA1-D402-45B7-ADEC-E36DC7D2E327}.Release|x86.ActiveCfg = Release|Any CPU
		{38BDABA1-D402-45B7-ADEC-E36DC7D2E327}.Release|x86.Build.0 = Release|Any CPU
		{6697A04B-FCE0-479B-A11D-CACEAC2C56FC}.Debug|Any CPU.ActiveCfg = Debug|Any CPU
		{6697A04B-FCE0-479B-A11D-CACEAC2C56FC}.Debug|Any CPU.Build.0 = Debug|Any CPU
		{6697A04B-FCE0-479B-A11D-CACEAC2C56FC}.Debug|ARM.ActiveCfg = Debug|Any CPU
		{6697A04B-FCE0-479B-A11D-CACEAC2C56FC}.Debug|ARM.Build.0 = Debug|Any CPU
		{6697A04B-FCE0-479B-A11D-CACEAC2C56FC}.Debug|x64.ActiveCfg = Debug|Any CPU
		{6697A04B-FCE0-479B-A11D-CACEAC2C56FC}.Debug|x64.Build.0 = Debug|Any CPU
		{6697A04B-FCE0-479B-A11D-CACEAC2C56FC}.Debug|x86.ActiveCfg = Debug|Any CPU
		{6697A04B-FCE0-479B-A11D-CACEAC2C56FC}.Debug|x86.Build.0 = Debug|Any CPU
		{6697A04B-FCE0-479B-A11D-CACEAC2C56FC}.Release|Any CPU.ActiveCfg = Release|Any CPU
		{6697A04B-FCE0-479B-A11D-CACEAC2C56FC}.Release|Any CPU.Build.0 = Release|Any CPU
		{6697A04B-FCE0-479B-A11D-CACEAC2C56FC}.Release|ARM.ActiveCfg = Release|Any CPU
		{6697A04B-FCE0-479B-A11D-CACEAC2C56FC}.Release|ARM.Build.0 = Release|Any CPU
		{6697A04B-FCE0-479B-A11D-CACEAC2C56FC}.Release|x64.ActiveCfg = Release|Any CPU
		{6697A04B-FCE0-479B-A11D-CACEAC2C56FC}.Release|x64.Build.0 = Release|Any CPU
		{6697A04B-FCE0-479B-A11D-CACEAC2C56FC}.Release|x86.ActiveCfg = Release|Any CPU
		{6697A04B-FCE0-479B-A11D-CACEAC2C56FC}.Release|x86.Build.0 = Release|Any CPU
		{1C28C6A0-23B2-43ED-B62C-C586F2976473}.Debug|Any CPU.ActiveCfg = Debug|Any CPU
		{1C28C6A0-23B2-43ED-B62C-C586F2976473}.Debug|Any CPU.Build.0 = Debug|Any CPU
		{1C28C6A0-23B2-43ED-B62C-C586F2976473}.Debug|ARM.ActiveCfg = Debug|Any CPU
		{1C28C6A0-23B2-43ED-B62C-C586F2976473}.Debug|ARM.Build.0 = Debug|Any CPU
		{1C28C6A0-23B2-43ED-B62C-C586F2976473}.Debug|x64.ActiveCfg = Debug|Any CPU
		{1C28C6A0-23B2-43ED-B62C-C586F2976473}.Debug|x64.Build.0 = Debug|Any CPU
		{1C28C6A0-23B2-43ED-B62C-C586F2976473}.Debug|x86.ActiveCfg = Debug|Any CPU
		{1C28C6A0-23B2-43ED-B62C-C586F2976473}.Debug|x86.Build.0 = Debug|Any CPU
		{1C28C6A0-23B2-43ED-B62C-C586F2976473}.Release|Any CPU.ActiveCfg = Release|Any CPU
		{1C28C6A0-23B2-43ED-B62C-C586F2976473}.Release|Any CPU.Build.0 = Release|Any CPU
		{1C28C6A0-23B2-43ED-B62C-C586F2976473}.Release|ARM.ActiveCfg = Release|Any CPU
		{1C28C6A0-23B2-43ED-B62C-C586F2976473}.Release|ARM.Build.0 = Release|Any CPU
		{1C28C6A0-23B2-43ED-B62C-C586F2976473}.Release|x64.ActiveCfg = Release|Any CPU
		{1C28C6A0-23B2-43ED-B62C-C586F2976473}.Release|x64.Build.0 = Release|Any CPU
		{1C28C6A0-23B2-43ED-B62C-C586F2976473}.Release|x86.ActiveCfg = Release|Any CPU
		{1C28C6A0-23B2-43ED-B62C-C586F2976473}.Release|x86.Build.0 = Release|Any CPU
		{9442B344-FC0D-4A0B-BE0E-D317C72F2A8E}.Debug|Any CPU.ActiveCfg = Debug|Any CPU
		{9442B344-FC0D-4A0B-BE0E-D317C72F2A8E}.Debug|Any CPU.Build.0 = Debug|Any CPU
		{9442B344-FC0D-4A0B-BE0E-D317C72F2A8E}.Debug|ARM.ActiveCfg = Debug|Any CPU
		{9442B344-FC0D-4A0B-BE0E-D317C72F2A8E}.Debug|ARM.Build.0 = Debug|Any CPU
		{9442B344-FC0D-4A0B-BE0E-D317C72F2A8E}.Debug|x64.ActiveCfg = Debug|Any CPU
		{9442B344-FC0D-4A0B-BE0E-D317C72F2A8E}.Debug|x64.Build.0 = Debug|Any CPU
		{9442B344-FC0D-4A0B-BE0E-D317C72F2A8E}.Debug|x86.ActiveCfg = Debug|Any CPU
		{9442B344-FC0D-4A0B-BE0E-D317C72F2A8E}.Debug|x86.Build.0 = Debug|Any CPU
		{9442B344-FC0D-4A0B-BE0E-D317C72F2A8E}.Release|Any CPU.ActiveCfg = Release|Any CPU
		{9442B344-FC0D-4A0B-BE0E-D317C72F2A8E}.Release|Any CPU.Build.0 = Release|Any CPU
		{9442B344-FC0D-4A0B-BE0E-D317C72F2A8E}.Release|ARM.ActiveCfg = Release|Any CPU
		{9442B344-FC0D-4A0B-BE0E-D317C72F2A8E}.Release|ARM.Build.0 = Release|Any CPU
		{9442B344-FC0D-4A0B-BE0E-D317C72F2A8E}.Release|x64.ActiveCfg = Release|Any CPU
		{9442B344-FC0D-4A0B-BE0E-D317C72F2A8E}.Release|x64.Build.0 = Release|Any CPU
		{9442B344-FC0D-4A0B-BE0E-D317C72F2A8E}.Release|x86.ActiveCfg = Release|Any CPU
		{9442B344-FC0D-4A0B-BE0E-D317C72F2A8E}.Release|x86.Build.0 = Release|Any CPU
		{00457CE3-FE08-4AF2-972E-4C2EDD36F38D}.Debug|Any CPU.ActiveCfg = Debug|Any CPU
		{00457CE3-FE08-4AF2-972E-4C2EDD36F38D}.Debug|Any CPU.Build.0 = Debug|Any CPU
		{00457CE3-FE08-4AF2-972E-4C2EDD36F38D}.Debug|ARM.ActiveCfg = Debug|Any CPU
		{00457CE3-FE08-4AF2-972E-4C2EDD36F38D}.Debug|ARM.Build.0 = Debug|Any CPU
		{00457CE3-FE08-4AF2-972E-4C2EDD36F38D}.Debug|x64.ActiveCfg = Debug|Any CPU
		{00457CE3-FE08-4AF2-972E-4C2EDD36F38D}.Debug|x64.Build.0 = Debug|Any CPU
		{00457CE3-FE08-4AF2-972E-4C2EDD36F38D}.Debug|x86.ActiveCfg = Debug|Any CPU
		{00457CE3-FE08-4AF2-972E-4C2EDD36F38D}.Debug|x86.Build.0 = Debug|Any CPU
		{00457CE3-FE08-4AF2-972E-4C2EDD36F38D}.Release|Any CPU.ActiveCfg = Release|Any CPU
		{00457CE3-FE08-4AF2-972E-4C2EDD36F38D}.Release|Any CPU.Build.0 = Release|Any CPU
		{00457CE3-FE08-4AF2-972E-4C2EDD36F38D}.Release|ARM.ActiveCfg = Release|Any CPU
		{00457CE3-FE08-4AF2-972E-4C2EDD36F38D}.Release|ARM.Build.0 = Release|Any CPU
		{00457CE3-FE08-4AF2-972E-4C2EDD36F38D}.Release|x64.ActiveCfg = Release|Any CPU
		{00457CE3-FE08-4AF2-972E-4C2EDD36F38D}.Release|x64.Build.0 = Release|Any CPU
		{00457CE3-FE08-4AF2-972E-4C2EDD36F38D}.Release|x86.ActiveCfg = Release|Any CPU
		{00457CE3-FE08-4AF2-972E-4C2EDD36F38D}.Release|x86.Build.0 = Release|Any CPU
		{6616E666-2C77-401A-B131-6FC8E9146B23}.Debug|Any CPU.ActiveCfg = Debug|Any CPU
		{6616E666-2C77-401A-B131-6FC8E9146B23}.Debug|Any CPU.Build.0 = Debug|Any CPU
		{6616E666-2C77-401A-B131-6FC8E9146B23}.Debug|ARM.ActiveCfg = Debug|Any CPU
		{6616E666-2C77-401A-B131-6FC8E9146B23}.Debug|ARM.Build.0 = Debug|Any CPU
		{6616E666-2C77-401A-B131-6FC8E9146B23}.Debug|x64.ActiveCfg = Debug|Any CPU
		{6616E666-2C77-401A-B131-6FC8E9146B23}.Debug|x64.Build.0 = Debug|Any CPU
		{6616E666-2C77-401A-B131-6FC8E9146B23}.Debug|x86.ActiveCfg = Debug|Any CPU
		{6616E666-2C77-401A-B131-6FC8E9146B23}.Debug|x86.Build.0 = Debug|Any CPU
		{6616E666-2C77-401A-B131-6FC8E9146B23}.Release|Any CPU.ActiveCfg = Release|Any CPU
		{6616E666-2C77-401A-B131-6FC8E9146B23}.Release|Any CPU.Build.0 = Release|Any CPU
		{6616E666-2C77-401A-B131-6FC8E9146B23}.Release|ARM.ActiveCfg = Release|Any CPU
		{6616E666-2C77-401A-B131-6FC8E9146B23}.Release|ARM.Build.0 = Release|Any CPU
		{6616E666-2C77-401A-B131-6FC8E9146B23}.Release|x64.ActiveCfg = Release|Any CPU
		{6616E666-2C77-401A-B131-6FC8E9146B23}.Release|x64.Build.0 = Release|Any CPU
		{6616E666-2C77-401A-B131-6FC8E9146B23}.Release|x86.ActiveCfg = Release|Any CPU
		{6616E666-2C77-401A-B131-6FC8E9146B23}.Release|x86.Build.0 = Release|Any CPU
		{411A61F7-37B3-493F-9C70-4DCF569311B8}.Debug|Any CPU.ActiveCfg = Debug|Any CPU
		{411A61F7-37B3-493F-9C70-4DCF569311B8}.Debug|Any CPU.Build.0 = Debug|Any CPU
		{411A61F7-37B3-493F-9C70-4DCF569311B8}.Debug|ARM.ActiveCfg = Debug|Any CPU
		{411A61F7-37B3-493F-9C70-4DCF569311B8}.Debug|ARM.Build.0 = Debug|Any CPU
		{411A61F7-37B3-493F-9C70-4DCF569311B8}.Debug|x64.ActiveCfg = Debug|Any CPU
		{411A61F7-37B3-493F-9C70-4DCF569311B8}.Debug|x64.Build.0 = Debug|Any CPU
		{411A61F7-37B3-493F-9C70-4DCF569311B8}.Debug|x86.ActiveCfg = Debug|Any CPU
		{411A61F7-37B3-493F-9C70-4DCF569311B8}.Debug|x86.Build.0 = Debug|Any CPU
		{411A61F7-37B3-493F-9C70-4DCF569311B8}.Release|Any CPU.ActiveCfg = Release|Any CPU
		{411A61F7-37B3-493F-9C70-4DCF569311B8}.Release|Any CPU.Build.0 = Release|Any CPU
		{411A61F7-37B3-493F-9C70-4DCF569311B8}.Release|ARM.ActiveCfg = Release|Any CPU
		{411A61F7-37B3-493F-9C70-4DCF569311B8}.Release|ARM.Build.0 = Release|Any CPU
		{411A61F7-37B3-493F-9C70-4DCF569311B8}.Release|x64.ActiveCfg = Release|Any CPU
		{411A61F7-37B3-493F-9C70-4DCF569311B8}.Release|x64.Build.0 = Release|Any CPU
		{411A61F7-37B3-493F-9C70-4DCF569311B8}.Release|x86.ActiveCfg = Release|Any CPU
		{411A61F7-37B3-493F-9C70-4DCF569311B8}.Release|x86.Build.0 = Release|Any CPU
		{25B95F36-5B87-4ACD-86EC-015F32D8EAF3}.Debug|Any CPU.ActiveCfg = Debug|Any CPU
		{25B95F36-5B87-4ACD-86EC-015F32D8EAF3}.Debug|Any CPU.Build.0 = Debug|Any CPU
		{25B95F36-5B87-4ACD-86EC-015F32D8EAF3}.Debug|ARM.ActiveCfg = Debug|Any CPU
		{25B95F36-5B87-4ACD-86EC-015F32D8EAF3}.Debug|ARM.Build.0 = Debug|Any CPU
		{25B95F36-5B87-4ACD-86EC-015F32D8EAF3}.Debug|x64.ActiveCfg = Debug|Any CPU
		{25B95F36-5B87-4ACD-86EC-015F32D8EAF3}.Debug|x64.Build.0 = Debug|Any CPU
		{25B95F36-5B87-4ACD-86EC-015F32D8EAF3}.Debug|x86.ActiveCfg = Debug|Any CPU
		{25B95F36-5B87-4ACD-86EC-015F32D8EAF3}.Debug|x86.Build.0 = Debug|Any CPU
		{25B95F36-5B87-4ACD-86EC-015F32D8EAF3}.Release|Any CPU.ActiveCfg = Release|Any CPU
		{25B95F36-5B87-4ACD-86EC-015F32D8EAF3}.Release|Any CPU.Build.0 = Release|Any CPU
		{25B95F36-5B87-4ACD-86EC-015F32D8EAF3}.Release|ARM.ActiveCfg = Release|Any CPU
		{25B95F36-5B87-4ACD-86EC-015F32D8EAF3}.Release|ARM.Build.0 = Release|Any CPU
		{25B95F36-5B87-4ACD-86EC-015F32D8EAF3}.Release|x64.ActiveCfg = Release|Any CPU
		{25B95F36-5B87-4ACD-86EC-015F32D8EAF3}.Release|x64.Build.0 = Release|Any CPU
		{25B95F36-5B87-4ACD-86EC-015F32D8EAF3}.Release|x86.ActiveCfg = Release|Any CPU
		{25B95F36-5B87-4ACD-86EC-015F32D8EAF3}.Release|x86.Build.0 = Release|Any CPU
		{C1D52195-641B-4DC8-A0F9-364715A3B34A}.Debug|Any CPU.ActiveCfg = Debug|Any CPU
		{C1D52195-641B-4DC8-A0F9-364715A3B34A}.Debug|Any CPU.Build.0 = Debug|Any CPU
		{C1D52195-641B-4DC8-A0F9-364715A3B34A}.Debug|ARM.ActiveCfg = Debug|Any CPU
		{C1D52195-641B-4DC8-A0F9-364715A3B34A}.Debug|ARM.Build.0 = Debug|Any CPU
		{C1D52195-641B-4DC8-A0F9-364715A3B34A}.Debug|x64.ActiveCfg = Debug|Any CPU
		{C1D52195-641B-4DC8-A0F9-364715A3B34A}.Debug|x64.Build.0 = Debug|Any CPU
		{C1D52195-641B-4DC8-A0F9-364715A3B34A}.Debug|x86.ActiveCfg = Debug|Any CPU
		{C1D52195-641B-4DC8-A0F9-364715A3B34A}.Debug|x86.Build.0 = Debug|Any CPU
		{C1D52195-641B-4DC8-A0F9-364715A3B34A}.Release|Any CPU.ActiveCfg = Release|Any CPU
		{C1D52195-641B-4DC8-A0F9-364715A3B34A}.Release|Any CPU.Build.0 = Release|Any CPU
		{C1D52195-641B-4DC8-A0F9-364715A3B34A}.Release|ARM.ActiveCfg = Release|Any CPU
		{C1D52195-641B-4DC8-A0F9-364715A3B34A}.Release|ARM.Build.0 = Release|Any CPU
		{C1D52195-641B-4DC8-A0F9-364715A3B34A}.Release|x64.ActiveCfg = Release|Any CPU
		{C1D52195-641B-4DC8-A0F9-364715A3B34A}.Release|x64.Build.0 = Release|Any CPU
		{C1D52195-641B-4DC8-A0F9-364715A3B34A}.Release|x86.ActiveCfg = Release|Any CPU
		{C1D52195-641B-4DC8-A0F9-364715A3B34A}.Release|x86.Build.0 = Release|Any CPU
	EndGlobalSection
	GlobalSection(SolutionProperties) = preSolution
		HideSolutionNode = FALSE
	EndGlobalSection
	GlobalSection(NestedProjects) = preSolution
		{CFDFCEA2-BAFB-455E-BEF4-40343DE968CF} = {B70211DF-4DB4-4D29-842C-1CE527BD1EFC}
		{7E6D5FC5-4ED0-433C-A92C-D4A0C0146CCB} = {B70211DF-4DB4-4D29-842C-1CE527BD1EFC}
		{893A7FD4-62E6-4F7A-8FF9-EA502ADA88FA} = {559DC157-DDC9-44BA-B25D-0A18E286D1CC}
		{19495A45-67A8-460D-806C-CF158B96BBE9} = {C3406DF1-E92C-4100-BEF9-B49F616E77C5}
		{19727F77-249A-4AC9-859C-8441E5BD41C4} = {C3406DF1-E92C-4100-BEF9-B49F616E77C5}
		{51E43E76-A342-42D3-A8AD-ABC45CEBD9C5} = {C3406DF1-E92C-4100-BEF9-B49F616E77C5}
		{80D861DB-FC7B-4DF7-8D87-750EEFC82B46} = {559DC157-DDC9-44BA-B25D-0A18E286D1CC}
		{42AB07F9-CEB2-4A5B-A8FC-B7A85AD4DFD3} = {B9ACA570-A4AC-4AC9-95E2-A95BCEDBD866}
		{AD101432-1950-4F01-825A-7D108B30DA35} = {C3406DF1-E92C-4100-BEF9-B49F616E77C5}
		{50F8A9BC-CA87-48D0-BA18-32DF5F50A97A} = {559DC157-DDC9-44BA-B25D-0A18E286D1CC}
		{0765606F-88B9-4682-80D3-64E612ADCB81} = {559DC157-DDC9-44BA-B25D-0A18E286D1CC}
		{F60EC4EC-B969-4E8E-8E15-374BFACF99CF} = {B9ACA570-A4AC-4AC9-95E2-A95BCEDBD866}
		{55341205-ACB8-4E7D-8E39-0629AA8C2C32} = {B9ACA570-A4AC-4AC9-95E2-A95BCEDBD866}
		{F354D8B6-F293-45ED-AF9B-B746E1232C17} = {559DC157-DDC9-44BA-B25D-0A18E286D1CC}
		{50AF7833-C345-4F6C-9FB1-36EB176D68E1} = {C3406DF1-E92C-4100-BEF9-B49F616E77C5}
		{868FFFF9-365D-4F74-881D-68577D8D2BB0} = {C3406DF1-E92C-4100-BEF9-B49F616E77C5}
		{D490BE59-2AC5-4816-AF5F-1BF89F46D680} = {B9ACA570-A4AC-4AC9-95E2-A95BCEDBD866}
		{80B716DA-2C58-4F77-8AC4-2F0180D44A39} = {B9ACA570-A4AC-4AC9-95E2-A95BCEDBD866}
		{ED951C8A-9CD9-40B8-989F-E231A38EAF90} = {559DC157-DDC9-44BA-B25D-0A18E286D1CC}
		{1C28C6A0-23B2-43ED-B62C-C586F2976473} = {B9ACA570-A4AC-4AC9-95E2-A95BCEDBD866}
		{9442B344-FC0D-4A0B-BE0E-D317C72F2A8E} = {C3406DF1-E92C-4100-BEF9-B49F616E77C5}
		{00457CE3-FE08-4AF2-972E-4C2EDD36F38D} = {C3406DF1-E92C-4100-BEF9-B49F616E77C5}
		{6616E666-2C77-401A-B131-6FC8E9146B23} = {C3406DF1-E92C-4100-BEF9-B49F616E77C5}
		{411A61F7-37B3-493F-9C70-4DCF569311B8} = {559DC157-DDC9-44BA-B25D-0A18E286D1CC}
		{25B95F36-5B87-4ACD-86EC-015F32D8EAF3} = {559DC157-DDC9-44BA-B25D-0A18E286D1CC}
		{38BDABA1-D402-45B7-ADEC-E36DC7D2E327} = {6CE6544E-C1DC-4EA2-BDEB-97C7E71A5C35}
		{6697A04B-FCE0-479B-A11D-CACEAC2C56FC} = {6CE6544E-C1DC-4EA2-BDEB-97C7E71A5C35}
		{C1D52195-641B-4DC8-A0F9-364715A3B34A} = {6CE6544E-C1DC-4EA2-BDEB-97C7E71A5C35}
	EndGlobalSection
	GlobalSection(ExtensibilityGlobals) = postSolution
		SolutionGuid = {2EE63A79-DD96-484C-9FBF-348067F95F0F}
	EndGlobalSection
	GlobalSection(TestCaseManagementSettings) = postSolution
		CategoryFile = SrkToolkit.vsmdi
	EndGlobalSection
EndGlobal
